
Microsoft Visual Studio Solution File, Format Version 12.00
# Visual Studio 14
VisualStudioVersion = 14.0.23107.0
MinimumVisualStudioVersion = 10.0.40219.1
Project("{FAE04EC0-301F-11D3-BF4B-00C04F79EFBC}") = "igform", "..\iglib\igforms\igform.csproj", "{50235FC8-A69D-47AE-A557-6518B35CC7C9}"
EndProject
Project("{FAE04EC0-301F-11D3-BF4B-00C04F79EFBC}") = "ReporterMsg", "..\iglib\reportermsg\ReporterMsg\ReporterMsg.csproj", "{AC130D8D-D656-4EA6-A940-3C261F589ACE}"
EndProject
Project("{FAE04EC0-301F-11D3-BF4B-00C04F79EFBC}") = "ReporterMsg_Example_Config", "..\iglib\reportermsg\Additional\ReporterMsg_Example_Config\ReporterMsg_Example_Config.csproj", "{80C26312-7BDA-40FD-8CB1-3546C2CA4B0F}"
EndProject
Project("{FAE04EC0-301F-11D3-BF4B-00C04F79EFBC}") = "ReportMsg_Examples", "..\iglib\reportermsg\Additional\ReportMsg_Examples\ReportMsg_Examples.csproj", "{77A1F665-FA61-4B53-A610-0C7B6C778204}"
EndProject
Project("{FAE04EC0-301F-11D3-BF4B-00C04F79EFBC}") = "ReporterMsg_Forms", "..\iglib\reportermsg\ReporterMsg_Forms\ReporterMsg_Forms.csproj", "{BD0BC991-E9E5-419E-9172-3B0C00210018}"
EndProject
Project("{FAE04EC0-301F-11D3-BF4B-00C04F79EFBC}") = "igplot2d", "..\iglib\extensions\igplot2d\plot2d\igplot2d.csproj", "{C9A09DBC-B304-42DF-9CEE-6BA0E856ABC2}"
EndProject
Project("{FAE04EC0-301F-11D3-BF4B-00C04F79EFBC}") = "igplot3d", "..\iglib\extensions\igplot3d\plot3d\igplot3d.csproj", "{8BBF5C58-2562-4E9B-ACB8-3F3A3B031F62}"
EndProject
Project("{FAE04EC0-301F-11D3-BF4B-00C04F79EFBC}") = "iglib_ext", "..\iglib\extensions\iglibext\iglib_ext.csproj", "{4E4B240A-6994-4747-BB6C-0CC0D2578D04}"
EndProject
Project("{FAE04EC0-301F-11D3-BF4B-00C04F79EFBC}") = "iglib_base", "..\iglib\igbase\iglib_base.csproj", "{0AB31A6E-E0DE-4F4E-8D0E-7AD60AE65E26}"
EndProject
Project("{FAE04EC0-301F-11D3-BF4B-00C04F79EFBC}") = "Guest_IGShell", "..\shelldev\0guests\ferdo\Guest_IGShell\Guest_IGShell.csproj", "{39E26C5F-2F65-4754-A85D-6159D0940427}"
EndProject
Project("{2150E333-8FDC-42A3-9474-1A3956D46DE8}") = "ExternalLibraries", "ExternalLibraries", "{979592F7-9C7C-4C7C-8997-99FBE1C6BFF8}"
EndProject
Project("{FAE04EC0-301F-11D3-BF4B-00C04F79EFBC}") = "ZedGraph", "..\iglib\external\zedGraph\lib_5.1.2\ZedGraph 5.1\source\ZedGraph.csproj", "{2541686B-1673-43BF-AF89-3163945DB009}"
EndProject
Project("{FAE04EC0-301F-11D3-BF4B-00C04F79EFBC}") = "NPlot", "..\iglib\external\nplot\NPlot.csproj", "{E6867FF5-74EC-4464-8958-D71CB46232F3}"
EndProject
Project("{FAE04EC0-301F-11D3-BF4B-00C04F79EFBC}") = "Jint", "..\iglib\external\jint\Jint\Jint.csproj", "{678738DA-F723-4920-B9E5-CAD667104BDA}"
EndProject
Project("{2150E333-8FDC-42A3-9474-1A3956D46DE8}") = "Solution Items", "Solution Items", "{EEB46124-068A-4931-BBEC-A45E8A5AA3E6}"
	ProjectSection(SolutionItems) = preProject
		..\iglib\0readme_solution_iglib.txt = ..\iglib\0readme_solution_iglib.txt
	EndProjectSection
EndProject
Global
	GlobalSection(SolutionConfigurationPlatforms) = preSolution
		ajgor|Any CPU = ajgor|Any CPU
		ajgor|Mixed Platforms = ajgor|Mixed Platforms
		ajgor|x86 = ajgor|x86
		Debug|Any CPU = Debug|Any CPU
		Debug|Mixed Platforms = Debug|Mixed Platforms
		Debug|x86 = Debug|x86
		Release|Any CPU = Release|Any CPU
		Release|Mixed Platforms = Release|Mixed Platforms
		Release|x86 = Release|x86
		Release-Signed|Any CPU = Release-Signed|Any CPU
		Release-Signed|Mixed Platforms = Release-Signed|Mixed Platforms
		Release-Signed|x86 = Release-Signed|x86
	EndGlobalSection
	GlobalSection(ProjectConfigurationPlatforms) = postSolution
		{50235FC8-A69D-47AE-A557-6518B35CC7C9}.ajgor|Any CPU.ActiveCfg = Release|Any CPU
		{50235FC8-A69D-47AE-A557-6518B35CC7C9}.ajgor|Any CPU.Build.0 = Release|Any CPU
		{50235FC8-A69D-47AE-A557-6518B35CC7C9}.ajgor|Mixed Platforms.ActiveCfg = Release|Any CPU
		{50235FC8-A69D-47AE-A557-6518B35CC7C9}.ajgor|Mixed Platforms.Build.0 = Release|Any CPU
		{50235FC8-A69D-47AE-A557-6518B35CC7C9}.ajgor|x86.ActiveCfg = Release|Any CPU
		{50235FC8-A69D-47AE-A557-6518B35CC7C9}.Debug|Any CPU.ActiveCfg = Debug|Any CPU
		{50235FC8-A69D-47AE-A557-6518B35CC7C9}.Debug|Any CPU.Build.0 = Debug|Any CPU
		{50235FC8-A69D-47AE-A557-6518B35CC7C9}.Debug|Mixed Platforms.ActiveCfg = Debug|Any CPU
		{50235FC8-A69D-47AE-A557-6518B35CC7C9}.Debug|Mixed Platforms.Build.0 = Debug|Any CPU
		{50235FC8-A69D-47AE-A557-6518B35CC7C9}.Debug|x86.ActiveCfg = Debug|Any CPU
		{50235FC8-A69D-47AE-A557-6518B35CC7C9}.Release|Any CPU.ActiveCfg = Release|Any CPU
		{50235FC8-A69D-47AE-A557-6518B35CC7C9}.Release|Any CPU.Build.0 = Release|Any CPU
		{50235FC8-A69D-47AE-A557-6518B35CC7C9}.Release|Mixed Platforms.ActiveCfg = Release|Any CPU
		{50235FC8-A69D-47AE-A557-6518B35CC7C9}.Release|Mixed Platforms.Build.0 = Release|Any CPU
		{50235FC8-A69D-47AE-A557-6518B35CC7C9}.Release|x86.ActiveCfg = Release|Any CPU
		{50235FC8-A69D-47AE-A557-6518B35CC7C9}.Release-Signed|Any CPU.ActiveCfg = Release|Any CPU
		{50235FC8-A69D-47AE-A557-6518B35CC7C9}.Release-Signed|Any CPU.Build.0 = Release|Any CPU
		{50235FC8-A69D-47AE-A557-6518B35CC7C9}.Release-Signed|Mixed Platforms.ActiveCfg = Release|Any CPU
		{50235FC8-A69D-47AE-A557-6518B35CC7C9}.Release-Signed|Mixed Platforms.Build.0 = Release|Any CPU
		{50235FC8-A69D-47AE-A557-6518B35CC7C9}.Release-Signed|x86.ActiveCfg = Release|Any CPU
		{AC130D8D-D656-4EA6-A940-3C261F589ACE}.ajgor|Any CPU.ActiveCfg = Release|Any CPU
		{AC130D8D-D656-4EA6-A940-3C261F589ACE}.ajgor|Any CPU.Build.0 = Release|Any CPU
		{AC130D8D-D656-4EA6-A940-3C261F589ACE}.ajgor|Mixed Platforms.ActiveCfg = Release|Any CPU
		{AC130D8D-D656-4EA6-A940-3C261F589ACE}.ajgor|Mixed Platforms.Build.0 = Release|Any CPU
		{AC130D8D-D656-4EA6-A940-3C261F589ACE}.ajgor|x86.ActiveCfg = Release|Any CPU
		{AC130D8D-D656-4EA6-A940-3C261F589ACE}.Debug|Any CPU.ActiveCfg = Debug|Any CPU
		{AC130D8D-D656-4EA6-A940-3C261F589ACE}.Debug|Any CPU.Build.0 = Debug|Any CPU
		{AC130D8D-D656-4EA6-A940-3C261F589ACE}.Debug|Mixed Platforms.ActiveCfg = Debug|Any CPU
		{AC130D8D-D656-4EA6-A940-3C261F589ACE}.Debug|Mixed Platforms.Build.0 = Debug|Any CPU
		{AC130D8D-D656-4EA6-A940-3C261F589ACE}.Debug|x86.ActiveCfg = Debug|Any CPU
		{AC130D8D-D656-4EA6-A940-3C261F589ACE}.Release|Any CPU.ActiveCfg = Release|Any CPU
		{AC130D8D-D656-4EA6-A940-3C261F589ACE}.Release|Any CPU.Build.0 = Release|Any CPU
		{AC130D8D-D656-4EA6-A940-3C261F589ACE}.Release|Mixed Platforms.ActiveCfg = Release|Any CPU
		{AC130D8D-D656-4EA6-A940-3C261F589ACE}.Release|Mixed Platforms.Build.0 = Release|Any CPU
		{AC130D8D-D656-4EA6-A940-3C261F589ACE}.Release|x86.ActiveCfg = Release|Any CPU
		{AC130D8D-D656-4EA6-A940-3C261F589ACE}.Release-Signed|Any CPU.ActiveCfg = Release|Any CPU
		{AC130D8D-D656-4EA6-A940-3C261F589ACE}.Release-Signed|Any CPU.Build.0 = Release|Any CPU
		{AC130D8D-D656-4EA6-A940-3C261F589ACE}.Release-Signed|Mixed Platforms.ActiveCfg = Release|Any CPU
		{AC130D8D-D656-4EA6-A940-3C261F589ACE}.Release-Signed|Mixed Platforms.Build.0 = Release|Any CPU
		{AC130D8D-D656-4EA6-A940-3C261F589ACE}.Release-Signed|x86.ActiveCfg = Release|Any CPU
		{80C26312-7BDA-40FD-8CB1-3546C2CA4B0F}.ajgor|Any CPU.ActiveCfg = Release|Any CPU
		{80C26312-7BDA-40FD-8CB1-3546C2CA4B0F}.ajgor|Any CPU.Build.0 = Release|Any CPU
		{80C26312-7BDA-40FD-8CB1-3546C2CA4B0F}.ajgor|Mixed Platforms.ActiveCfg = Release|Any CPU
		{80C26312-7BDA-40FD-8CB1-3546C2CA4B0F}.ajgor|Mixed Platforms.Build.0 = Release|Any CPU
		{80C26312-7BDA-40FD-8CB1-3546C2CA4B0F}.ajgor|x86.ActiveCfg = Release|Any CPU
		{80C26312-7BDA-40FD-8CB1-3546C2CA4B0F}.Debug|Any CPU.ActiveCfg = Debug|Any CPU
		{80C26312-7BDA-40FD-8CB1-3546C2CA4B0F}.Debug|Any CPU.Build.0 = Debug|Any CPU
		{80C26312-7BDA-40FD-8CB1-3546C2CA4B0F}.Debug|Mixed Platforms.ActiveCfg = Debug|Any CPU
		{80C26312-7BDA-40FD-8CB1-3546C2CA4B0F}.Debug|Mixed Platforms.Build.0 = Debug|Any CPU
		{80C26312-7BDA-40FD-8CB1-3546C2CA4B0F}.Debug|x86.ActiveCfg = Debug|Any CPU
		{80C26312-7BDA-40FD-8CB1-3546C2CA4B0F}.Release|Any CPU.ActiveCfg = Release|Any CPU
		{80C26312-7BDA-40FD-8CB1-3546C2CA4B0F}.Release|Any CPU.Build.0 = Release|Any CPU
		{80C26312-7BDA-40FD-8CB1-3546C2CA4B0F}.Release|Mixed Platforms.ActiveCfg = Release|Any CPU
		{80C26312-7BDA-40FD-8CB1-3546C2CA4B0F}.Release|Mixed Platforms.Build.0 = Release|Any CPU
		{80C26312-7BDA-40FD-8CB1-3546C2CA4B0F}.Release|x86.ActiveCfg = Release|Any CPU
		{80C26312-7BDA-40FD-8CB1-3546C2CA4B0F}.Release-Signed|Any CPU.ActiveCfg = Release|Any CPU
		{80C26312-7BDA-40FD-8CB1-3546C2CA4B0F}.Release-Signed|Any CPU.Build.0 = Release|Any CPU
		{80C26312-7BDA-40FD-8CB1-3546C2CA4B0F}.Release-Signed|Mixed Platforms.ActiveCfg = Release|Any CPU
		{80C26312-7BDA-40FD-8CB1-3546C2CA4B0F}.Release-Signed|Mixed Platforms.Build.0 = Release|Any CPU
		{80C26312-7BDA-40FD-8CB1-3546C2CA4B0F}.Release-Signed|x86.ActiveCfg = Release|Any CPU
		{77A1F665-FA61-4B53-A610-0C7B6C778204}.ajgor|Any CPU.ActiveCfg = Release|Any CPU
		{77A1F665-FA61-4B53-A610-0C7B6C778204}.ajgor|Any CPU.Build.0 = Release|Any CPU
		{77A1F665-FA61-4B53-A610-0C7B6C778204}.ajgor|Mixed Platforms.ActiveCfg = Release|Any CPU
		{77A1F665-FA61-4B53-A610-0C7B6C778204}.ajgor|Mixed Platforms.Build.0 = Release|Any CPU
		{77A1F665-FA61-4B53-A610-0C7B6C778204}.ajgor|x86.ActiveCfg = Release|Any CPU
		{77A1F665-FA61-4B53-A610-0C7B6C778204}.Debug|Any CPU.ActiveCfg = Debug|Any CPU
		{77A1F665-FA61-4B53-A610-0C7B6C778204}.Debug|Any CPU.Build.0 = Debug|Any CPU
		{77A1F665-FA61-4B53-A610-0C7B6C778204}.Debug|Mixed Platforms.ActiveCfg = Debug|Any CPU
		{77A1F665-FA61-4B53-A610-0C7B6C778204}.Debug|Mixed Platforms.Build.0 = Debug|Any CPU
		{77A1F665-FA61-4B53-A610-0C7B6C778204}.Debug|x86.ActiveCfg = Debug|Any CPU
		{77A1F665-FA61-4B53-A610-0C7B6C778204}.Release|Any CPU.ActiveCfg = Release|Any CPU
		{77A1F665-FA61-4B53-A610-0C7B6C778204}.Release|Any CPU.Build.0 = Release|Any CPU
		{77A1F665-FA61-4B53-A610-0C7B6C778204}.Release|Mixed Platforms.ActiveCfg = Release|Any CPU
		{77A1F665-FA61-4B53-A610-0C7B6C778204}.Release|Mixed Platforms.Build.0 = Release|Any CPU
		{77A1F665-FA61-4B53-A610-0C7B6C778204}.Release|x86.ActiveCfg = Release|Any CPU
		{77A1F665-FA61-4B53-A610-0C7B6C778204}.Release-Signed|Any CPU.ActiveCfg = Release|Any CPU
		{77A1F665-FA61-4B53-A610-0C7B6C778204}.Release-Signed|Any CPU.Build.0 = Release|Any CPU
		{77A1F665-FA61-4B53-A610-0C7B6C778204}.Release-Signed|Mixed Platforms.ActiveCfg = Release|Any CPU
		{77A1F665-FA61-4B53-A610-0C7B6C778204}.Release-Signed|Mixed Platforms.Build.0 = Release|Any CPU
		{77A1F665-FA61-4B53-A610-0C7B6C778204}.Release-Signed|x86.ActiveCfg = Release|Any CPU
		{BD0BC991-E9E5-419E-9172-3B0C00210018}.ajgor|Any CPU.ActiveCfg = Release|Any CPU
		{BD0BC991-E9E5-419E-9172-3B0C00210018}.ajgor|Any CPU.Build.0 = Release|Any CPU
		{BD0BC991-E9E5-419E-9172-3B0C00210018}.ajgor|Mixed Platforms.ActiveCfg = Release|Any CPU
		{BD0BC991-E9E5-419E-9172-3B0C00210018}.ajgor|Mixed Platforms.Build.0 = Release|Any CPU
		{BD0BC991-E9E5-419E-9172-3B0C00210018}.ajgor|x86.ActiveCfg = Release|Any CPU
		{BD0BC991-E9E5-419E-9172-3B0C00210018}.Debug|Any CPU.ActiveCfg = Debug|Any CPU
		{BD0BC991-E9E5-419E-9172-3B0C00210018}.Debug|Any CPU.Build.0 = Debug|Any CPU
		{BD0BC991-E9E5-419E-9172-3B0C00210018}.Debug|Mixed Platforms.ActiveCfg = Debug|Any CPU
		{BD0BC991-E9E5-419E-9172-3B0C00210018}.Debug|Mixed Platforms.Build.0 = Debug|Any CPU
		{BD0BC991-E9E5-419E-9172-3B0C00210018}.Debug|x86.ActiveCfg = Debug|Any CPU
		{BD0BC991-E9E5-419E-9172-3B0C00210018}.Release|Any CPU.ActiveCfg = Release|Any CPU
		{BD0BC991-E9E5-419E-9172-3B0C00210018}.Release|Any CPU.Build.0 = Release|Any CPU
		{BD0BC991-E9E5-419E-9172-3B0C00210018}.Release|Mixed Platforms.ActiveCfg = Release|Any CPU
		{BD0BC991-E9E5-419E-9172-3B0C00210018}.Release|Mixed Platforms.Build.0 = Release|Any CPU
		{BD0BC991-E9E5-419E-9172-3B0C00210018}.Release|x86.ActiveCfg = Release|Any CPU
		{BD0BC991-E9E5-419E-9172-3B0C00210018}.Release-Signed|Any CPU.ActiveCfg = Release|Any CPU
		{BD0BC991-E9E5-419E-9172-3B0C00210018}.Release-Signed|Any CPU.Build.0 = Release|Any CPU
		{BD0BC991-E9E5-419E-9172-3B0C00210018}.Release-Signed|Mixed Platforms.ActiveCfg = Release|Any CPU
		{BD0BC991-E9E5-419E-9172-3B0C00210018}.Release-Signed|Mixed Platforms.Build.0 = Release|Any CPU
		{BD0BC991-E9E5-419E-9172-3B0C00210018}.Release-Signed|x86.ActiveCfg = Release|Any CPU
		{C9A09DBC-B304-42DF-9CEE-6BA0E856ABC2}.ajgor|Any CPU.ActiveCfg = Release|Any CPU
		{C9A09DBC-B304-42DF-9CEE-6BA0E856ABC2}.ajgor|Any CPU.Build.0 = Release|Any CPU
		{C9A09DBC-B304-42DF-9CEE-6BA0E856ABC2}.ajgor|Mixed Platforms.ActiveCfg = Release|Any CPU
		{C9A09DBC-B304-42DF-9CEE-6BA0E856ABC2}.ajgor|Mixed Platforms.Build.0 = Release|Any CPU
		{C9A09DBC-B304-42DF-9CEE-6BA0E856ABC2}.ajgor|x86.ActiveCfg = Release|Any CPU
		{C9A09DBC-B304-42DF-9CEE-6BA0E856ABC2}.Debug|Any CPU.ActiveCfg = Debug|Any CPU
		{C9A09DBC-B304-42DF-9CEE-6BA0E856ABC2}.Debug|Any CPU.Build.0 = Debug|Any CPU
		{C9A09DBC-B304-42DF-9CEE-6BA0E856ABC2}.Debug|Mixed Platforms.ActiveCfg = Debug|Any CPU
		{C9A09DBC-B304-42DF-9CEE-6BA0E856ABC2}.Debug|Mixed Platforms.Build.0 = Debug|Any CPU
		{C9A09DBC-B304-42DF-9CEE-6BA0E856ABC2}.Debug|x86.ActiveCfg = Debug|Any CPU
		{C9A09DBC-B304-42DF-9CEE-6BA0E856ABC2}.Release|Any CPU.ActiveCfg = Release|Any CPU
		{C9A09DBC-B304-42DF-9CEE-6BA0E856ABC2}.Release|Any CPU.Build.0 = Release|Any CPU
		{C9A09DBC-B304-42DF-9CEE-6BA0E856ABC2}.Release|Mixed Platforms.ActiveCfg = Release|Any CPU
		{C9A09DBC-B304-42DF-9CEE-6BA0E856ABC2}.Release|Mixed Platforms.Build.0 = Release|Any CPU
		{C9A09DBC-B304-42DF-9CEE-6BA0E856ABC2}.Release|x86.ActiveCfg = Release|Any CPU
		{C9A09DBC-B304-42DF-9CEE-6BA0E856ABC2}.Release-Signed|Any CPU.ActiveCfg = Release|Any CPU
		{C9A09DBC-B304-42DF-9CEE-6BA0E856ABC2}.Release-Signed|Any CPU.Build.0 = Release|Any CPU
		{C9A09DBC-B304-42DF-9CEE-6BA0E856ABC2}.Release-Signed|Mixed Platforms.ActiveCfg = Release|Any CPU
		{C9A09DBC-B304-42DF-9CEE-6BA0E856ABC2}.Release-Signed|Mixed Platforms.Build.0 = Release|Any CPU
		{C9A09DBC-B304-42DF-9CEE-6BA0E856ABC2}.Release-Signed|x86.ActiveCfg = Release|Any CPU
		{8BBF5C58-2562-4E9B-ACB8-3F3A3B031F62}.ajgor|Any CPU.ActiveCfg = Release|Any CPU
		{8BBF5C58-2562-4E9B-ACB8-3F3A3B031F62}.ajgor|Any CPU.Build.0 = Release|Any CPU
		{8BBF5C58-2562-4E9B-ACB8-3F3A3B031F62}.ajgor|Mixed Platforms.ActiveCfg = Release|Any CPU
		{8BBF5C58-2562-4E9B-ACB8-3F3A3B031F62}.ajgor|Mixed Platforms.Build.0 = Release|Any CPU
		{8BBF5C58-2562-4E9B-ACB8-3F3A3B031F62}.ajgor|x86.ActiveCfg = Release|Any CPU
		{8BBF5C58-2562-4E9B-ACB8-3F3A3B031F62}.Debug|Any CPU.ActiveCfg = Debug|Any CPU
		{8BBF5C58-2562-4E9B-ACB8-3F3A3B031F62}.Debug|Any CPU.Build.0 = Debug|Any CPU
		{8BBF5C58-2562-4E9B-ACB8-3F3A3B031F62}.Debug|Mixed Platforms.ActiveCfg = Debug|Any CPU
		{8BBF5C58-2562-4E9B-ACB8-3F3A3B031F62}.Debug|Mixed Platforms.Build.0 = Debug|Any CPU
		{8BBF5C58-2562-4E9B-ACB8-3F3A3B031F62}.Debug|x86.ActiveCfg = Debug|Any CPU
		{8BBF5C58-2562-4E9B-ACB8-3F3A3B031F62}.Release|Any CPU.ActiveCfg = Release|Any CPU
		{8BBF5C58-2562-4E9B-ACB8-3F3A3B031F62}.Release|Any CPU.Build.0 = Release|Any CPU
		{8BBF5C58-2562-4E9B-ACB8-3F3A3B031F62}.Release|Mixed Platforms.ActiveCfg = Release|Any CPU
		{8BBF5C58-2562-4E9B-ACB8-3F3A3B031F62}.Release|Mixed Platforms.Build.0 = Release|Any CPU
		{8BBF5C58-2562-4E9B-ACB8-3F3A3B031F62}.Release|x86.ActiveCfg = Release|Any CPU
		{8BBF5C58-2562-4E9B-ACB8-3F3A3B031F62}.Release-Signed|Any CPU.ActiveCfg = Release|Any CPU
		{8BBF5C58-2562-4E9B-ACB8-3F3A3B031F62}.Release-Signed|Any CPU.Build.0 = Release|Any CPU
		{8BBF5C58-2562-4E9B-ACB8-3F3A3B031F62}.Release-Signed|Mixed Platforms.ActiveCfg = Release|Any CPU
		{8BBF5C58-2562-4E9B-ACB8-3F3A3B031F62}.Release-Signed|Mixed Platforms.Build.0 = Release|Any CPU
		{8BBF5C58-2562-4E9B-ACB8-3F3A3B031F62}.Release-Signed|x86.ActiveCfg = Release|Any CPU
		{4E4B240A-6994-4747-BB6C-0CC0D2578D04}.ajgor|Any CPU.ActiveCfg = Release|Any CPU
		{4E4B240A-6994-4747-BB6C-0CC0D2578D04}.ajgor|Any CPU.Build.0 = Release|Any CPU
		{4E4B240A-6994-4747-BB6C-0CC0D2578D04}.ajgor|Mixed Platforms.ActiveCfg = Release|Any CPU
		{4E4B240A-6994-4747-BB6C-0CC0D2578D04}.ajgor|Mixed Platforms.Build.0 = Release|Any CPU
		{4E4B240A-6994-4747-BB6C-0CC0D2578D04}.ajgor|x86.ActiveCfg = Release|Any CPU
		{4E4B240A-6994-4747-BB6C-0CC0D2578D04}.Debug|Any CPU.ActiveCfg = Debug|Any CPU
		{4E4B240A-6994-4747-BB6C-0CC0D2578D04}.Debug|Any CPU.Build.0 = Debug|Any CPU
		{4E4B240A-6994-4747-BB6C-0CC0D2578D04}.Debug|Mixed Platforms.ActiveCfg = Debug|Any CPU
		{4E4B240A-6994-4747-BB6C-0CC0D2578D04}.Debug|Mixed Platforms.Build.0 = Debug|Any CPU
		{4E4B240A-6994-4747-BB6C-0CC0D2578D04}.Debug|x86.ActiveCfg = Debug|Any CPU
		{4E4B240A-6994-4747-BB6C-0CC0D2578D04}.Release|Any CPU.ActiveCfg = Release|Any CPU
		{4E4B240A-6994-4747-BB6C-0CC0D2578D04}.Release|Any CPU.Build.0 = Release|Any CPU
		{4E4B240A-6994-4747-BB6C-0CC0D2578D04}.Release|Mixed Platforms.ActiveCfg = Release|Any CPU
		{4E4B240A-6994-4747-BB6C-0CC0D2578D04}.Release|Mixed Platforms.Build.0 = Release|Any CPU
		{4E4B240A-6994-4747-BB6C-0CC0D2578D04}.Release|x86.ActiveCfg = Release|Any CPU
		{4E4B240A-6994-4747-BB6C-0CC0D2578D04}.Release-Signed|Any CPU.ActiveCfg = Release|Any CPU
		{4E4B240A-6994-4747-BB6C-0CC0D2578D04}.Release-Signed|Any CPU.Build.0 = Release|Any CPU
		{4E4B240A-6994-4747-BB6C-0CC0D2578D04}.Release-Signed|Mixed Platforms.ActiveCfg = Release|Any CPU
		{4E4B240A-6994-4747-BB6C-0CC0D2578D04}.Release-Signed|Mixed Platforms.Build.0 = Release|Any CPU
		{4E4B240A-6994-4747-BB6C-0CC0D2578D04}.Release-Signed|x86.ActiveCfg = Release|Any CPU
		{0AB31A6E-E0DE-4F4E-8D0E-7AD60AE65E26}.ajgor|Any CPU.ActiveCfg = Release|Any CPU
		{0AB31A6E-E0DE-4F4E-8D0E-7AD60AE65E26}.ajgor|Any CPU.Build.0 = Release|Any CPU
		{0AB31A6E-E0DE-4F4E-8D0E-7AD60AE65E26}.ajgor|Mixed Platforms.ActiveCfg = Release|Any CPU
		{0AB31A6E-E0DE-4F4E-8D0E-7AD60AE65E26}.ajgor|Mixed Platforms.Build.0 = Release|Any CPU
		{0AB31A6E-E0DE-4F4E-8D0E-7AD60AE65E26}.ajgor|x86.ActiveCfg = Release|Any CPU
		{0AB31A6E-E0DE-4F4E-8D0E-7AD60AE65E26}.Debug|Any CPU.ActiveCfg = Debug|Any CPU
		{0AB31A6E-E0DE-4F4E-8D0E-7AD60AE65E26}.Debug|Any CPU.Build.0 = Debug|Any CPU
		{0AB31A6E-E0DE-4F4E-8D0E-7AD60AE65E26}.Debug|Mixed Platforms.ActiveCfg = Debug|Any CPU
		{0AB31A6E-E0DE-4F4E-8D0E-7AD60AE65E26}.Debug|Mixed Platforms.Build.0 = Debug|Any CPU
		{0AB31A6E-E0DE-4F4E-8D0E-7AD60AE65E26}.Debug|x86.ActiveCfg = Debug|Any CPU
		{0AB31A6E-E0DE-4F4E-8D0E-7AD60AE65E26}.Release|Any CPU.ActiveCfg = Release|Any CPU
		{0AB31A6E-E0DE-4F4E-8D0E-7AD60AE65E26}.Release|Any CPU.Build.0 = Release|Any CPU
		{0AB31A6E-E0DE-4F4E-8D0E-7AD60AE65E26}.Release|Mixed Platforms.ActiveCfg = Release|Any CPU
		{0AB31A6E-E0DE-4F4E-8D0E-7AD60AE65E26}.Release|Mixed Platforms.Build.0 = Release|Any CPU
		{0AB31A6E-E0DE-4F4E-8D0E-7AD60AE65E26}.Release|x86.ActiveCfg = Release|Any CPU
		{0AB31A6E-E0DE-4F4E-8D0E-7AD60AE65E26}.Release-Signed|Any CPU.ActiveCfg = Release|Any CPU
		{0AB31A6E-E0DE-4F4E-8D0E-7AD60AE65E26}.Release-Signed|Any CPU.Build.0 = Release|Any CPU
		{0AB31A6E-E0DE-4F4E-8D0E-7AD60AE65E26}.Release-Signed|Mixed Platforms.ActiveCfg = Release|Any CPU
		{0AB31A6E-E0DE-4F4E-8D0E-7AD60AE65E26}.Release-Signed|Mixed Platforms.Build.0 = Release|Any CPU
		{0AB31A6E-E0DE-4F4E-8D0E-7AD60AE65E26}.Release-Signed|x86.ActiveCfg = Release|Any CPU
		{39E26C5F-2F65-4754-A85D-6159D0940427}.ajgor|Any CPU.ActiveCfg = Debug|x86
		{39E26C5F-2F65-4754-A85D-6159D0940427}.ajgor|Any CPU.Build.0 = Debug|x86
		{39E26C5F-2F65-4754-A85D-6159D0940427}.ajgor|Mixed Platforms.ActiveCfg = Debug|x86
		{39E26C5F-2F65-4754-A85D-6159D0940427}.ajgor|Mixed Platforms.Build.0 = Debug|x86
		{39E26C5F-2F65-4754-A85D-6159D0940427}.ajgor|x86.ActiveCfg = Debug|x86
		{39E26C5F-2F65-4754-A85D-6159D0940427}.ajgor|x86.Build.0 = Debug|x86
		{39E26C5F-2F65-4754-A85D-6159D0940427}.Debug|Any CPU.ActiveCfg = Debug|Any CPU
		{39E26C5F-2F65-4754-A85D-6159D0940427}.Debug|Any CPU.Build.0 = Debug|Any CPU
		{39E26C5F-2F65-4754-A85D-6159D0940427}.Debug|Mixed Platforms.ActiveCfg = Debug|Any CPU
		{39E26C5F-2F65-4754-A85D-6159D0940427}.Debug|Mixed Platforms.Build.0 = Debug|Any CPU
		{39E26C5F-2F65-4754-A85D-6159D0940427}.Debug|x86.ActiveCfg = Debug|x86
		{39E26C5F-2F65-4754-A85D-6159D0940427}.Debug|x86.Build.0 = Debug|x86
		{39E26C5F-2F65-4754-A85D-6159D0940427}.Release|Any CPU.ActiveCfg = Release|Any CPU
		{39E26C5F-2F65-4754-A85D-6159D0940427}.Release|Any CPU.Build.0 = Release|Any CPU
		{39E26C5F-2F65-4754-A85D-6159D0940427}.Release|Mixed Platforms.ActiveCfg = Release|Any CPU
		{39E26C5F-2F65-4754-A85D-6159D0940427}.Release|Mixed Platforms.Build.0 = Release|Any CPU
		{39E26C5F-2F65-4754-A85D-6159D0940427}.Release|x86.ActiveCfg = Release|x86
		{39E26C5F-2F65-4754-A85D-6159D0940427}.Release|x86.Build.0 = Release|x86
		{39E26C5F-2F65-4754-A85D-6159D0940427}.Release-Signed|Any CPU.ActiveCfg = Debug|x86
		{39E26C5F-2F65-4754-A85D-6159D0940427}.Release-Signed|Any CPU.Build.0 = Debug|x86
		{39E26C5F-2F65-4754-A85D-6159D0940427}.Release-Signed|Mixed Platforms.ActiveCfg = Debug|x86
		{39E26C5F-2F65-4754-A85D-6159D0940427}.Release-Signed|Mixed Platforms.Build.0 = Debug|x86
		{39E26C5F-2F65-4754-A85D-6159D0940427}.Release-Signed|x86.ActiveCfg = Debug|x86
		{39E26C5F-2F65-4754-A85D-6159D0940427}.Release-Signed|x86.Build.0 = Debug|x86
		{2541686B-1673-43BF-AF89-3163945DB009}.ajgor|Any CPU.ActiveCfg = Release|Any CPU
		{2541686B-1673-43BF-AF89-3163945DB009}.ajgor|Any CPU.Build.0 = Release|Any CPU
		{2541686B-1673-43BF-AF89-3163945DB009}.ajgor|Mixed Platforms.ActiveCfg = Release|Any CPU
		{2541686B-1673-43BF-AF89-3163945DB009}.ajgor|Mixed Platforms.Build.0 = Release|Any CPU
		{2541686B-1673-43BF-AF89-3163945DB009}.ajgor|x86.ActiveCfg = Release|Any CPU
		{2541686B-1673-43BF-AF89-3163945DB009}.Debug|Any CPU.ActiveCfg = Debug|Any CPU
		{2541686B-1673-43BF-AF89-3163945DB009}.Debug|Any CPU.Build.0 = Debug|Any CPU
		{2541686B-1673-43BF-AF89-3163945DB009}.Debug|Mixed Platforms.ActiveCfg = Debug|Any CPU
		{2541686B-1673-43BF-AF89-3163945DB009}.Debug|Mixed Platforms.Build.0 = Debug|Any CPU
		{2541686B-1673-43BF-AF89-3163945DB009}.Debug|x86.ActiveCfg = Debug|Any CPU
		{2541686B-1673-43BF-AF89-3163945DB009}.Release|Any CPU.ActiveCfg = Release|Any CPU
		{2541686B-1673-43BF-AF89-3163945DB009}.Release|Any CPU.Build.0 = Release|Any CPU
		{2541686B-1673-43BF-AF89-3163945DB009}.Release|Mixed Platforms.ActiveCfg = Release|Any CPU
		{2541686B-1673-43BF-AF89-3163945DB009}.Release|Mixed Platforms.Build.0 = Release|Any CPU
		{2541686B-1673-43BF-AF89-3163945DB009}.Release|x86.ActiveCfg = Release|Any CPU
		{2541686B-1673-43BF-AF89-3163945DB009}.Release-Signed|Any CPU.ActiveCfg = Release|Any CPU
		{2541686B-1673-43BF-AF89-3163945DB009}.Release-Signed|Any CPU.Build.0 = Release|Any CPU
		{2541686B-1673-43BF-AF89-3163945DB009}.Release-Signed|Mixed Platforms.ActiveCfg = Release|Any CPU
		{2541686B-1673-43BF-AF89-3163945DB009}.Release-Signed|Mixed Platforms.Build.0 = Release|Any CPU
		{2541686B-1673-43BF-AF89-3163945DB009}.Release-Signed|x86.ActiveCfg = Release|Any CPU
		{E6867FF5-74EC-4464-8958-D71CB46232F3}.ajgor|Any CPU.ActiveCfg = Release|Any CPU
		{E6867FF5-74EC-4464-8958-D71CB46232F3}.ajgor|Any CPU.Build.0 = Release|Any CPU
		{E6867FF5-74EC-4464-8958-D71CB46232F3}.ajgor|Mixed Platforms.ActiveCfg = Release|Any CPU
		{E6867FF5-74EC-4464-8958-D71CB46232F3}.ajgor|Mixed Platforms.Build.0 = Release|Any CPU
		{E6867FF5-74EC-4464-8958-D71CB46232F3}.ajgor|x86.ActiveCfg = Release|Any CPU
		{E6867FF5-74EC-4464-8958-D71CB46232F3}.Debug|Any CPU.ActiveCfg = Debug|Any CPU
		{E6867FF5-74EC-4464-8958-D71CB46232F3}.Debug|Any CPU.Build.0 = Debug|Any CPU
		{E6867FF5-74EC-4464-8958-D71CB46232F3}.Debug|Mixed Platforms.ActiveCfg = Debug|Any CPU
		{E6867FF5-74EC-4464-8958-D71CB46232F3}.Debug|Mixed Platforms.Build.0 = Debug|Any CPU
		{E6867FF5-74EC-4464-8958-D71CB46232F3}.Debug|x86.ActiveCfg = Debug|Any CPU
		{E6867FF5-74EC-4464-8958-D71CB46232F3}.Release|Any CPU.ActiveCfg = Release|Any CPU
		{E6867FF5-74EC-4464-8958-D71CB46232F3}.Release|Any CPU.Build.0 = Release|Any CPU
		{E6867FF5-74EC-4464-8958-D71CB46232F3}.Release|Mixed Platforms.ActiveCfg = Release|Any CPU
		{E6867FF5-74EC-4464-8958-D71CB46232F3}.Release|Mixed Platforms.Build.0 = Release|Any CPU
		{E6867FF5-74EC-4464-8958-D71CB46232F3}.Release|x86.ActiveCfg = Release|Any CPU
		{E6867FF5-74EC-4464-8958-D71CB46232F3}.Release-Signed|Any CPU.ActiveCfg = Release|Any CPU
		{E6867FF5-74EC-4464-8958-D71CB46232F3}.Release-Signed|Any CPU.Build.0 = Release|Any CPU
		{E6867FF5-74EC-4464-8958-D71CB46232F3}.Release-Signed|Mixed Platforms.ActiveCfg = Release|Any CPU
		{E6867FF5-74EC-4464-8958-D71CB46232F3}.Release-Signed|Mixed Platforms.Build.0 = Release|Any CPU
		{E6867FF5-74EC-4464-8958-D71CB46232F3}.Release-Signed|x86.ActiveCfg = Release|Any CPU
		{678738DA-F723-4920-B9E5-CAD667104BDA}.ajgor|Any CPU.ActiveCfg = Release|Any CPU
		{678738DA-F723-4920-B9E5-CAD667104BDA}.ajgor|Any CPU.Build.0 = Release|Any CPU
		{678738DA-F723-4920-B9E5-CAD667104BDA}.ajgor|Mixed Platforms.ActiveCfg = Release|Any CPU
		{678738DA-F723-4920-B9E5-CAD667104BDA}.ajgor|Mixed Platforms.Build.0 = Release|Any CPU
		{678738DA-F723-4920-B9E5-CAD667104BDA}.ajgor|x86.ActiveCfg = Release|Any CPU
		{678738DA-F723-4920-B9E5-CAD667104BDA}.Debug|Any CPU.ActiveCfg = Debug|Any CPU
		{678738DA-F723-4920-B9E5-CAD667104BDA}.Debug|Any CPU.Build.0 = Debug|Any CPU
		{678738DA-F723-4920-B9E5-CAD667104BDA}.Debug|Mixed Platforms.ActiveCfg = Debug|Any CPU
		{678738DA-F723-4920-B9E5-CAD667104BDA}.Debug|Mixed Platforms.Build.0 = Debug|Any CPU
		{678738DA-F723-4920-B9E5-CAD667104BDA}.Debug|x86.ActiveCfg = Debug|Any CPU
		{678738DA-F723-4920-B9E5-CAD667104BDA}.Release|Any CPU.ActiveCfg = Release|Any CPU
		{678738DA-F723-4920-B9E5-CAD667104BDA}.Release|Any CPU.Build.0 = Release|Any CPU
		{678738DA-F723-4920-B9E5-CAD667104BDA}.Release|Mixed Platforms.ActiveCfg = Release|Any CPU
		{678738DA-F723-4920-B9E5-CAD667104BDA}.Release|Mixed Platforms.Build.0 = Release|Any CPU
		{678738DA-F723-4920-B9E5-CAD667104BDA}.Release|x86.ActiveCfg = Release|Any CPU
		{678738DA-F723-4920-B9E5-CAD667104BDA}.Release-Signed|Any CPU.ActiveCfg = Release|Any CPU
		{678738DA-F723-4920-B9E5-CAD667104BDA}.Release-Signed|Any CPU.Build.0 = Release|Any CPU
		{678738DA-F723-4920-B9E5-CAD667104BDA}.Release-Signed|Mixed Platforms.ActiveCfg = Release|Any CPU
		{678738DA-F723-4920-B9E5-CAD667104BDA}.Release-Signed|Mixed Platforms.Build.0 = Release|Any CPU
		{678738DA-F723-4920-B9E5-CAD667104BDA}.Release-Signed|x86.ActiveCfg = Release|Any CPU
	EndGlobalSection
	GlobalSection(SolutionProperties) = preSolution
		HideSolutionNode = FALSE
	EndGlobalSection
	GlobalSection(NestedProjects) = preSolution
		{2541686B-1673-43BF-AF89-3163945DB009} = {979592F7-9C7C-4C7C-8997-99FBE1C6BFF8}
		{E6867FF5-74EC-4464-8958-D71CB46232F3} = {979592F7-9C7C-4C7C-8997-99FBE1C6BFF8}
		{678738DA-F723-4920-B9E5-CAD667104BDA} = {979592F7-9C7C-4C7C-8997-99FBE1C6BFF8}
	EndGlobalSection
	GlobalSection(MonoDevelopProperties) = preSolution
		StartupItem = 0guests\ferdo\Guest_IGShell\Guest_IGShell.csproj
	EndGlobalSection
EndGlobal
