
Microsoft Visual Studio Solution File, Format Version 12.00
# Visual Studio Version 18
VisualStudioVersion = 18.0.11111.16
MinimumVisualStudioVersion = 10.0.40219.1
Project("{9A19103F-16F7-4668-BE54-9A1E7A4F7556}") = "IGLib", "..\iglib\igbase\IGLib.csproj", "{0AB31A6E-E0DE-4F4E-8D0E-7AD60AE65E26}"
EndProject
Project("{2150E333-8FDC-42A3-9474-1A3956D46DE8}") = "ExternalLibraries", "ExternalLibraries", "{56DDCD18-254B-4F95-AD36-AB87D817FFBE}"
EndProject
Project("{FAE04EC0-301F-11D3-BF4B-00C04F79EFBC}") = "Jint", "..\iglibexternal\IGLibExternal\Jint\Jint\Jint.csproj", "{678738DA-F723-4920-B9E5-CAD667104BDA}"
EndProject
Project("{FAE04EC0-301F-11D3-BF4B-00C04F79EFBC}") = "Jint.Repl", "..\iglibexternal\IGLibExternal\Jint\Jint.Repl\Jint.Repl.csproj", "{A69FD3C5-F2B0-4055-A518-F4173EBA5E4D}"
EndProject
Project("{2150E333-8FDC-42A3-9474-1A3956D46DE8}") = "UnitTests", "UnitTests", "{B2CDC61D-777A-45A1-999E-419270CF55E2}"
	ProjectSection(SolutionItems) = preProject
		..\unittests\0readme_unittests.txt = ..\unittests\0readme_unittests.txt
		..\unittests\ig_unittests.nunit = ..\unittests\ig_unittests.nunit
	EndProjectSection
EndProject
Project("{FAE04EC0-301F-11D3-BF4B-00C04F79EFBC}") = "TestUtil", "..\unittests\TestUtil\TestUtil.csproj", "{0751CBC9-A68C-4B8F-B6B0-F69F6773F8FD}"
EndProject
Project("{2150E333-8FDC-42A3-9474-1A3956D46DE8}") = "MSTests", "MSTests", "{DC2FE962-2684-4B38-802F-CB940A0246F9}"
EndProject
Project("{FAE04EC0-301F-11D3-BF4B-00C04F79EFBC}") = "TestUtil_MSTest", "..\unittests\MSTests\TestUtil\TestUtil_MSTest.csproj", "{8518E515-6981-4040-9465-BDBB29C60498}"
EndProject
Project("{2150E333-8FDC-42A3-9474-1A3956D46DE8}") = "IGShell", "IGShell", "{3A8FFE30-7319-4256-8A79-F34F41A03575}"
EndProject
Project("{9A19103F-16F7-4668-BE54-9A1E7A4F7556}") = "TestExampleNunitNew", "..\unittests\TestExampleNunitNew\TestExampleNunitNew.csproj", "{AF53556C-4A9E-461B-8DA8-9F6BFD276BEC}"
EndProject
Project("{2150E333-8FDC-42A3-9474-1A3956D46DE8}") = "IGLibApplications", "IGLibApplications", "{A1CB03CC-D5F1-40C3-8AD3-542EA5D8D7FA}"
EndProject
Project("{9A19103F-16F7-4668-BE54-9A1E7A4F7556}") = "Numerics", "..\iglibexternal\IGLibExternal\mathnet-numerics\src\Numerics\Numerics.csproj", "{F5FE0255-4C94-4689-87B3-964FCD8571F6}"
EndProject
Project("{2150E333-8FDC-42A3-9474-1A3956D46DE8}") = "IGLib", "IGLib", "{D68D3525-832F-4282-BC21-2A685D7C4AB7}"
EndProject
Project("{2150E333-8FDC-42A3-9474-1A3956D46DE8}") = "IGLibModules", "IGLibModules", "{103FD0F9-B3B8-4F09-8856-F04A0EBA52DD}"
EndProject
Project("{2150E333-8FDC-42A3-9474-1A3956D46DE8}") = "ApplicationsIGLib", "ApplicationsIGLib", "{F8D7C772-C867-4C88-B305-0E888096CEA8}"
EndProject
Project("{2150E333-8FDC-42A3-9474-1A3956D46DE8}") = "00_initializations", "00_initializations", "{4C3600F5-CDA9-4B5A-9063-434651DBF992}"
EndProject
Project("{2150E333-8FDC-42A3-9474-1A3956D46DE8}") = "IGLibCore", "IGLibCore", "{EF618E45-74F6-426B-BB93-D95B24B4C1DC}"
EndProject
Project("{FAE04EC0-301F-11D3-BF4B-00C04F79EFBC}") = "IGLib.Core", "..\IGLibCore\src\IGLib.Core\IGLib.Core.csproj", "{A4991B6D-08BF-9E76-E3B6-738452EE3299}"
EndProject
Project("{FAE04EC0-301F-11D3-BF4B-00C04F79EFBC}") = "IGLib.Core.Tests", "..\IGLibCore\tests\IGLib.Core.Tests\IGLib.Core.Tests.csproj", "{8F087173-EEC3-E561-4C2E-0B07A2C5DA21}"
EndProject
Project("{FAE04EC0-301F-11D3-BF4B-00C04F79EFBC}") = "IGLib.TestBase", "..\IGLibCore\tests\IGLib.TestBase\IGLib.TestBase.csproj", "{381BCB6E-F5CF-777C-1AED-4DA261403F4F}"
EndProject
Project("{FAE04EC0-301F-11D3-BF4B-00C04F79EFBC}") = "IGLib.CoreExtended", "..\IGLibCore\src\IGLib.CoreExtended\IGLib.CoreExtended.csproj", "{E1902B55-910E-1C01-A2E7-8A258F53D46D}"
EndProject
Project("{FAE04EC0-301F-11D3-BF4B-00C04F79EFBC}") = "InitModulesCore", "..\IGLibCore\src\0InitModules\InitModulesCore\InitModulesCore.csproj", "{AD77AABA-7414-262E-F49E-7D4C3ECABA73}"
EndProject
Project("{FAE04EC0-301F-11D3-BF4B-00C04F79EFBC}") = "InitIGLibModulesBasic", "..\iglib\00_initmodules\InitIGLibModulesBasic\InitIGLibModulesBasic.csproj", "{18842D07-F845-0112-D907-0FFA8706ACD5}"
EndProject
Global
	GlobalSection(SolutionConfigurationPlatforms) = preSolution
		ajgor|Any CPU = ajgor|Any CPU
		ajgor|Mixed Platforms = ajgor|Mixed Platforms
		ajgor|x64 = ajgor|x64
		ajgor|x86 = ajgor|x86
		Debug|Any CPU = Debug|Any CPU
		Debug|Mixed Platforms = Debug|Mixed Platforms
		Debug|x64 = Debug|x64
		Debug|x86 = Debug|x86
		Release|Any CPU = Release|Any CPU
		Release|Mixed Platforms = Release|Mixed Platforms
		Release|x64 = Release|x64
		Release|x86 = Release|x86
		Release-Signed|Any CPU = Release-Signed|Any CPU
		Release-Signed|Mixed Platforms = Release-Signed|Mixed Platforms
		Release-Signed|x64 = Release-Signed|x64
		Release-Signed|x86 = Release-Signed|x86
	EndGlobalSection
	GlobalSection(ProjectConfigurationPlatforms) = postSolution
		{0AB31A6E-E0DE-4F4E-8D0E-7AD60AE65E26}.ajgor|Any CPU.ActiveCfg = Release|Any CPU
		{0AB31A6E-E0DE-4F4E-8D0E-7AD60AE65E26}.ajgor|Any CPU.Build.0 = Release|Any CPU
		{0AB31A6E-E0DE-4F4E-8D0E-7AD60AE65E26}.ajgor|Mixed Platforms.ActiveCfg = Release|Any CPU
		{0AB31A6E-E0DE-4F4E-8D0E-7AD60AE65E26}.ajgor|Mixed Platforms.Build.0 = Release|Any CPU
		{0AB31A6E-E0DE-4F4E-8D0E-7AD60AE65E26}.ajgor|x64.ActiveCfg = Debug|Any CPU
		{0AB31A6E-E0DE-4F4E-8D0E-7AD60AE65E26}.ajgor|x86.ActiveCfg = Release|Any CPU
		{0AB31A6E-E0DE-4F4E-8D0E-7AD60AE65E26}.Debug|Any CPU.ActiveCfg = Debug|Any CPU
		{0AB31A6E-E0DE-4F4E-8D0E-7AD60AE65E26}.Debug|Any CPU.Build.0 = Debug|Any CPU
		{0AB31A6E-E0DE-4F4E-8D0E-7AD60AE65E26}.Debug|Mixed Platforms.ActiveCfg = Debug|Any CPU
		{0AB31A6E-E0DE-4F4E-8D0E-7AD60AE65E26}.Debug|Mixed Platforms.Build.0 = Debug|Any CPU
		{0AB31A6E-E0DE-4F4E-8D0E-7AD60AE65E26}.Debug|x64.ActiveCfg = Debug|Any CPU
		{0AB31A6E-E0DE-4F4E-8D0E-7AD60AE65E26}.Debug|x86.ActiveCfg = Debug|Any CPU
		{0AB31A6E-E0DE-4F4E-8D0E-7AD60AE65E26}.Debug|x86.Build.0 = Debug|Any CPU
		{0AB31A6E-E0DE-4F4E-8D0E-7AD60AE65E26}.Release|Any CPU.ActiveCfg = Release|Any CPU
		{0AB31A6E-E0DE-4F4E-8D0E-7AD60AE65E26}.Release|Any CPU.Build.0 = Release|Any CPU
		{0AB31A6E-E0DE-4F4E-8D0E-7AD60AE65E26}.Release|Mixed Platforms.ActiveCfg = Release|Any CPU
		{0AB31A6E-E0DE-4F4E-8D0E-7AD60AE65E26}.Release|Mixed Platforms.Build.0 = Release|Any CPU
		{0AB31A6E-E0DE-4F4E-8D0E-7AD60AE65E26}.Release|x64.ActiveCfg = Release|Any CPU
		{0AB31A6E-E0DE-4F4E-8D0E-7AD60AE65E26}.Release|x86.ActiveCfg = Release|Any CPU
		{0AB31A6E-E0DE-4F4E-8D0E-7AD60AE65E26}.Release-Signed|Any CPU.ActiveCfg = Release|Any CPU
		{0AB31A6E-E0DE-4F4E-8D0E-7AD60AE65E26}.Release-Signed|Any CPU.Build.0 = Release|Any CPU
		{0AB31A6E-E0DE-4F4E-8D0E-7AD60AE65E26}.Release-Signed|Mixed Platforms.ActiveCfg = Release|Any CPU
		{0AB31A6E-E0DE-4F4E-8D0E-7AD60AE65E26}.Release-Signed|Mixed Platforms.Build.0 = Release|Any CPU
		{0AB31A6E-E0DE-4F4E-8D0E-7AD60AE65E26}.Release-Signed|x64.ActiveCfg = Release|Any CPU
		{0AB31A6E-E0DE-4F4E-8D0E-7AD60AE65E26}.Release-Signed|x86.ActiveCfg = Release|Any CPU
		{678738DA-F723-4920-B9E5-CAD667104BDA}.ajgor|Any CPU.ActiveCfg = Release|Any CPU
		{678738DA-F723-4920-B9E5-CAD667104BDA}.ajgor|Any CPU.Build.0 = Release|Any CPU
		{678738DA-F723-4920-B9E5-CAD667104BDA}.ajgor|Mixed Platforms.ActiveCfg = Release|Any CPU
		{678738DA-F723-4920-B9E5-CAD667104BDA}.ajgor|Mixed Platforms.Build.0 = Release|Any CPU
		{678738DA-F723-4920-B9E5-CAD667104BDA}.ajgor|x64.ActiveCfg = Release|Any CPU
		{678738DA-F723-4920-B9E5-CAD667104BDA}.ajgor|x86.ActiveCfg = Release|Any CPU
		{678738DA-F723-4920-B9E5-CAD667104BDA}.Debug|Any CPU.ActiveCfg = Debug|Any CPU
		{678738DA-F723-4920-B9E5-CAD667104BDA}.Debug|Any CPU.Build.0 = Debug|Any CPU
		{678738DA-F723-4920-B9E5-CAD667104BDA}.Debug|Mixed Platforms.ActiveCfg = Debug|Any CPU
		{678738DA-F723-4920-B9E5-CAD667104BDA}.Debug|Mixed Platforms.Build.0 = Debug|Any CPU
		{678738DA-F723-4920-B9E5-CAD667104BDA}.Debug|x64.ActiveCfg = Debug|Any CPU
		{678738DA-F723-4920-B9E5-CAD667104BDA}.Debug|x86.ActiveCfg = Debug|Any CPU
		{678738DA-F723-4920-B9E5-CAD667104BDA}.Release|Any CPU.ActiveCfg = Release|Any CPU
		{678738DA-F723-4920-B9E5-CAD667104BDA}.Release|Any CPU.Build.0 = Release|Any CPU
		{678738DA-F723-4920-B9E5-CAD667104BDA}.Release|Mixed Platforms.ActiveCfg = Release|Any CPU
		{678738DA-F723-4920-B9E5-CAD667104BDA}.Release|Mixed Platforms.Build.0 = Release|Any CPU
		{678738DA-F723-4920-B9E5-CAD667104BDA}.Release|x64.ActiveCfg = Release|Any CPU
		{678738DA-F723-4920-B9E5-CAD667104BDA}.Release|x86.ActiveCfg = Release|Any CPU
		{678738DA-F723-4920-B9E5-CAD667104BDA}.Release-Signed|Any CPU.ActiveCfg = Release|Any CPU
		{678738DA-F723-4920-B9E5-CAD667104BDA}.Release-Signed|Any CPU.Build.0 = Release|Any CPU
		{678738DA-F723-4920-B9E5-CAD667104BDA}.Release-Signed|Mixed Platforms.ActiveCfg = Release|Any CPU
		{678738DA-F723-4920-B9E5-CAD667104BDA}.Release-Signed|Mixed Platforms.Build.0 = Release|Any CPU
		{678738DA-F723-4920-B9E5-CAD667104BDA}.Release-Signed|x64.ActiveCfg = Release|Any CPU
		{678738DA-F723-4920-B9E5-CAD667104BDA}.Release-Signed|x86.ActiveCfg = Release|Any CPU
		{A69FD3C5-F2B0-4055-A518-F4173EBA5E4D}.ajgor|Any CPU.ActiveCfg = Release|Any CPU
		{A69FD3C5-F2B0-4055-A518-F4173EBA5E4D}.ajgor|Any CPU.Build.0 = Release|Any CPU
		{A69FD3C5-F2B0-4055-A518-F4173EBA5E4D}.ajgor|Mixed Platforms.ActiveCfg = Release|Any CPU
		{A69FD3C5-F2B0-4055-A518-F4173EBA5E4D}.ajgor|Mixed Platforms.Build.0 = Release|Any CPU
		{A69FD3C5-F2B0-4055-A518-F4173EBA5E4D}.ajgor|x64.ActiveCfg = Release|Any CPU
		{A69FD3C5-F2B0-4055-A518-F4173EBA5E4D}.ajgor|x86.ActiveCfg = Release|Any CPU
		{A69FD3C5-F2B0-4055-A518-F4173EBA5E4D}.Debug|Any CPU.ActiveCfg = Debug|Any CPU
		{A69FD3C5-F2B0-4055-A518-F4173EBA5E4D}.Debug|Any CPU.Build.0 = Debug|Any CPU
		{A69FD3C5-F2B0-4055-A518-F4173EBA5E4D}.Debug|Mixed Platforms.ActiveCfg = Debug|Any CPU
		{A69FD3C5-F2B0-4055-A518-F4173EBA5E4D}.Debug|Mixed Platforms.Build.0 = Debug|Any CPU
		{A69FD3C5-F2B0-4055-A518-F4173EBA5E4D}.Debug|x64.ActiveCfg = Debug|Any CPU
		{A69FD3C5-F2B0-4055-A518-F4173EBA5E4D}.Debug|x86.ActiveCfg = Debug|Any CPU
		{A69FD3C5-F2B0-4055-A518-F4173EBA5E4D}.Release|Any CPU.ActiveCfg = Release|Any CPU
		{A69FD3C5-F2B0-4055-A518-F4173EBA5E4D}.Release|Any CPU.Build.0 = Release|Any CPU
		{A69FD3C5-F2B0-4055-A518-F4173EBA5E4D}.Release|Mixed Platforms.ActiveCfg = Release|Any CPU
		{A69FD3C5-F2B0-4055-A518-F4173EBA5E4D}.Release|Mixed Platforms.Build.0 = Release|Any CPU
		{A69FD3C5-F2B0-4055-A518-F4173EBA5E4D}.Release|x64.ActiveCfg = Release|Any CPU
		{A69FD3C5-F2B0-4055-A518-F4173EBA5E4D}.Release|x86.ActiveCfg = Release|Any CPU
		{A69FD3C5-F2B0-4055-A518-F4173EBA5E4D}.Release-Signed|Any CPU.ActiveCfg = Release|Any CPU
		{A69FD3C5-F2B0-4055-A518-F4173EBA5E4D}.Release-Signed|Any CPU.Build.0 = Release|Any CPU
		{A69FD3C5-F2B0-4055-A518-F4173EBA5E4D}.Release-Signed|Mixed Platforms.ActiveCfg = Release|Any CPU
		{A69FD3C5-F2B0-4055-A518-F4173EBA5E4D}.Release-Signed|Mixed Platforms.Build.0 = Release|Any CPU
		{A69FD3C5-F2B0-4055-A518-F4173EBA5E4D}.Release-Signed|x64.ActiveCfg = Release|Any CPU
		{A69FD3C5-F2B0-4055-A518-F4173EBA5E4D}.Release-Signed|x86.ActiveCfg = Release|Any CPU
		{0751CBC9-A68C-4B8F-B6B0-F69F6773F8FD}.ajgor|Any CPU.ActiveCfg = Release|Any CPU
		{0751CBC9-A68C-4B8F-B6B0-F69F6773F8FD}.ajgor|Any CPU.Build.0 = Release|Any CPU
		{0751CBC9-A68C-4B8F-B6B0-F69F6773F8FD}.ajgor|Mixed Platforms.ActiveCfg = Release|Any CPU
		{0751CBC9-A68C-4B8F-B6B0-F69F6773F8FD}.ajgor|Mixed Platforms.Build.0 = Release|Any CPU
		{0751CBC9-A68C-4B8F-B6B0-F69F6773F8FD}.ajgor|x64.ActiveCfg = Debug|Any CPU
		{0751CBC9-A68C-4B8F-B6B0-F69F6773F8FD}.ajgor|x86.ActiveCfg = Release|Any CPU
		{0751CBC9-A68C-4B8F-B6B0-F69F6773F8FD}.ajgor|x86.Build.0 = Release|Any CPU
		{0751CBC9-A68C-4B8F-B6B0-F69F6773F8FD}.Debug|Any CPU.ActiveCfg = Debug|Any CPU
		{0751CBC9-A68C-4B8F-B6B0-F69F6773F8FD}.Debug|Any CPU.Build.0 = Debug|Any CPU
		{0751CBC9-A68C-4B8F-B6B0-F69F6773F8FD}.Debug|Mixed Platforms.ActiveCfg = Debug|Any CPU
		{0751CBC9-A68C-4B8F-B6B0-F69F6773F8FD}.Debug|Mixed Platforms.Build.0 = Debug|Any CPU
		{0751CBC9-A68C-4B8F-B6B0-F69F6773F8FD}.Debug|x64.ActiveCfg = Debug|Any CPU
		{0751CBC9-A68C-4B8F-B6B0-F69F6773F8FD}.Debug|x86.ActiveCfg = Debug|x86
		{0751CBC9-A68C-4B8F-B6B0-F69F6773F8FD}.Debug|x86.Build.0 = Debug|x86
		{0751CBC9-A68C-4B8F-B6B0-F69F6773F8FD}.Release|Any CPU.ActiveCfg = Release|Any CPU
		{0751CBC9-A68C-4B8F-B6B0-F69F6773F8FD}.Release|Any CPU.Build.0 = Release|Any CPU
		{0751CBC9-A68C-4B8F-B6B0-F69F6773F8FD}.Release|Mixed Platforms.ActiveCfg = Release|Any CPU
		{0751CBC9-A68C-4B8F-B6B0-F69F6773F8FD}.Release|Mixed Platforms.Build.0 = Release|Any CPU
		{0751CBC9-A68C-4B8F-B6B0-F69F6773F8FD}.Release|x64.ActiveCfg = Release|Any CPU
		{0751CBC9-A68C-4B8F-B6B0-F69F6773F8FD}.Release|x86.ActiveCfg = Release|Any CPU
		{0751CBC9-A68C-4B8F-B6B0-F69F6773F8FD}.Release-Signed|Any CPU.ActiveCfg = Release|Any CPU
		{0751CBC9-A68C-4B8F-B6B0-F69F6773F8FD}.Release-Signed|Any CPU.Build.0 = Release|Any CPU
		{0751CBC9-A68C-4B8F-B6B0-F69F6773F8FD}.Release-Signed|Mixed Platforms.ActiveCfg = Release|Any CPU
		{0751CBC9-A68C-4B8F-B6B0-F69F6773F8FD}.Release-Signed|Mixed Platforms.Build.0 = Release|Any CPU
		{0751CBC9-A68C-4B8F-B6B0-F69F6773F8FD}.Release-Signed|x64.ActiveCfg = Release|Any CPU
		{0751CBC9-A68C-4B8F-B6B0-F69F6773F8FD}.Release-Signed|x86.ActiveCfg = Release|Any CPU
		{8518E515-6981-4040-9465-BDBB29C60498}.ajgor|Any CPU.ActiveCfg = Release|Any CPU
		{8518E515-6981-4040-9465-BDBB29C60498}.ajgor|Any CPU.Build.0 = Release|Any CPU
		{8518E515-6981-4040-9465-BDBB29C60498}.ajgor|Mixed Platforms.ActiveCfg = Release|x86
		{8518E515-6981-4040-9465-BDBB29C60498}.ajgor|Mixed Platforms.Build.0 = Release|x86
		{8518E515-6981-4040-9465-BDBB29C60498}.ajgor|x64.ActiveCfg = Release|Any CPU
		{8518E515-6981-4040-9465-BDBB29C60498}.ajgor|x64.Build.0 = Release|Any CPU
		{8518E515-6981-4040-9465-BDBB29C60498}.ajgor|x86.ActiveCfg = Release|x86
		{8518E515-6981-4040-9465-BDBB29C60498}.ajgor|x86.Build.0 = Release|x86
		{8518E515-6981-4040-9465-BDBB29C60498}.Debug|Any CPU.ActiveCfg = Debug|Any CPU
		{8518E515-6981-4040-9465-BDBB29C60498}.Debug|Any CPU.Build.0 = Debug|Any CPU
		{8518E515-6981-4040-9465-BDBB29C60498}.Debug|Mixed Platforms.ActiveCfg = Debug|Any CPU
		{8518E515-6981-4040-9465-BDBB29C60498}.Debug|Mixed Platforms.Build.0 = Debug|Any CPU
		{8518E515-6981-4040-9465-BDBB29C60498}.Debug|x64.ActiveCfg = Debug|Any CPU
		{8518E515-6981-4040-9465-BDBB29C60498}.Debug|x64.Build.0 = Debug|Any CPU
		{8518E515-6981-4040-9465-BDBB29C60498}.Debug|x86.ActiveCfg = Debug|x86
		{8518E515-6981-4040-9465-BDBB29C60498}.Debug|x86.Build.0 = Debug|x86
		{8518E515-6981-4040-9465-BDBB29C60498}.Release|Any CPU.ActiveCfg = Release|Any CPU
		{8518E515-6981-4040-9465-BDBB29C60498}.Release|Any CPU.Build.0 = Release|Any CPU
		{8518E515-6981-4040-9465-BDBB29C60498}.Release|Mixed Platforms.ActiveCfg = Release|x86
		{8518E515-6981-4040-9465-BDBB29C60498}.Release|Mixed Platforms.Build.0 = Release|x86
		{8518E515-6981-4040-9465-BDBB29C60498}.Release|x64.ActiveCfg = Release|Any CPU
		{8518E515-6981-4040-9465-BDBB29C60498}.Release|x64.Build.0 = Release|Any CPU
		{8518E515-6981-4040-9465-BDBB29C60498}.Release|x86.ActiveCfg = Release|x86
		{8518E515-6981-4040-9465-BDBB29C60498}.Release|x86.Build.0 = Release|x86
		{8518E515-6981-4040-9465-BDBB29C60498}.Release-Signed|Any CPU.ActiveCfg = Release|Any CPU
		{8518E515-6981-4040-9465-BDBB29C60498}.Release-Signed|Any CPU.Build.0 = Release|Any CPU
		{8518E515-6981-4040-9465-BDBB29C60498}.Release-Signed|Mixed Platforms.ActiveCfg = Release|x86
		{8518E515-6981-4040-9465-BDBB29C60498}.Release-Signed|Mixed Platforms.Build.0 = Release|x86
		{8518E515-6981-4040-9465-BDBB29C60498}.Release-Signed|x64.ActiveCfg = Release|Any CPU
		{8518E515-6981-4040-9465-BDBB29C60498}.Release-Signed|x64.Build.0 = Release|Any CPU
		{8518E515-6981-4040-9465-BDBB29C60498}.Release-Signed|x86.ActiveCfg = Release|x86
		{8518E515-6981-4040-9465-BDBB29C60498}.Release-Signed|x86.Build.0 = Release|x86
		{AF53556C-4A9E-461B-8DA8-9F6BFD276BEC}.ajgor|Any CPU.ActiveCfg = Release|Any CPU
		{AF53556C-4A9E-461B-8DA8-9F6BFD276BEC}.ajgor|Any CPU.Build.0 = Release|Any CPU
		{AF53556C-4A9E-461B-8DA8-9F6BFD276BEC}.ajgor|Mixed Platforms.ActiveCfg = Release|x86
		{AF53556C-4A9E-461B-8DA8-9F6BFD276BEC}.ajgor|Mixed Platforms.Build.0 = Release|x86
		{AF53556C-4A9E-461B-8DA8-9F6BFD276BEC}.ajgor|x64.ActiveCfg = Release|Any CPU
		{AF53556C-4A9E-461B-8DA8-9F6BFD276BEC}.ajgor|x64.Build.0 = Release|Any CPU
		{AF53556C-4A9E-461B-8DA8-9F6BFD276BEC}.ajgor|x86.ActiveCfg = Release|x86
		{AF53556C-4A9E-461B-8DA8-9F6BFD276BEC}.ajgor|x86.Build.0 = Release|x86
		{AF53556C-4A9E-461B-8DA8-9F6BFD276BEC}.Debug|Any CPU.ActiveCfg = Debug|Any CPU
		{AF53556C-4A9E-461B-8DA8-9F6BFD276BEC}.Debug|Any CPU.Build.0 = Debug|Any CPU
		{AF53556C-4A9E-461B-8DA8-9F6BFD276BEC}.Debug|Mixed Platforms.ActiveCfg = Debug|Any CPU
		{AF53556C-4A9E-461B-8DA8-9F6BFD276BEC}.Debug|Mixed Platforms.Build.0 = Debug|Any CPU
		{AF53556C-4A9E-461B-8DA8-9F6BFD276BEC}.Debug|x64.ActiveCfg = Debug|Any CPU
		{AF53556C-4A9E-461B-8DA8-9F6BFD276BEC}.Debug|x64.Build.0 = Debug|Any CPU
		{AF53556C-4A9E-461B-8DA8-9F6BFD276BEC}.Debug|x86.ActiveCfg = Debug|Any CPU
		{AF53556C-4A9E-461B-8DA8-9F6BFD276BEC}.Debug|x86.Build.0 = Debug|Any CPU
		{AF53556C-4A9E-461B-8DA8-9F6BFD276BEC}.Release|Any CPU.ActiveCfg = Release|Any CPU
		{AF53556C-4A9E-461B-8DA8-9F6BFD276BEC}.Release|Any CPU.Build.0 = Release|Any CPU
		{AF53556C-4A9E-461B-8DA8-9F6BFD276BEC}.Release|Mixed Platforms.ActiveCfg = Release|x86
		{AF53556C-4A9E-461B-8DA8-9F6BFD276BEC}.Release|Mixed Platforms.Build.0 = Release|x86
		{AF53556C-4A9E-461B-8DA8-9F6BFD276BEC}.Release|x64.ActiveCfg = Release|Any CPU
		{AF53556C-4A9E-461B-8DA8-9F6BFD276BEC}.Release|x64.Build.0 = Release|Any CPU
		{AF53556C-4A9E-461B-8DA8-9F6BFD276BEC}.Release|x86.ActiveCfg = Release|x86
		{AF53556C-4A9E-461B-8DA8-9F6BFD276BEC}.Release|x86.Build.0 = Release|x86
		{AF53556C-4A9E-461B-8DA8-9F6BFD276BEC}.Release-Signed|Any CPU.ActiveCfg = Release|Any CPU
		{AF53556C-4A9E-461B-8DA8-9F6BFD276BEC}.Release-Signed|Any CPU.Build.0 = Release|Any CPU
		{AF53556C-4A9E-461B-8DA8-9F6BFD276BEC}.Release-Signed|Mixed Platforms.ActiveCfg = Release|x86
		{AF53556C-4A9E-461B-8DA8-9F6BFD276BEC}.Release-Signed|Mixed Platforms.Build.0 = Release|x86
		{AF53556C-4A9E-461B-8DA8-9F6BFD276BEC}.Release-Signed|x64.ActiveCfg = Release|Any CPU
		{AF53556C-4A9E-461B-8DA8-9F6BFD276BEC}.Release-Signed|x64.Build.0 = Release|Any CPU
		{AF53556C-4A9E-461B-8DA8-9F6BFD276BEC}.Release-Signed|x86.ActiveCfg = Release|x86
		{AF53556C-4A9E-461B-8DA8-9F6BFD276BEC}.Release-Signed|x86.Build.0 = Release|x86
		{F5FE0255-4C94-4689-87B3-964FCD8571F6}.ajgor|Any CPU.ActiveCfg = Debug|Any CPU
		{F5FE0255-4C94-4689-87B3-964FCD8571F6}.ajgor|Any CPU.Build.0 = Debug|Any CPU
		{F5FE0255-4C94-4689-87B3-964FCD8571F6}.ajgor|Mixed Platforms.ActiveCfg = Debug|Any CPU
		{F5FE0255-4C94-4689-87B3-964FCD8571F6}.ajgor|Mixed Platforms.Build.0 = Debug|Any CPU
		{F5FE0255-4C94-4689-87B3-964FCD8571F6}.ajgor|x64.ActiveCfg = Debug|Any CPU
		{F5FE0255-4C94-4689-87B3-964FCD8571F6}.ajgor|x64.Build.0 = Debug|Any CPU
		{F5FE0255-4C94-4689-87B3-964FCD8571F6}.ajgor|x86.ActiveCfg = Debug|Any CPU
		{F5FE0255-4C94-4689-87B3-964FCD8571F6}.ajgor|x86.Build.0 = Debug|Any CPU
		{F5FE0255-4C94-4689-87B3-964FCD8571F6}.Debug|Any CPU.ActiveCfg = Debug|Any CPU
		{F5FE0255-4C94-4689-87B3-964FCD8571F6}.Debug|Any CPU.Build.0 = Debug|Any CPU
		{F5FE0255-4C94-4689-87B3-964FCD8571F6}.Debug|Mixed Platforms.ActiveCfg = Debug|Any CPU
		{F5FE0255-4C94-4689-87B3-964FCD8571F6}.Debug|Mixed Platforms.Build.0 = Debug|Any CPU
		{F5FE0255-4C94-4689-87B3-964FCD8571F6}.Debug|x64.ActiveCfg = Debug|Any CPU
		{F5FE0255-4C94-4689-87B3-964FCD8571F6}.Debug|x64.Build.0 = Debug|Any CPU
		{F5FE0255-4C94-4689-87B3-964FCD8571F6}.Debug|x86.ActiveCfg = Debug|Any CPU
		{F5FE0255-4C94-4689-87B3-964FCD8571F6}.Debug|x86.Build.0 = Debug|Any CPU
		{F5FE0255-4C94-4689-87B3-964FCD8571F6}.Release|Any CPU.ActiveCfg = Release|Any CPU
		{F5FE0255-4C94-4689-87B3-964FCD8571F6}.Release|Any CPU.Build.0 = Release|Any CPU
		{F5FE0255-4C94-4689-87B3-964FCD8571F6}.Release|Mixed Platforms.ActiveCfg = Release|Any CPU
		{F5FE0255-4C94-4689-87B3-964FCD8571F6}.Release|Mixed Platforms.Build.0 = Release|Any CPU
		{F5FE0255-4C94-4689-87B3-964FCD8571F6}.Release|x64.ActiveCfg = Release|Any CPU
		{F5FE0255-4C94-4689-87B3-964FCD8571F6}.Release|x64.Build.0 = Release|Any CPU
		{F5FE0255-4C94-4689-87B3-964FCD8571F6}.Release|x86.ActiveCfg = Release|Any CPU
		{F5FE0255-4C94-4689-87B3-964FCD8571F6}.Release|x86.Build.0 = Release|Any CPU
		{F5FE0255-4C94-4689-87B3-964FCD8571F6}.Release-Signed|Any CPU.ActiveCfg = Release|Any CPU
		{F5FE0255-4C94-4689-87B3-964FCD8571F6}.Release-Signed|Any CPU.Build.0 = Release|Any CPU
		{F5FE0255-4C94-4689-87B3-964FCD8571F6}.Release-Signed|Mixed Platforms.ActiveCfg = Release|Any CPU
		{F5FE0255-4C94-4689-87B3-964FCD8571F6}.Release-Signed|Mixed Platforms.Build.0 = Release|Any CPU
		{F5FE0255-4C94-4689-87B3-964FCD8571F6}.Release-Signed|x64.ActiveCfg = Release|Any CPU
		{F5FE0255-4C94-4689-87B3-964FCD8571F6}.Release-Signed|x64.Build.0 = Release|Any CPU
		{F5FE0255-4C94-4689-87B3-964FCD8571F6}.Release-Signed|x86.ActiveCfg = Release|Any CPU
		{F5FE0255-4C94-4689-87B3-964FCD8571F6}.Release-Signed|x86.Build.0 = Release|Any CPU
		{A4991B6D-08BF-9E76-E3B6-738452EE3299}.ajgor|Any CPU.ActiveCfg = Debug|Any CPU
		{A4991B6D-08BF-9E76-E3B6-738452EE3299}.ajgor|Any CPU.Build.0 = Debug|Any CPU
		{A4991B6D-08BF-9E76-E3B6-738452EE3299}.ajgor|Mixed Platforms.ActiveCfg = Debug|Any CPU
		{A4991B6D-08BF-9E76-E3B6-738452EE3299}.ajgor|Mixed Platforms.Build.0 = Debug|Any CPU
		{A4991B6D-08BF-9E76-E3B6-738452EE3299}.ajgor|x64.ActiveCfg = Debug|Any CPU
		{A4991B6D-08BF-9E76-E3B6-738452EE3299}.ajgor|x64.Build.0 = Debug|Any CPU
		{A4991B6D-08BF-9E76-E3B6-738452EE3299}.ajgor|x86.ActiveCfg = Debug|Any CPU
		{A4991B6D-08BF-9E76-E3B6-738452EE3299}.ajgor|x86.Build.0 = Debug|Any CPU
		{A4991B6D-08BF-9E76-E3B6-738452EE3299}.Debug|Any CPU.ActiveCfg = Debug|Any CPU
		{A4991B6D-08BF-9E76-E3B6-738452EE3299}.Debug|Any CPU.Build.0 = Debug|Any CPU
		{A4991B6D-08BF-9E76-E3B6-738452EE3299}.Debug|Mixed Platforms.ActiveCfg = Debug|Any CPU
		{A4991B6D-08BF-9E76-E3B6-738452EE3299}.Debug|Mixed Platforms.Build.0 = Debug|Any CPU
		{A4991B6D-08BF-9E76-E3B6-738452EE3299}.Debug|x64.ActiveCfg = Debug|Any CPU
		{A4991B6D-08BF-9E76-E3B6-738452EE3299}.Debug|x64.Build.0 = Debug|Any CPU
		{A4991B6D-08BF-9E76-E3B6-738452EE3299}.Debug|x86.ActiveCfg = Debug|Any CPU
		{A4991B6D-08BF-9E76-E3B6-738452EE3299}.Debug|x86.Build.0 = Debug|Any CPU
		{A4991B6D-08BF-9E76-E3B6-738452EE3299}.Release|Any CPU.ActiveCfg = Release|Any CPU
		{A4991B6D-08BF-9E76-E3B6-738452EE3299}.Release|Any CPU.Build.0 = Release|Any CPU
		{A4991B6D-08BF-9E76-E3B6-738452EE3299}.Release|Mixed Platforms.ActiveCfg = Release|Any CPU
		{A4991B6D-08BF-9E76-E3B6-738452EE3299}.Release|Mixed Platforms.Build.0 = Release|Any CPU
		{A4991B6D-08BF-9E76-E3B6-738452EE3299}.Release|x64.ActiveCfg = Release|Any CPU
		{A4991B6D-08BF-9E76-E3B6-738452EE3299}.Release|x64.Build.0 = Release|Any CPU
		{A4991B6D-08BF-9E76-E3B6-738452EE3299}.Release|x86.ActiveCfg = Release|Any CPU
		{A4991B6D-08BF-9E76-E3B6-738452EE3299}.Release|x86.Build.0 = Release|Any CPU
		{A4991B6D-08BF-9E76-E3B6-738452EE3299}.Release-Signed|Any CPU.ActiveCfg = Release|Any CPU
		{A4991B6D-08BF-9E76-E3B6-738452EE3299}.Release-Signed|Any CPU.Build.0 = Release|Any CPU
		{A4991B6D-08BF-9E76-E3B6-738452EE3299}.Release-Signed|Mixed Platforms.ActiveCfg = Release|Any CPU
		{A4991B6D-08BF-9E76-E3B6-738452EE3299}.Release-Signed|Mixed Platforms.Build.0 = Release|Any CPU
		{A4991B6D-08BF-9E76-E3B6-738452EE3299}.Release-Signed|x64.ActiveCfg = Release|Any CPU
		{A4991B6D-08BF-9E76-E3B6-738452EE3299}.Release-Signed|x64.Build.0 = Release|Any CPU
		{A4991B6D-08BF-9E76-E3B6-738452EE3299}.Release-Signed|x86.ActiveCfg = Release|Any CPU
		{A4991B6D-08BF-9E76-E3B6-738452EE3299}.Release-Signed|x86.Build.0 = Release|Any CPU
		{8F087173-EEC3-E561-4C2E-0B07A2C5DA21}.ajgor|Any CPU.ActiveCfg = Debug|Any CPU
		{8F087173-EEC3-E561-4C2E-0B07A2C5DA21}.ajgor|Any CPU.Build.0 = Debug|Any CPU
		{8F087173-EEC3-E561-4C2E-0B07A2C5DA21}.ajgor|Mixed Platforms.ActiveCfg = Debug|Any CPU
		{8F087173-EEC3-E561-4C2E-0B07A2C5DA21}.ajgor|Mixed Platforms.Build.0 = Debug|Any CPU
		{8F087173-EEC3-E561-4C2E-0B07A2C5DA21}.ajgor|x64.ActiveCfg = Debug|Any CPU
		{8F087173-EEC3-E561-4C2E-0B07A2C5DA21}.ajgor|x64.Build.0 = Debug|Any CPU
		{8F087173-EEC3-E561-4C2E-0B07A2C5DA21}.ajgor|x86.ActiveCfg = Debug|Any CPU
		{8F087173-EEC3-E561-4C2E-0B07A2C5DA21}.ajgor|x86.Build.0 = Debug|Any CPU
		{8F087173-EEC3-E561-4C2E-0B07A2C5DA21}.Debug|Any CPU.ActiveCfg = Debug|Any CPU
		{8F087173-EEC3-E561-4C2E-0B07A2C5DA21}.Debug|Any CPU.Build.0 = Debug|Any CPU
		{8F087173-EEC3-E561-4C2E-0B07A2C5DA21}.Debug|Mixed Platforms.ActiveCfg = Debug|Any CPU
		{8F087173-EEC3-E561-4C2E-0B07A2C5DA21}.Debug|Mixed Platforms.Build.0 = Debug|Any CPU
		{8F087173-EEC3-E561-4C2E-0B07A2C5DA21}.Debug|x64.ActiveCfg = Debug|Any CPU
		{8F087173-EEC3-E561-4C2E-0B07A2C5DA21}.Debug|x64.Build.0 = Debug|Any CPU
		{8F087173-EEC3-E561-4C2E-0B07A2C5DA21}.Debug|x86.ActiveCfg = Debug|Any CPU
		{8F087173-EEC3-E561-4C2E-0B07A2C5DA21}.Debug|x86.Build.0 = Debug|Any CPU
		{8F087173-EEC3-E561-4C2E-0B07A2C5DA21}.Release|Any CPU.ActiveCfg = Release|Any CPU
		{8F087173-EEC3-E561-4C2E-0B07A2C5DA21}.Release|Any CPU.Build.0 = Release|Any CPU
		{8F087173-EEC3-E561-4C2E-0B07A2C5DA21}.Release|Mixed Platforms.ActiveCfg = Release|Any CPU
		{8F087173-EEC3-E561-4C2E-0B07A2C5DA21}.Release|Mixed Platforms.Build.0 = Release|Any CPU
		{8F087173-EEC3-E561-4C2E-0B07A2C5DA21}.Release|x64.ActiveCfg = Release|Any CPU
		{8F087173-EEC3-E561-4C2E-0B07A2C5DA21}.Release|x64.Build.0 = Release|Any CPU
		{8F087173-EEC3-E561-4C2E-0B07A2C5DA21}.Release|x86.ActiveCfg = Release|Any CPU
		{8F087173-EEC3-E561-4C2E-0B07A2C5DA21}.Release|x86.Build.0 = Release|Any CPU
		{8F087173-EEC3-E561-4C2E-0B07A2C5DA21}.Release-Signed|Any CPU.ActiveCfg = Release|Any CPU
		{8F087173-EEC3-E561-4C2E-0B07A2C5DA21}.Release-Signed|Any CPU.Build.0 = Release|Any CPU
		{8F087173-EEC3-E561-4C2E-0B07A2C5DA21}.Release-Signed|Mixed Platforms.ActiveCfg = Release|Any CPU
		{8F087173-EEC3-E561-4C2E-0B07A2C5DA21}.Release-Signed|Mixed Platforms.Build.0 = Release|Any CPU
		{8F087173-EEC3-E561-4C2E-0B07A2C5DA21}.Release-Signed|x64.ActiveCfg = Release|Any CPU
		{8F087173-EEC3-E561-4C2E-0B07A2C5DA21}.Release-Signed|x64.Build.0 = Release|Any CPU
		{8F087173-EEC3-E561-4C2E-0B07A2C5DA21}.Release-Signed|x86.ActiveCfg = Release|Any CPU
		{8F087173-EEC3-E561-4C2E-0B07A2C5DA21}.Release-Signed|x86.Build.0 = Release|Any CPU
		{381BCB6E-F5CF-777C-1AED-4DA261403F4F}.ajgor|Any CPU.ActiveCfg = Debug|Any CPU
		{381BCB6E-F5CF-777C-1AED-4DA261403F4F}.ajgor|Any CPU.Build.0 = Debug|Any CPU
		{381BCB6E-F5CF-777C-1AED-4DA261403F4F}.ajgor|Mixed Platforms.ActiveCfg = Debug|Any CPU
		{381BCB6E-F5CF-777C-1AED-4DA261403F4F}.ajgor|Mixed Platforms.Build.0 = Debug|Any CPU
		{381BCB6E-F5CF-777C-1AED-4DA261403F4F}.ajgor|x64.ActiveCfg = Debug|Any CPU
		{381BCB6E-F5CF-777C-1AED-4DA261403F4F}.ajgor|x64.Build.0 = Debug|Any CPU
		{381BCB6E-F5CF-777C-1AED-4DA261403F4F}.ajgor|x86.ActiveCfg = Debug|Any CPU
		{381BCB6E-F5CF-777C-1AED-4DA261403F4F}.ajgor|x86.Build.0 = Debug|Any CPU
		{381BCB6E-F5CF-777C-1AED-4DA261403F4F}.Debug|Any CPU.ActiveCfg = Debug|Any CPU
		{381BCB6E-F5CF-777C-1AED-4DA261403F4F}.Debug|Any CPU.Build.0 = Debug|Any CPU
		{381BCB6E-F5CF-777C-1AED-4DA261403F4F}.Debug|Mixed Platforms.ActiveCfg = Debug|Any CPU
		{381BCB6E-F5CF-777C-1AED-4DA261403F4F}.Debug|Mixed Platforms.Build.0 = Debug|Any CPU
		{381BCB6E-F5CF-777C-1AED-4DA261403F4F}.Debug|x64.ActiveCfg = Debug|Any CPU
		{381BCB6E-F5CF-777C-1AED-4DA261403F4F}.Debug|x64.Build.0 = Debug|Any CPU
		{381BCB6E-F5CF-777C-1AED-4DA261403F4F}.Debug|x86.ActiveCfg = Debug|Any CPU
		{381BCB6E-F5CF-777C-1AED-4DA261403F4F}.Debug|x86.Build.0 = Debug|Any CPU
		{381BCB6E-F5CF-777C-1AED-4DA261403F4F}.Release|Any CPU.ActiveCfg = Release|Any CPU
		{381BCB6E-F5CF-777C-1AED-4DA261403F4F}.Release|Any CPU.Build.0 = Release|Any CPU
		{381BCB6E-F5CF-777C-1AED-4DA261403F4F}.Release|Mixed Platforms.ActiveCfg = Release|Any CPU
		{381BCB6E-F5CF-777C-1AED-4DA261403F4F}.Release|Mixed Platforms.Build.0 = Release|Any CPU
		{381BCB6E-F5CF-777C-1AED-4DA261403F4F}.Release|x64.ActiveCfg = Release|Any CPU
		{381BCB6E-F5CF-777C-1AED-4DA261403F4F}.Release|x64.Build.0 = Release|Any CPU
		{381BCB6E-F5CF-777C-1AED-4DA261403F4F}.Release|x86.ActiveCfg = Release|Any CPU
		{381BCB6E-F5CF-777C-1AED-4DA261403F4F}.Release|x86.Build.0 = Release|Any CPU
		{381BCB6E-F5CF-777C-1AED-4DA261403F4F}.Release-Signed|Any CPU.ActiveCfg = Release|Any CPU
		{381BCB6E-F5CF-777C-1AED-4DA261403F4F}.Release-Signed|Any CPU.Build.0 = Release|Any CPU
		{381BCB6E-F5CF-777C-1AED-4DA261403F4F}.Release-Signed|Mixed Platforms.ActiveCfg = Release|Any CPU
		{381BCB6E-F5CF-777C-1AED-4DA261403F4F}.Release-Signed|Mixed Platforms.Build.0 = Release|Any CPU
		{381BCB6E-F5CF-777C-1AED-4DA261403F4F}.Release-Signed|x64.ActiveCfg = Release|Any CPU
		{381BCB6E-F5CF-777C-1AED-4DA261403F4F}.Release-Signed|x64.Build.0 = Release|Any CPU
		{381BCB6E-F5CF-777C-1AED-4DA261403F4F}.Release-Signed|x86.ActiveCfg = Release|Any CPU
		{381BCB6E-F5CF-777C-1AED-4DA261403F4F}.Release-Signed|x86.Build.0 = Release|Any CPU
		{E1902B55-910E-1C01-A2E7-8A258F53D46D}.ajgor|Any CPU.ActiveCfg = Debug|Any CPU
		{E1902B55-910E-1C01-A2E7-8A258F53D46D}.ajgor|Any CPU.Build.0 = Debug|Any CPU
		{E1902B55-910E-1C01-A2E7-8A258F53D46D}.ajgor|Mixed Platforms.ActiveCfg = Debug|Any CPU
		{E1902B55-910E-1C01-A2E7-8A258F53D46D}.ajgor|Mixed Platforms.Build.0 = Debug|Any CPU
		{E1902B55-910E-1C01-A2E7-8A258F53D46D}.ajgor|x64.ActiveCfg = Debug|Any CPU
		{E1902B55-910E-1C01-A2E7-8A258F53D46D}.ajgor|x64.Build.0 = Debug|Any CPU
		{E1902B55-910E-1C01-A2E7-8A258F53D46D}.ajgor|x86.ActiveCfg = Debug|Any CPU
		{E1902B55-910E-1C01-A2E7-8A258F53D46D}.ajgor|x86.Build.0 = Debug|Any CPU
		{E1902B55-910E-1C01-A2E7-8A258F53D46D}.Debug|Any CPU.ActiveCfg = Debug|Any CPU
		{E1902B55-910E-1C01-A2E7-8A258F53D46D}.Debug|Any CPU.Build.0 = Debug|Any CPU
		{E1902B55-910E-1C01-A2E7-8A258F53D46D}.Debug|Mixed Platforms.ActiveCfg = Debug|Any CPU
		{E1902B55-910E-1C01-A2E7-8A258F53D46D}.Debug|Mixed Platforms.Build.0 = Debug|Any CPU
		{E1902B55-910E-1C01-A2E7-8A258F53D46D}.Debug|x64.ActiveCfg = Debug|Any CPU
		{E1902B55-910E-1C01-A2E7-8A258F53D46D}.Debug|x64.Build.0 = Debug|Any CPU
		{E1902B55-910E-1C01-A2E7-8A258F53D46D}.Debug|x86.ActiveCfg = Debug|Any CPU
		{E1902B55-910E-1C01-A2E7-8A258F53D46D}.Debug|x86.Build.0 = Debug|Any CPU
		{E1902B55-910E-1C01-A2E7-8A258F53D46D}.Release|Any CPU.ActiveCfg = Release|Any CPU
		{E1902B55-910E-1C01-A2E7-8A258F53D46D}.Release|Any CPU.Build.0 = Release|Any CPU
		{E1902B55-910E-1C01-A2E7-8A258F53D46D}.Release|Mixed Platforms.ActiveCfg = Release|Any CPU
		{E1902B55-910E-1C01-A2E7-8A258F53D46D}.Release|Mixed Platforms.Build.0 = Release|Any CPU
		{E1902B55-910E-1C01-A2E7-8A258F53D46D}.Release|x64.ActiveCfg = Release|Any CPU
		{E1902B55-910E-1C01-A2E7-8A258F53D46D}.Release|x64.Build.0 = Release|Any CPU
		{E1902B55-910E-1C01-A2E7-8A258F53D46D}.Release|x86.ActiveCfg = Release|Any CPU
		{E1902B55-910E-1C01-A2E7-8A258F53D46D}.Release|x86.Build.0 = Release|Any CPU
		{E1902B55-910E-1C01-A2E7-8A258F53D46D}.Release-Signed|Any CPU.ActiveCfg = Release|Any CPU
		{E1902B55-910E-1C01-A2E7-8A258F53D46D}.Release-Signed|Any CPU.Build.0 = Release|Any CPU
		{E1902B55-910E-1C01-A2E7-8A258F53D46D}.Release-Signed|Mixed Platforms.ActiveCfg = Release|Any CPU
		{E1902B55-910E-1C01-A2E7-8A258F53D46D}.Release-Signed|Mixed Platforms.Build.0 = Release|Any CPU
		{E1902B55-910E-1C01-A2E7-8A258F53D46D}.Release-Signed|x64.ActiveCfg = Release|Any CPU
		{E1902B55-910E-1C01-A2E7-8A258F53D46D}.Release-Signed|x64.Build.0 = Release|Any CPU
		{E1902B55-910E-1C01-A2E7-8A258F53D46D}.Release-Signed|x86.ActiveCfg = Release|Any CPU
		{E1902B55-910E-1C01-A2E7-8A258F53D46D}.Release-Signed|x86.Build.0 = Release|Any CPU
		{AD77AABA-7414-262E-F49E-7D4C3ECABA73}.ajgor|Any CPU.ActiveCfg = Debug|Any CPU
		{AD77AABA-7414-262E-F49E-7D4C3ECABA73}.ajgor|Any CPU.Build.0 = Debug|Any CPU
		{AD77AABA-7414-262E-F49E-7D4C3ECABA73}.ajgor|Mixed Platforms.ActiveCfg = Debug|Any CPU
		{AD77AABA-7414-262E-F49E-7D4C3ECABA73}.ajgor|Mixed Platforms.Build.0 = Debug|Any CPU
		{AD77AABA-7414-262E-F49E-7D4C3ECABA73}.ajgor|x64.ActiveCfg = Debug|Any CPU
		{AD77AABA-7414-262E-F49E-7D4C3ECABA73}.ajgor|x64.Build.0 = Debug|Any CPU
		{AD77AABA-7414-262E-F49E-7D4C3ECABA73}.ajgor|x86.ActiveCfg = Debug|Any CPU
		{AD77AABA-7414-262E-F49E-7D4C3ECABA73}.ajgor|x86.Build.0 = Debug|Any CPU
		{AD77AABA-7414-262E-F49E-7D4C3ECABA73}.Debug|Any CPU.ActiveCfg = Debug|Any CPU
		{AD77AABA-7414-262E-F49E-7D4C3ECABA73}.Debug|Any CPU.Build.0 = Debug|Any CPU
		{AD77AABA-7414-262E-F49E-7D4C3ECABA73}.Debug|Mixed Platforms.ActiveCfg = Debug|Any CPU
		{AD77AABA-7414-262E-F49E-7D4C3ECABA73}.Debug|Mixed Platforms.Build.0 = Debug|Any CPU
		{AD77AABA-7414-262E-F49E-7D4C3ECABA73}.Debug|x64.ActiveCfg = Debug|Any CPU
		{AD77AABA-7414-262E-F49E-7D4C3ECABA73}.Debug|x64.Build.0 = Debug|Any CPU
		{AD77AABA-7414-262E-F49E-7D4C3ECABA73}.Debug|x86.ActiveCfg = Debug|Any CPU
		{AD77AABA-7414-262E-F49E-7D4C3ECABA73}.Debug|x86.Build.0 = Debug|Any CPU
		{AD77AABA-7414-262E-F49E-7D4C3ECABA73}.Release|Any CPU.ActiveCfg = Release|Any CPU
		{AD77AABA-7414-262E-F49E-7D4C3ECABA73}.Release|Any CPU.Build.0 = Release|Any CPU
		{AD77AABA-7414-262E-F49E-7D4C3ECABA73}.Release|Mixed Platforms.ActiveCfg = Release|Any CPU
		{AD77AABA-7414-262E-F49E-7D4C3ECABA73}.Release|Mixed Platforms.Build.0 = Release|Any CPU
		{AD77AABA-7414-262E-F49E-7D4C3ECABA73}.Release|x64.ActiveCfg = Release|Any CPU
		{AD77AABA-7414-262E-F49E-7D4C3ECABA73}.Release|x64.Build.0 = Release|Any CPU
		{AD77AABA-7414-262E-F49E-7D4C3ECABA73}.Release|x86.ActiveCfg = Release|Any CPU
		{AD77AABA-7414-262E-F49E-7D4C3ECABA73}.Release|x86.Build.0 = Release|Any CPU
		{AD77AABA-7414-262E-F49E-7D4C3ECABA73}.Release-Signed|Any CPU.ActiveCfg = Release|Any CPU
		{AD77AABA-7414-262E-F49E-7D4C3ECABA73}.Release-Signed|Any CPU.Build.0 = Release|Any CPU
		{AD77AABA-7414-262E-F49E-7D4C3ECABA73}.Release-Signed|Mixed Platforms.ActiveCfg = Release|Any CPU
		{AD77AABA-7414-262E-F49E-7D4C3ECABA73}.Release-Signed|Mixed Platforms.Build.0 = Release|Any CPU
		{AD77AABA-7414-262E-F49E-7D4C3ECABA73}.Release-Signed|x64.ActiveCfg = Release|Any CPU
		{AD77AABA-7414-262E-F49E-7D4C3ECABA73}.Release-Signed|x64.Build.0 = Release|Any CPU
		{AD77AABA-7414-262E-F49E-7D4C3ECABA73}.Release-Signed|x86.ActiveCfg = Release|Any CPU
		{AD77AABA-7414-262E-F49E-7D4C3ECABA73}.Release-Signed|x86.Build.0 = Release|Any CPU
		{18842D07-F845-0112-D907-0FFA8706ACD5}.ajgor|Any CPU.ActiveCfg = Debug|Any CPU
		{18842D07-F845-0112-D907-0FFA8706ACD5}.ajgor|Any CPU.Build.0 = Debug|Any CPU
		{18842D07-F845-0112-D907-0FFA8706ACD5}.ajgor|Mixed Platforms.ActiveCfg = Debug|Any CPU
		{18842D07-F845-0112-D907-0FFA8706ACD5}.ajgor|Mixed Platforms.Build.0 = Debug|Any CPU
		{18842D07-F845-0112-D907-0FFA8706ACD5}.ajgor|x64.ActiveCfg = Debug|Any CPU
		{18842D07-F845-0112-D907-0FFA8706ACD5}.ajgor|x64.Build.0 = Debug|Any CPU
		{18842D07-F845-0112-D907-0FFA8706ACD5}.ajgor|x86.ActiveCfg = Debug|Any CPU
		{18842D07-F845-0112-D907-0FFA8706ACD5}.ajgor|x86.Build.0 = Debug|Any CPU
		{18842D07-F845-0112-D907-0FFA8706ACD5}.Debug|Any CPU.ActiveCfg = Debug|Any CPU
		{18842D07-F845-0112-D907-0FFA8706ACD5}.Debug|Any CPU.Build.0 = Debug|Any CPU
		{18842D07-F845-0112-D907-0FFA8706ACD5}.Debug|Mixed Platforms.ActiveCfg = Debug|Any CPU
		{18842D07-F845-0112-D907-0FFA8706ACD5}.Debug|Mixed Platforms.Build.0 = Debug|Any CPU
		{18842D07-F845-0112-D907-0FFA8706ACD5}.Debug|x64.ActiveCfg = Debug|Any CPU
		{18842D07-F845-0112-D907-0FFA8706ACD5}.Debug|x64.Build.0 = Debug|Any CPU
		{18842D07-F845-0112-D907-0FFA8706ACD5}.Debug|x86.ActiveCfg = Debug|Any CPU
		{18842D07-F845-0112-D907-0FFA8706ACD5}.Debug|x86.Build.0 = Debug|Any CPU
		{18842D07-F845-0112-D907-0FFA8706ACD5}.Release|Any CPU.ActiveCfg = Release|Any CPU
		{18842D07-F845-0112-D907-0FFA8706ACD5}.Release|Any CPU.Build.0 = Release|Any CPU
		{18842D07-F845-0112-D907-0FFA8706ACD5}.Release|Mixed Platforms.ActiveCfg = Release|Any CPU
		{18842D07-F845-0112-D907-0FFA8706ACD5}.Release|Mixed Platforms.Build.0 = Release|Any CPU
		{18842D07-F845-0112-D907-0FFA8706ACD5}.Release|x64.ActiveCfg = Release|Any CPU
		{18842D07-F845-0112-D907-0FFA8706ACD5}.Release|x64.Build.0 = Release|Any CPU
		{18842D07-F845-0112-D907-0FFA8706ACD5}.Release|x86.ActiveCfg = Release|Any CPU
		{18842D07-F845-0112-D907-0FFA8706ACD5}.Release|x86.Build.0 = Release|Any CPU
		{18842D07-F845-0112-D907-0FFA8706ACD5}.Release-Signed|Any CPU.ActiveCfg = Release|Any CPU
		{18842D07-F845-0112-D907-0FFA8706ACD5}.Release-Signed|Any CPU.Build.0 = Release|Any CPU
		{18842D07-F845-0112-D907-0FFA8706ACD5}.Release-Signed|Mixed Platforms.ActiveCfg = Release|Any CPU
		{18842D07-F845-0112-D907-0FFA8706ACD5}.Release-Signed|Mixed Platforms.Build.0 = Release|Any CPU
		{18842D07-F845-0112-D907-0FFA8706ACD5}.Release-Signed|x64.ActiveCfg = Release|Any CPU
		{18842D07-F845-0112-D907-0FFA8706ACD5}.Release-Signed|x64.Build.0 = Release|Any CPU
		{18842D07-F845-0112-D907-0FFA8706ACD5}.Release-Signed|x86.ActiveCfg = Release|Any CPU
		{18842D07-F845-0112-D907-0FFA8706ACD5}.Release-Signed|x86.Build.0 = Release|Any CPU
	EndGlobalSection
	GlobalSection(SolutionProperties) = preSolution
		HideSolutionNode = FALSE
	EndGlobalSection
	GlobalSection(NestedProjects) = preSolution
		{0AB31A6E-E0DE-4F4E-8D0E-7AD60AE65E26} = {D68D3525-832F-4282-BC21-2A685D7C4AB7}
		{678738DA-F723-4920-B9E5-CAD667104BDA} = {56DDCD18-254B-4F95-AD36-AB87D817FFBE}
		{A69FD3C5-F2B0-4055-A518-F4173EBA5E4D} = {56DDCD18-254B-4F95-AD36-AB87D817FFBE}
		{0751CBC9-A68C-4B8F-B6B0-F69F6773F8FD} = {B2CDC61D-777A-45A1-999E-419270CF55E2}
		{DC2FE962-2684-4B38-802F-CB940A0246F9} = {B2CDC61D-777A-45A1-999E-419270CF55E2}
		{8518E515-6981-4040-9465-BDBB29C60498} = {DC2FE962-2684-4B38-802F-CB940A0246F9}
		{AF53556C-4A9E-461B-8DA8-9F6BFD276BEC} = {B2CDC61D-777A-45A1-999E-419270CF55E2}
		{A1CB03CC-D5F1-40C3-8AD3-542EA5D8D7FA} = {3A8FFE30-7319-4256-8A79-F34F41A03575}
		{F5FE0255-4C94-4689-87B3-964FCD8571F6} = {56DDCD18-254B-4F95-AD36-AB87D817FFBE}
		{103FD0F9-B3B8-4F09-8856-F04A0EBA52DD} = {D68D3525-832F-4282-BC21-2A685D7C4AB7}
		{4C3600F5-CDA9-4B5A-9063-434651DBF992} = {D68D3525-832F-4282-BC21-2A685D7C4AB7}
		{EF618E45-74F6-426B-BB93-D95B24B4C1DC} = {103FD0F9-B3B8-4F09-8856-F04A0EBA52DD}
		{A4991B6D-08BF-9E76-E3B6-738452EE3299} = {EF618E45-74F6-426B-BB93-D95B24B4C1DC}
		{8F087173-EEC3-E561-4C2E-0B07A2C5DA21} = {EF618E45-74F6-426B-BB93-D95B24B4C1DC}
		{381BCB6E-F5CF-777C-1AED-4DA261403F4F} = {EF618E45-74F6-426B-BB93-D95B24B4C1DC}
		{E1902B55-910E-1C01-A2E7-8A258F53D46D} = {EF618E45-74F6-426B-BB93-D95B24B4C1DC}
		{AD77AABA-7414-262E-F49E-7D4C3ECABA73} = {EF618E45-74F6-426B-BB93-D95B24B4C1DC}
		{18842D07-F845-0112-D907-0FFA8706ACD5} = {4C3600F5-CDA9-4B5A-9063-434651DBF992}
	EndGlobalSection
	GlobalSection(ExtensibilityGlobals) = postSolution
		SolutionGuid = {69EF0C0F-3AA4-4C30-B227-B7B92EDED87B}
	EndGlobalSection
	GlobalSection(MonoDevelopProperties) = preSolution
		StartupItem = ..\shelldev\0guests\ferdo\IGLibShell\IGLibShell.csproj
	EndGlobalSection
EndGlobal
