
Microsoft Visual Studio Solution File, Format Version 12.00
# Visual Studio Version 16
VisualStudioVersion = 16.0.30709.132
MinimumVisualStudioVersion = 10.0.40219.1
Project("{FAE04EC0-301F-11D3-BF4B-00C04F79EFBC}") = "igform", "..\iglib\igforms\igform.csproj", "{50235FC8-A69D-47AE-A557-6518B35CC7C9}"
EndProject
Project("{FAE04EC0-301F-11D3-BF4B-00C04F79EFBC}") = "ReporterMsg", "..\iglib\reportermsg\ReporterMsg\ReporterMsg.csproj", "{AC130D8D-D656-4EA6-A940-3C261F589ACE}"
EndProject
Project("{FAE04EC0-301F-11D3-BF4B-00C04F79EFBC}") = "ReporterMsg_Example_Config", "..\iglib\reportermsg\Additional\ReporterMsg_Example_Config\ReporterMsg_Example_Config.csproj", "{80C26312-7BDA-40FD-8CB1-3546C2CA4B0F}"
EndProject
Project("{FAE04EC0-301F-11D3-BF4B-00C04F79EFBC}") = "ReportMsg_Examples", "..\iglib\reportermsg\Additional\ReportMsg_Examples\ReportMsg_Examples.csproj", "{77A1F665-FA61-4B53-A610-0C7B6C778204}"
EndProject
Project("{FAE04EC0-301F-11D3-BF4B-00C04F79EFBC}") = "ReporterMsg_Forms", "..\iglib\reportermsg\ReporterMsg_Forms\ReporterMsg_Forms.csproj", "{BD0BC991-E9E5-419E-9172-3B0C00210018}"
EndProject
Project("{FAE04EC0-301F-11D3-BF4B-00C04F79EFBC}") = "igplot2d", "..\iglib\extensions\igplot2d\plot2d\igplot2d.csproj", "{C9A09DBC-B304-42DF-9CEE-6BA0E856ABC2}"
EndProject
Project("{FAE04EC0-301F-11D3-BF4B-00C04F79EFBC}") = "igplot3d", "..\iglib\extensions\igplot3d\plot3d\igplot3d.csproj", "{8BBF5C58-2562-4E9B-ACB8-3F3A3B031F62}"
EndProject
Project("{FAE04EC0-301F-11D3-BF4B-00C04F79EFBC}") = "iglib_ext", "..\iglib\extensions\iglibext\iglib_ext.csproj", "{4E4B240A-6994-4747-BB6C-0CC0D2578D04}"
EndProject
Project("{FAE04EC0-301F-11D3-BF4B-00C04F79EFBC}") = "iglib_base", "..\iglib\igbase\iglib_base.csproj", "{0AB31A6E-E0DE-4F4E-8D0E-7AD60AE65E26}"
EndProject
Project("{2150E333-8FDC-42A3-9474-1A3956D46DE8}") = "ExternalLibraries", "ExternalLibraries", "{979592F7-9C7C-4C7C-8997-99FBE1C6BFF8}"
EndProject
Project("{FAE04EC0-301F-11D3-BF4B-00C04F79EFBC}") = "Jint", "..\iglib\external\jint\Jint\Jint.csproj", "{678738DA-F723-4920-B9E5-CAD667104BDA}"
EndProject
Project("{2150E333-8FDC-42A3-9474-1A3956D46DE8}") = "Solution Items", "Solution Items", "{EEB46124-068A-4931-BBEC-A45E8A5AA3E6}"
	ProjectSection(SolutionItems) = preProject
		..\iglib\0readme_solution_iglib.txt = ..\iglib\0readme_solution_iglib.txt
	EndProjectSection
EndProject
Project("{FAE04EC0-301F-11D3-BF4B-00C04F79EFBC}") = "Guest_IGTestQuick", "..\unittests\Guest_IGTestQuick\Guest_IGTestQuick.csproj", "{F6BE00B5-8C75-4F8A-A4C6-C510A7AFD8B3}"
EndProject
Project("{2150E333-8FDC-42A3-9474-1A3956D46DE8}") = "UnitTests", "UnitTests", "{40EBA999-12B7-4F10-A68D-5B1A6F038F92}"
EndProject
Project("{FAE04EC0-301F-11D3-BF4B-00C04F79EFBC}") = "TestExampleNunit", "..\unittests\TestExampleNunit\TestExampleNunit.csproj", "{EED81351-FA28-4463-8FB0-4D657C2289D5}"
EndProject
Project("{FAE04EC0-301F-11D3-BF4B-00C04F79EFBC}") = "Guest_IGTestCopy", "..\unittests\Guest_IGTestCopy\Guest_IGTestCopy.csproj", "{9B8676F4-A6DB-4E27-A423-B4E417C8341B}"
EndProject
Project("{2150E333-8FDC-42A3-9474-1A3956D46DE8}") = "UserApplications", "UserApplications", "{20CB96FE-146B-4578-BA06-A89EC97DDC29}"
EndProject
Project("{FAE04EC0-301F-11D3-BF4B-00C04F79EFBC}") = "IGUserShellBin", "..\..\applications\IGLibUser\demo\IGUserShell\IGUserShellBin.csproj", "{1FC647C4-A465-4010-A55E-81E5862B1204}"
EndProject
Project("{2150E333-8FDC-42A3-9474-1A3956D46DE8}") = "IGShell", "IGShell", "{1D30A80D-9E20-4C25-BFF7-91AA4A969406}"
EndProject
Project("{FAE04EC0-301F-11D3-BF4B-00C04F79EFBC}") = "IGLibShell", "..\shelldev\igshell\IGLibShell\IGLibShell.csproj", "{39E26C5F-2F65-4754-A85D-6159D0940427}"
EndProject
Project("{FAE04EC0-301F-11D3-BF4B-00C04F79EFBC}") = "TestExampleNunitNew", "..\unittests\TestExampleNunitNew\TestExampleNunitNew.csproj", "{AF53556C-4A9E-461B-8DA8-9F6BFD276BEC}"
EndProject
Project("{2150E333-8FDC-42A3-9474-1A3956D46DE8}") = "IGLibApplications", "IGLibApplications", "{32686B8D-F9B2-4DDD-ACAF-CC7037542FA9}"
EndProject
Project("{2150E333-8FDC-42A3-9474-1A3956D46DE8}") = "IGLibApplications_Bin", "IGLibApplications_Bin", "{174BF732-EBF8-446B-8BC2-416D0BE0F582}"
EndProject
Project("{FAE04EC0-301F-11D3-BF4B-00C04F79EFBC}") = "Guest_IGShell", "..\shelldev\igshell\Applications\Guest_IGShell.csproj", "{841FA893-8609-46FA-89B9-4F70D7E09786}"
EndProject
Project("{FAE04EC0-301F-11D3-BF4B-00C04F79EFBC}") = "HashForm", "..\shelldev\igshell\Applications\HashForm.csproj", "{247CB789-4DBB-485E-8DAC-6AA66DA341AA}"
EndProject
Project("{FAE04EC0-301F-11D3-BF4B-00C04F79EFBC}") = "HashShell", "..\shelldev\igshell\Applications\HashShell.csproj", "{C03FDBAC-02D0-4721-87B9-8145D144193D}"
EndProject
Project("{FAE04EC0-301F-11D3-BF4B-00C04F79EFBC}") = "Guest_IGShellBin", "..\shelldev\igshell\Applications\Guest_IGShellBin.csproj", "{A9FA7553-5835-4511-90C8-E39FB2B5A068}"
	ProjectSection(ProjectDependencies) = postProject
		{39E26C5F-2F65-4754-A85D-6159D0940427} = {39E26C5F-2F65-4754-A85D-6159D0940427}
	EndProjectSection
EndProject
Project("{FAE04EC0-301F-11D3-BF4B-00C04F79EFBC}") = "HashFormBin", "..\shelldev\igshell\Applications\HashFormBin.csproj", "{24DE81F4-F636-4D80-BC15-424EA17E12D1}"
	ProjectSection(ProjectDependencies) = postProject
		{39E26C5F-2F65-4754-A85D-6159D0940427} = {39E26C5F-2F65-4754-A85D-6159D0940427}
	EndProjectSection
EndProject
Project("{FAE04EC0-301F-11D3-BF4B-00C04F79EFBC}") = "HashShellBin", "..\shelldev\igshell\Applications\HashShellBin.csproj", "{62F61D8F-A38F-449C-8D15-52169CAF162E}"
	ProjectSection(ProjectDependencies) = postProject
		{39E26C5F-2F65-4754-A85D-6159D0940427} = {39E26C5F-2F65-4754-A85D-6159D0940427}
	EndProjectSection
EndProject
Project("{9A19103F-16F7-4668-BE54-9A1E7A4F7556}") = "ZedGraph", "..\iglib\external\ZedGraph\source\ZedGraph\ZedGraph.csproj", "{3CCA3C60-20E7-461C-94B3-9B020FE278DB}"
EndProject
Project("{9A19103F-16F7-4668-BE54-9A1E7A4F7556}") = "ZedGraph.WinForms", "..\iglib\external\ZedGraph\source\ZedGraph.WinForms\ZedGraph.WinForms.csproj", "{76448460-4DE4-45FB-B35D-076D8759614A}"
EndProject
Project("{9A19103F-16F7-4668-BE54-9A1E7A4F7556}") = "Numerics", "..\iglib\external\mathnet-numerics\src\Numerics\Numerics.csproj", "{D58DBF4E-7E5E-4FFC-B501-BBA27FC78B8D}"
EndProject
Global
	GlobalSection(SolutionConfigurationPlatforms) = preSolution
		ajgor|Any CPU = ajgor|Any CPU
		ajgor|ARM = ajgor|ARM
		ajgor|Mixed Platforms = ajgor|Mixed Platforms
		ajgor|x64 = ajgor|x64
		ajgor|x86 = ajgor|x86
		Debug|Any CPU = Debug|Any CPU
		Debug|ARM = Debug|ARM
		Debug|Mixed Platforms = Debug|Mixed Platforms
		Debug|x64 = Debug|x64
		Debug|x86 = Debug|x86
		Release|Any CPU = Release|Any CPU
		Release|ARM = Release|ARM
		Release|Mixed Platforms = Release|Mixed Platforms
		Release|x64 = Release|x64
		Release|x86 = Release|x86
		Release-Signed|Any CPU = Release-Signed|Any CPU
		Release-Signed|ARM = Release-Signed|ARM
		Release-Signed|Mixed Platforms = Release-Signed|Mixed Platforms
		Release-Signed|x64 = Release-Signed|x64
		Release-Signed|x86 = Release-Signed|x86
	EndGlobalSection
	GlobalSection(ProjectConfigurationPlatforms) = postSolution
		{50235FC8-A69D-47AE-A557-6518B35CC7C9}.ajgor|Any CPU.ActiveCfg = Release|Any CPU
		{50235FC8-A69D-47AE-A557-6518B35CC7C9}.ajgor|Any CPU.Build.0 = Release|Any CPU
		{50235FC8-A69D-47AE-A557-6518B35CC7C9}.ajgor|ARM.ActiveCfg = Debug|Any CPU
		{50235FC8-A69D-47AE-A557-6518B35CC7C9}.ajgor|ARM.Build.0 = Debug|Any CPU
		{50235FC8-A69D-47AE-A557-6518B35CC7C9}.ajgor|Mixed Platforms.ActiveCfg = Release|Any CPU
		{50235FC8-A69D-47AE-A557-6518B35CC7C9}.ajgor|Mixed Platforms.Build.0 = Release|Any CPU
		{50235FC8-A69D-47AE-A557-6518B35CC7C9}.ajgor|x64.ActiveCfg = Debug|Any CPU
		{50235FC8-A69D-47AE-A557-6518B35CC7C9}.ajgor|x64.Build.0 = Debug|Any CPU
		{50235FC8-A69D-47AE-A557-6518B35CC7C9}.ajgor|x86.ActiveCfg = Release|Any CPU
		{50235FC8-A69D-47AE-A557-6518B35CC7C9}.Debug|Any CPU.ActiveCfg = Debug|Any CPU
		{50235FC8-A69D-47AE-A557-6518B35CC7C9}.Debug|Any CPU.Build.0 = Debug|Any CPU
		{50235FC8-A69D-47AE-A557-6518B35CC7C9}.Debug|ARM.ActiveCfg = Debug|Any CPU
		{50235FC8-A69D-47AE-A557-6518B35CC7C9}.Debug|ARM.Build.0 = Debug|Any CPU
		{50235FC8-A69D-47AE-A557-6518B35CC7C9}.Debug|Mixed Platforms.ActiveCfg = Debug|Any CPU
		{50235FC8-A69D-47AE-A557-6518B35CC7C9}.Debug|Mixed Platforms.Build.0 = Debug|Any CPU
		{50235FC8-A69D-47AE-A557-6518B35CC7C9}.Debug|x64.ActiveCfg = Debug|Any CPU
		{50235FC8-A69D-47AE-A557-6518B35CC7C9}.Debug|x64.Build.0 = Debug|Any CPU
		{50235FC8-A69D-47AE-A557-6518B35CC7C9}.Debug|x86.ActiveCfg = Debug|x86
		{50235FC8-A69D-47AE-A557-6518B35CC7C9}.Debug|x86.Build.0 = Debug|x86
		{50235FC8-A69D-47AE-A557-6518B35CC7C9}.Release|Any CPU.ActiveCfg = Release|Any CPU
		{50235FC8-A69D-47AE-A557-6518B35CC7C9}.Release|Any CPU.Build.0 = Release|Any CPU
		{50235FC8-A69D-47AE-A557-6518B35CC7C9}.Release|ARM.ActiveCfg = Release|Any CPU
		{50235FC8-A69D-47AE-A557-6518B35CC7C9}.Release|ARM.Build.0 = Release|Any CPU
		{50235FC8-A69D-47AE-A557-6518B35CC7C9}.Release|Mixed Platforms.ActiveCfg = Release|Any CPU
		{50235FC8-A69D-47AE-A557-6518B35CC7C9}.Release|Mixed Platforms.Build.0 = Release|Any CPU
		{50235FC8-A69D-47AE-A557-6518B35CC7C9}.Release|x64.ActiveCfg = Release|Any CPU
		{50235FC8-A69D-47AE-A557-6518B35CC7C9}.Release|x64.Build.0 = Release|Any CPU
		{50235FC8-A69D-47AE-A557-6518B35CC7C9}.Release|x86.ActiveCfg = Release|Any CPU
		{50235FC8-A69D-47AE-A557-6518B35CC7C9}.Release|x86.Build.0 = Release|Any CPU
		{50235FC8-A69D-47AE-A557-6518B35CC7C9}.Release-Signed|Any CPU.ActiveCfg = Release|Any CPU
		{50235FC8-A69D-47AE-A557-6518B35CC7C9}.Release-Signed|Any CPU.Build.0 = Release|Any CPU
		{50235FC8-A69D-47AE-A557-6518B35CC7C9}.Release-Signed|ARM.ActiveCfg = Release|Any CPU
		{50235FC8-A69D-47AE-A557-6518B35CC7C9}.Release-Signed|ARM.Build.0 = Release|Any CPU
		{50235FC8-A69D-47AE-A557-6518B35CC7C9}.Release-Signed|Mixed Platforms.ActiveCfg = Release|Any CPU
		{50235FC8-A69D-47AE-A557-6518B35CC7C9}.Release-Signed|Mixed Platforms.Build.0 = Release|Any CPU
		{50235FC8-A69D-47AE-A557-6518B35CC7C9}.Release-Signed|x64.ActiveCfg = Release|Any CPU
		{50235FC8-A69D-47AE-A557-6518B35CC7C9}.Release-Signed|x64.Build.0 = Release|Any CPU
		{50235FC8-A69D-47AE-A557-6518B35CC7C9}.Release-Signed|x86.ActiveCfg = Release|Any CPU
		{AC130D8D-D656-4EA6-A940-3C261F589ACE}.ajgor|Any CPU.ActiveCfg = Release|Any CPU
		{AC130D8D-D656-4EA6-A940-3C261F589ACE}.ajgor|Any CPU.Build.0 = Release|Any CPU
		{AC130D8D-D656-4EA6-A940-3C261F589ACE}.ajgor|ARM.ActiveCfg = Debug|Any CPU
		{AC130D8D-D656-4EA6-A940-3C261F589ACE}.ajgor|ARM.Build.0 = Debug|Any CPU
		{AC130D8D-D656-4EA6-A940-3C261F589ACE}.ajgor|Mixed Platforms.ActiveCfg = Release|Any CPU
		{AC130D8D-D656-4EA6-A940-3C261F589ACE}.ajgor|Mixed Platforms.Build.0 = Release|Any CPU
		{AC130D8D-D656-4EA6-A940-3C261F589ACE}.ajgor|x64.ActiveCfg = Debug|Any CPU
		{AC130D8D-D656-4EA6-A940-3C261F589ACE}.ajgor|x64.Build.0 = Debug|Any CPU
		{AC130D8D-D656-4EA6-A940-3C261F589ACE}.ajgor|x86.ActiveCfg = Release|Any CPU
		{AC130D8D-D656-4EA6-A940-3C261F589ACE}.Debug|Any CPU.ActiveCfg = Debug|Any CPU
		{AC130D8D-D656-4EA6-A940-3C261F589ACE}.Debug|Any CPU.Build.0 = Debug|Any CPU
		{AC130D8D-D656-4EA6-A940-3C261F589ACE}.Debug|ARM.ActiveCfg = Debug|Any CPU
		{AC130D8D-D656-4EA6-A940-3C261F589ACE}.Debug|ARM.Build.0 = Debug|Any CPU
		{AC130D8D-D656-4EA6-A940-3C261F589ACE}.Debug|Mixed Platforms.ActiveCfg = Debug|Any CPU
		{AC130D8D-D656-4EA6-A940-3C261F589ACE}.Debug|Mixed Platforms.Build.0 = Debug|Any CPU
		{AC130D8D-D656-4EA6-A940-3C261F589ACE}.Debug|x64.ActiveCfg = Debug|Any CPU
		{AC130D8D-D656-4EA6-A940-3C261F589ACE}.Debug|x64.Build.0 = Debug|Any CPU
		{AC130D8D-D656-4EA6-A940-3C261F589ACE}.Debug|x86.ActiveCfg = Debug|x86
		{AC130D8D-D656-4EA6-A940-3C261F589ACE}.Debug|x86.Build.0 = Debug|x86
		{AC130D8D-D656-4EA6-A940-3C261F589ACE}.Release|Any CPU.ActiveCfg = Release|Any CPU
		{AC130D8D-D656-4EA6-A940-3C261F589ACE}.Release|Any CPU.Build.0 = Release|Any CPU
		{AC130D8D-D656-4EA6-A940-3C261F589ACE}.Release|ARM.ActiveCfg = Release|Any CPU
		{AC130D8D-D656-4EA6-A940-3C261F589ACE}.Release|ARM.Build.0 = Release|Any CPU
		{AC130D8D-D656-4EA6-A940-3C261F589ACE}.Release|Mixed Platforms.ActiveCfg = Release|Any CPU
		{AC130D8D-D656-4EA6-A940-3C261F589ACE}.Release|Mixed Platforms.Build.0 = Release|Any CPU
		{AC130D8D-D656-4EA6-A940-3C261F589ACE}.Release|x64.ActiveCfg = Release|Any CPU
		{AC130D8D-D656-4EA6-A940-3C261F589ACE}.Release|x64.Build.0 = Release|Any CPU
		{AC130D8D-D656-4EA6-A940-3C261F589ACE}.Release|x86.ActiveCfg = Release|Any CPU
		{AC130D8D-D656-4EA6-A940-3C261F589ACE}.Release|x86.Build.0 = Release|Any CPU
		{AC130D8D-D656-4EA6-A940-3C261F589ACE}.Release-Signed|Any CPU.ActiveCfg = Release|Any CPU
		{AC130D8D-D656-4EA6-A940-3C261F589ACE}.Release-Signed|Any CPU.Build.0 = Release|Any CPU
		{AC130D8D-D656-4EA6-A940-3C261F589ACE}.Release-Signed|ARM.ActiveCfg = Release|Any CPU
		{AC130D8D-D656-4EA6-A940-3C261F589ACE}.Release-Signed|ARM.Build.0 = Release|Any CPU
		{AC130D8D-D656-4EA6-A940-3C261F589ACE}.Release-Signed|Mixed Platforms.ActiveCfg = Release|Any CPU
		{AC130D8D-D656-4EA6-A940-3C261F589ACE}.Release-Signed|Mixed Platforms.Build.0 = Release|Any CPU
		{AC130D8D-D656-4EA6-A940-3C261F589ACE}.Release-Signed|x64.ActiveCfg = Release|Any CPU
		{AC130D8D-D656-4EA6-A940-3C261F589ACE}.Release-Signed|x64.Build.0 = Release|Any CPU
		{AC130D8D-D656-4EA6-A940-3C261F589ACE}.Release-Signed|x86.ActiveCfg = Release|Any CPU
		{80C26312-7BDA-40FD-8CB1-3546C2CA4B0F}.ajgor|Any CPU.ActiveCfg = Release|Any CPU
		{80C26312-7BDA-40FD-8CB1-3546C2CA4B0F}.ajgor|Any CPU.Build.0 = Release|Any CPU
		{80C26312-7BDA-40FD-8CB1-3546C2CA4B0F}.ajgor|ARM.ActiveCfg = Debug|Any CPU
		{80C26312-7BDA-40FD-8CB1-3546C2CA4B0F}.ajgor|ARM.Build.0 = Debug|Any CPU
		{80C26312-7BDA-40FD-8CB1-3546C2CA4B0F}.ajgor|Mixed Platforms.ActiveCfg = Release|Any CPU
		{80C26312-7BDA-40FD-8CB1-3546C2CA4B0F}.ajgor|Mixed Platforms.Build.0 = Release|Any CPU
		{80C26312-7BDA-40FD-8CB1-3546C2CA4B0F}.ajgor|x64.ActiveCfg = Debug|Any CPU
		{80C26312-7BDA-40FD-8CB1-3546C2CA4B0F}.ajgor|x64.Build.0 = Debug|Any CPU
		{80C26312-7BDA-40FD-8CB1-3546C2CA4B0F}.ajgor|x86.ActiveCfg = Release|Any CPU
		{80C26312-7BDA-40FD-8CB1-3546C2CA4B0F}.Debug|Any CPU.ActiveCfg = Debug|Any CPU
		{80C26312-7BDA-40FD-8CB1-3546C2CA4B0F}.Debug|Any CPU.Build.0 = Debug|Any CPU
		{80C26312-7BDA-40FD-8CB1-3546C2CA4B0F}.Debug|ARM.ActiveCfg = Debug|Any CPU
		{80C26312-7BDA-40FD-8CB1-3546C2CA4B0F}.Debug|ARM.Build.0 = Debug|Any CPU
		{80C26312-7BDA-40FD-8CB1-3546C2CA4B0F}.Debug|Mixed Platforms.ActiveCfg = Debug|Any CPU
		{80C26312-7BDA-40FD-8CB1-3546C2CA4B0F}.Debug|Mixed Platforms.Build.0 = Debug|Any CPU
		{80C26312-7BDA-40FD-8CB1-3546C2CA4B0F}.Debug|x64.ActiveCfg = Debug|Any CPU
		{80C26312-7BDA-40FD-8CB1-3546C2CA4B0F}.Debug|x64.Build.0 = Debug|Any CPU
		{80C26312-7BDA-40FD-8CB1-3546C2CA4B0F}.Debug|x86.ActiveCfg = Debug|x86
		{80C26312-7BDA-40FD-8CB1-3546C2CA4B0F}.Debug|x86.Build.0 = Debug|x86
		{80C26312-7BDA-40FD-8CB1-3546C2CA4B0F}.Release|Any CPU.ActiveCfg = Release|Any CPU
		{80C26312-7BDA-40FD-8CB1-3546C2CA4B0F}.Release|Any CPU.Build.0 = Release|Any CPU
		{80C26312-7BDA-40FD-8CB1-3546C2CA4B0F}.Release|ARM.ActiveCfg = Release|Any CPU
		{80C26312-7BDA-40FD-8CB1-3546C2CA4B0F}.Release|ARM.Build.0 = Release|Any CPU
		{80C26312-7BDA-40FD-8CB1-3546C2CA4B0F}.Release|Mixed Platforms.ActiveCfg = Release|Any CPU
		{80C26312-7BDA-40FD-8CB1-3546C2CA4B0F}.Release|Mixed Platforms.Build.0 = Release|Any CPU
		{80C26312-7BDA-40FD-8CB1-3546C2CA4B0F}.Release|x64.ActiveCfg = Release|Any CPU
		{80C26312-7BDA-40FD-8CB1-3546C2CA4B0F}.Release|x64.Build.0 = Release|Any CPU
		{80C26312-7BDA-40FD-8CB1-3546C2CA4B0F}.Release|x86.ActiveCfg = Release|Any CPU
		{80C26312-7BDA-40FD-8CB1-3546C2CA4B0F}.Release|x86.Build.0 = Release|Any CPU
		{80C26312-7BDA-40FD-8CB1-3546C2CA4B0F}.Release-Signed|Any CPU.ActiveCfg = Release|Any CPU
		{80C26312-7BDA-40FD-8CB1-3546C2CA4B0F}.Release-Signed|Any CPU.Build.0 = Release|Any CPU
		{80C26312-7BDA-40FD-8CB1-3546C2CA4B0F}.Release-Signed|ARM.ActiveCfg = Release|Any CPU
		{80C26312-7BDA-40FD-8CB1-3546C2CA4B0F}.Release-Signed|ARM.Build.0 = Release|Any CPU
		{80C26312-7BDA-40FD-8CB1-3546C2CA4B0F}.Release-Signed|Mixed Platforms.ActiveCfg = Release|Any CPU
		{80C26312-7BDA-40FD-8CB1-3546C2CA4B0F}.Release-Signed|Mixed Platforms.Build.0 = Release|Any CPU
		{80C26312-7BDA-40FD-8CB1-3546C2CA4B0F}.Release-Signed|x64.ActiveCfg = Release|Any CPU
		{80C26312-7BDA-40FD-8CB1-3546C2CA4B0F}.Release-Signed|x64.Build.0 = Release|Any CPU
		{80C26312-7BDA-40FD-8CB1-3546C2CA4B0F}.Release-Signed|x86.ActiveCfg = Release|Any CPU
		{77A1F665-FA61-4B53-A610-0C7B6C778204}.ajgor|Any CPU.ActiveCfg = Release|Any CPU
		{77A1F665-FA61-4B53-A610-0C7B6C778204}.ajgor|Any CPU.Build.0 = Release|Any CPU
		{77A1F665-FA61-4B53-A610-0C7B6C778204}.ajgor|ARM.ActiveCfg = Debug|Any CPU
		{77A1F665-FA61-4B53-A610-0C7B6C778204}.ajgor|ARM.Build.0 = Debug|Any CPU
		{77A1F665-FA61-4B53-A610-0C7B6C778204}.ajgor|Mixed Platforms.ActiveCfg = Release|Any CPU
		{77A1F665-FA61-4B53-A610-0C7B6C778204}.ajgor|Mixed Platforms.Build.0 = Release|Any CPU
		{77A1F665-FA61-4B53-A610-0C7B6C778204}.ajgor|x64.ActiveCfg = Release|x64
		{77A1F665-FA61-4B53-A610-0C7B6C778204}.ajgor|x64.Build.0 = Release|x64
		{77A1F665-FA61-4B53-A610-0C7B6C778204}.ajgor|x86.ActiveCfg = Release|Any CPU
		{77A1F665-FA61-4B53-A610-0C7B6C778204}.Debug|Any CPU.ActiveCfg = Debug|Any CPU
		{77A1F665-FA61-4B53-A610-0C7B6C778204}.Debug|Any CPU.Build.0 = Debug|Any CPU
		{77A1F665-FA61-4B53-A610-0C7B6C778204}.Debug|ARM.ActiveCfg = Debug|Any CPU
		{77A1F665-FA61-4B53-A610-0C7B6C778204}.Debug|ARM.Build.0 = Debug|Any CPU
		{77A1F665-FA61-4B53-A610-0C7B6C778204}.Debug|Mixed Platforms.ActiveCfg = Debug|Any CPU
		{77A1F665-FA61-4B53-A610-0C7B6C778204}.Debug|Mixed Platforms.Build.0 = Debug|Any CPU
		{77A1F665-FA61-4B53-A610-0C7B6C778204}.Debug|x64.ActiveCfg = Debug|x64
		{77A1F665-FA61-4B53-A610-0C7B6C778204}.Debug|x64.Build.0 = Debug|x64
		{77A1F665-FA61-4B53-A610-0C7B6C778204}.Debug|x86.ActiveCfg = Debug|x86
		{77A1F665-FA61-4B53-A610-0C7B6C778204}.Debug|x86.Build.0 = Debug|x86
		{77A1F665-FA61-4B53-A610-0C7B6C778204}.Release|Any CPU.ActiveCfg = Release|Any CPU
		{77A1F665-FA61-4B53-A610-0C7B6C778204}.Release|Any CPU.Build.0 = Release|Any CPU
		{77A1F665-FA61-4B53-A610-0C7B6C778204}.Release|ARM.ActiveCfg = Release|Any CPU
		{77A1F665-FA61-4B53-A610-0C7B6C778204}.Release|ARM.Build.0 = Release|Any CPU
		{77A1F665-FA61-4B53-A610-0C7B6C778204}.Release|Mixed Platforms.ActiveCfg = Release|Any CPU
		{77A1F665-FA61-4B53-A610-0C7B6C778204}.Release|Mixed Platforms.Build.0 = Release|Any CPU
		{77A1F665-FA61-4B53-A610-0C7B6C778204}.Release|x64.ActiveCfg = Release|x64
		{77A1F665-FA61-4B53-A610-0C7B6C778204}.Release|x64.Build.0 = Release|x64
		{77A1F665-FA61-4B53-A610-0C7B6C778204}.Release|x86.ActiveCfg = Release|Any CPU
		{77A1F665-FA61-4B53-A610-0C7B6C778204}.Release|x86.Build.0 = Release|Any CPU
		{77A1F665-FA61-4B53-A610-0C7B6C778204}.Release-Signed|Any CPU.ActiveCfg = Release|Any CPU
		{77A1F665-FA61-4B53-A610-0C7B6C778204}.Release-Signed|Any CPU.Build.0 = Release|Any CPU
		{77A1F665-FA61-4B53-A610-0C7B6C778204}.Release-Signed|ARM.ActiveCfg = Release|Any CPU
		{77A1F665-FA61-4B53-A610-0C7B6C778204}.Release-Signed|ARM.Build.0 = Release|Any CPU
		{77A1F665-FA61-4B53-A610-0C7B6C778204}.Release-Signed|Mixed Platforms.ActiveCfg = Release|Any CPU
		{77A1F665-FA61-4B53-A610-0C7B6C778204}.Release-Signed|Mixed Platforms.Build.0 = Release|Any CPU
		{77A1F665-FA61-4B53-A610-0C7B6C778204}.Release-Signed|x64.ActiveCfg = Release|x64
		{77A1F665-FA61-4B53-A610-0C7B6C778204}.Release-Signed|x64.Build.0 = Release|x64
		{77A1F665-FA61-4B53-A610-0C7B6C778204}.Release-Signed|x86.ActiveCfg = Release|Any CPU
		{BD0BC991-E9E5-419E-9172-3B0C00210018}.ajgor|Any CPU.ActiveCfg = Release|Any CPU
		{BD0BC991-E9E5-419E-9172-3B0C00210018}.ajgor|Any CPU.Build.0 = Release|Any CPU
		{BD0BC991-E9E5-419E-9172-3B0C00210018}.ajgor|ARM.ActiveCfg = Debug|Any CPU
		{BD0BC991-E9E5-419E-9172-3B0C00210018}.ajgor|ARM.Build.0 = Debug|Any CPU
		{BD0BC991-E9E5-419E-9172-3B0C00210018}.ajgor|Mixed Platforms.ActiveCfg = Release|Any CPU
		{BD0BC991-E9E5-419E-9172-3B0C00210018}.ajgor|Mixed Platforms.Build.0 = Release|Any CPU
		{BD0BC991-E9E5-419E-9172-3B0C00210018}.ajgor|x64.ActiveCfg = Debug|Any CPU
		{BD0BC991-E9E5-419E-9172-3B0C00210018}.ajgor|x64.Build.0 = Debug|Any CPU
		{BD0BC991-E9E5-419E-9172-3B0C00210018}.ajgor|x86.ActiveCfg = Release|Any CPU
		{BD0BC991-E9E5-419E-9172-3B0C00210018}.Debug|Any CPU.ActiveCfg = Debug|Any CPU
		{BD0BC991-E9E5-419E-9172-3B0C00210018}.Debug|Any CPU.Build.0 = Debug|Any CPU
		{BD0BC991-E9E5-419E-9172-3B0C00210018}.Debug|ARM.ActiveCfg = Debug|Any CPU
		{BD0BC991-E9E5-419E-9172-3B0C00210018}.Debug|ARM.Build.0 = Debug|Any CPU
		{BD0BC991-E9E5-419E-9172-3B0C00210018}.Debug|Mixed Platforms.ActiveCfg = Debug|Any CPU
		{BD0BC991-E9E5-419E-9172-3B0C00210018}.Debug|Mixed Platforms.Build.0 = Debug|Any CPU
		{BD0BC991-E9E5-419E-9172-3B0C00210018}.Debug|x64.ActiveCfg = Debug|Any CPU
		{BD0BC991-E9E5-419E-9172-3B0C00210018}.Debug|x64.Build.0 = Debug|Any CPU
		{BD0BC991-E9E5-419E-9172-3B0C00210018}.Debug|x86.ActiveCfg = Debug|x86
		{BD0BC991-E9E5-419E-9172-3B0C00210018}.Debug|x86.Build.0 = Debug|x86
		{BD0BC991-E9E5-419E-9172-3B0C00210018}.Release|Any CPU.ActiveCfg = Release|Any CPU
		{BD0BC991-E9E5-419E-9172-3B0C00210018}.Release|Any CPU.Build.0 = Release|Any CPU
		{BD0BC991-E9E5-419E-9172-3B0C00210018}.Release|ARM.ActiveCfg = Release|Any CPU
		{BD0BC991-E9E5-419E-9172-3B0C00210018}.Release|ARM.Build.0 = Release|Any CPU
		{BD0BC991-E9E5-419E-9172-3B0C00210018}.Release|Mixed Platforms.ActiveCfg = Release|Any CPU
		{BD0BC991-E9E5-419E-9172-3B0C00210018}.Release|Mixed Platforms.Build.0 = Release|Any CPU
		{BD0BC991-E9E5-419E-9172-3B0C00210018}.Release|x64.ActiveCfg = Release|Any CPU
		{BD0BC991-E9E5-419E-9172-3B0C00210018}.Release|x64.Build.0 = Release|Any CPU
		{BD0BC991-E9E5-419E-9172-3B0C00210018}.Release|x86.ActiveCfg = Release|Any CPU
		{BD0BC991-E9E5-419E-9172-3B0C00210018}.Release|x86.Build.0 = Release|Any CPU
		{BD0BC991-E9E5-419E-9172-3B0C00210018}.Release-Signed|Any CPU.ActiveCfg = Release|Any CPU
		{BD0BC991-E9E5-419E-9172-3B0C00210018}.Release-Signed|Any CPU.Build.0 = Release|Any CPU
		{BD0BC991-E9E5-419E-9172-3B0C00210018}.Release-Signed|ARM.ActiveCfg = Release|Any CPU
		{BD0BC991-E9E5-419E-9172-3B0C00210018}.Release-Signed|ARM.Build.0 = Release|Any CPU
		{BD0BC991-E9E5-419E-9172-3B0C00210018}.Release-Signed|Mixed Platforms.ActiveCfg = Release|Any CPU
		{BD0BC991-E9E5-419E-9172-3B0C00210018}.Release-Signed|Mixed Platforms.Build.0 = Release|Any CPU
		{BD0BC991-E9E5-419E-9172-3B0C00210018}.Release-Signed|x64.ActiveCfg = Release|Any CPU
		{BD0BC991-E9E5-419E-9172-3B0C00210018}.Release-Signed|x64.Build.0 = Release|Any CPU
		{BD0BC991-E9E5-419E-9172-3B0C00210018}.Release-Signed|x86.ActiveCfg = Release|Any CPU
		{C9A09DBC-B304-42DF-9CEE-6BA0E856ABC2}.ajgor|Any CPU.ActiveCfg = Release|Any CPU
		{C9A09DBC-B304-42DF-9CEE-6BA0E856ABC2}.ajgor|Any CPU.Build.0 = Release|Any CPU
		{C9A09DBC-B304-42DF-9CEE-6BA0E856ABC2}.ajgor|ARM.ActiveCfg = Debug|Any CPU
		{C9A09DBC-B304-42DF-9CEE-6BA0E856ABC2}.ajgor|ARM.Build.0 = Debug|Any CPU
		{C9A09DBC-B304-42DF-9CEE-6BA0E856ABC2}.ajgor|Mixed Platforms.ActiveCfg = Release|Any CPU
		{C9A09DBC-B304-42DF-9CEE-6BA0E856ABC2}.ajgor|Mixed Platforms.Build.0 = Release|Any CPU
		{C9A09DBC-B304-42DF-9CEE-6BA0E856ABC2}.ajgor|x64.ActiveCfg = Debug|Any CPU
		{C9A09DBC-B304-42DF-9CEE-6BA0E856ABC2}.ajgor|x64.Build.0 = Debug|Any CPU
		{C9A09DBC-B304-42DF-9CEE-6BA0E856ABC2}.ajgor|x86.ActiveCfg = Release|Any CPU
		{C9A09DBC-B304-42DF-9CEE-6BA0E856ABC2}.ajgor|x86.Build.0 = Release|Any CPU
		{C9A09DBC-B304-42DF-9CEE-6BA0E856ABC2}.Debug|Any CPU.ActiveCfg = Debug|Any CPU
		{C9A09DBC-B304-42DF-9CEE-6BA0E856ABC2}.Debug|Any CPU.Build.0 = Debug|Any CPU
		{C9A09DBC-B304-42DF-9CEE-6BA0E856ABC2}.Debug|ARM.ActiveCfg = Debug|Any CPU
		{C9A09DBC-B304-42DF-9CEE-6BA0E856ABC2}.Debug|ARM.Build.0 = Debug|Any CPU
		{C9A09DBC-B304-42DF-9CEE-6BA0E856ABC2}.Debug|Mixed Platforms.ActiveCfg = Debug|Any CPU
		{C9A09DBC-B304-42DF-9CEE-6BA0E856ABC2}.Debug|Mixed Platforms.Build.0 = Debug|Any CPU
		{C9A09DBC-B304-42DF-9CEE-6BA0E856ABC2}.Debug|x64.ActiveCfg = Debug|Any CPU
		{C9A09DBC-B304-42DF-9CEE-6BA0E856ABC2}.Debug|x64.Build.0 = Debug|Any CPU
		{C9A09DBC-B304-42DF-9CEE-6BA0E856ABC2}.Debug|x86.ActiveCfg = Debug|x86
		{C9A09DBC-B304-42DF-9CEE-6BA0E856ABC2}.Debug|x86.Build.0 = Debug|x86
		{C9A09DBC-B304-42DF-9CEE-6BA0E856ABC2}.Release|Any CPU.ActiveCfg = Release|Any CPU
		{C9A09DBC-B304-42DF-9CEE-6BA0E856ABC2}.Release|Any CPU.Build.0 = Release|Any CPU
		{C9A09DBC-B304-42DF-9CEE-6BA0E856ABC2}.Release|ARM.ActiveCfg = Release|Any CPU
		{C9A09DBC-B304-42DF-9CEE-6BA0E856ABC2}.Release|ARM.Build.0 = Release|Any CPU
		{C9A09DBC-B304-42DF-9CEE-6BA0E856ABC2}.Release|Mixed Platforms.ActiveCfg = Release|Any CPU
		{C9A09DBC-B304-42DF-9CEE-6BA0E856ABC2}.Release|Mixed Platforms.Build.0 = Release|Any CPU
		{C9A09DBC-B304-42DF-9CEE-6BA0E856ABC2}.Release|x64.ActiveCfg = Release|Any CPU
		{C9A09DBC-B304-42DF-9CEE-6BA0E856ABC2}.Release|x64.Build.0 = Release|Any CPU
		{C9A09DBC-B304-42DF-9CEE-6BA0E856ABC2}.Release|x86.ActiveCfg = Release|x86
		{C9A09DBC-B304-42DF-9CEE-6BA0E856ABC2}.Release|x86.Build.0 = Release|x86
		{C9A09DBC-B304-42DF-9CEE-6BA0E856ABC2}.Release-Signed|Any CPU.ActiveCfg = Release|Any CPU
		{C9A09DBC-B304-42DF-9CEE-6BA0E856ABC2}.Release-Signed|Any CPU.Build.0 = Release|Any CPU
		{C9A09DBC-B304-42DF-9CEE-6BA0E856ABC2}.Release-Signed|ARM.ActiveCfg = Release|Any CPU
		{C9A09DBC-B304-42DF-9CEE-6BA0E856ABC2}.Release-Signed|ARM.Build.0 = Release|Any CPU
		{C9A09DBC-B304-42DF-9CEE-6BA0E856ABC2}.Release-Signed|Mixed Platforms.ActiveCfg = Release|Any CPU
		{C9A09DBC-B304-42DF-9CEE-6BA0E856ABC2}.Release-Signed|Mixed Platforms.Build.0 = Release|Any CPU
		{C9A09DBC-B304-42DF-9CEE-6BA0E856ABC2}.Release-Signed|x64.ActiveCfg = Release|Any CPU
		{C9A09DBC-B304-42DF-9CEE-6BA0E856ABC2}.Release-Signed|x64.Build.0 = Release|Any CPU
		{C9A09DBC-B304-42DF-9CEE-6BA0E856ABC2}.Release-Signed|x86.ActiveCfg = Release|Any CPU
		{C9A09DBC-B304-42DF-9CEE-6BA0E856ABC2}.Release-Signed|x86.Build.0 = Release|Any CPU
		{8BBF5C58-2562-4E9B-ACB8-3F3A3B031F62}.ajgor|Any CPU.ActiveCfg = Release|Any CPU
		{8BBF5C58-2562-4E9B-ACB8-3F3A3B031F62}.ajgor|Any CPU.Build.0 = Release|Any CPU
		{8BBF5C58-2562-4E9B-ACB8-3F3A3B031F62}.ajgor|ARM.ActiveCfg = Debug|Any CPU
		{8BBF5C58-2562-4E9B-ACB8-3F3A3B031F62}.ajgor|ARM.Build.0 = Debug|Any CPU
		{8BBF5C58-2562-4E9B-ACB8-3F3A3B031F62}.ajgor|Mixed Platforms.ActiveCfg = Release|Any CPU
		{8BBF5C58-2562-4E9B-ACB8-3F3A3B031F62}.ajgor|Mixed Platforms.Build.0 = Release|Any CPU
		{8BBF5C58-2562-4E9B-ACB8-3F3A3B031F62}.ajgor|x64.ActiveCfg = Debug|Any CPU
		{8BBF5C58-2562-4E9B-ACB8-3F3A3B031F62}.ajgor|x64.Build.0 = Debug|Any CPU
		{8BBF5C58-2562-4E9B-ACB8-3F3A3B031F62}.ajgor|x86.ActiveCfg = Release|Any CPU
		{8BBF5C58-2562-4E9B-ACB8-3F3A3B031F62}.Debug|Any CPU.ActiveCfg = Debug|Any CPU
		{8BBF5C58-2562-4E9B-ACB8-3F3A3B031F62}.Debug|Any CPU.Build.0 = Debug|Any CPU
		{8BBF5C58-2562-4E9B-ACB8-3F3A3B031F62}.Debug|ARM.ActiveCfg = Debug|Any CPU
		{8BBF5C58-2562-4E9B-ACB8-3F3A3B031F62}.Debug|ARM.Build.0 = Debug|Any CPU
		{8BBF5C58-2562-4E9B-ACB8-3F3A3B031F62}.Debug|Mixed Platforms.ActiveCfg = Debug|Any CPU
		{8BBF5C58-2562-4E9B-ACB8-3F3A3B031F62}.Debug|Mixed Platforms.Build.0 = Debug|Any CPU
		{8BBF5C58-2562-4E9B-ACB8-3F3A3B031F62}.Debug|x64.ActiveCfg = Debug|Any CPU
		{8BBF5C58-2562-4E9B-ACB8-3F3A3B031F62}.Debug|x64.Build.0 = Debug|Any CPU
		{8BBF5C58-2562-4E9B-ACB8-3F3A3B031F62}.Debug|x86.ActiveCfg = Debug|x86
		{8BBF5C58-2562-4E9B-ACB8-3F3A3B031F62}.Debug|x86.Build.0 = Debug|x86
		{8BBF5C58-2562-4E9B-ACB8-3F3A3B031F62}.Release|Any CPU.ActiveCfg = Release|Any CPU
		{8BBF5C58-2562-4E9B-ACB8-3F3A3B031F62}.Release|Any CPU.Build.0 = Release|Any CPU
		{8BBF5C58-2562-4E9B-ACB8-3F3A3B031F62}.Release|ARM.ActiveCfg = Release|Any CPU
		{8BBF5C58-2562-4E9B-ACB8-3F3A3B031F62}.Release|ARM.Build.0 = Release|Any CPU
		{8BBF5C58-2562-4E9B-ACB8-3F3A3B031F62}.Release|Mixed Platforms.ActiveCfg = Release|Any CPU
		{8BBF5C58-2562-4E9B-ACB8-3F3A3B031F62}.Release|Mixed Platforms.Build.0 = Release|Any CPU
		{8BBF5C58-2562-4E9B-ACB8-3F3A3B031F62}.Release|x64.ActiveCfg = Release|Any CPU
		{8BBF5C58-2562-4E9B-ACB8-3F3A3B031F62}.Release|x64.Build.0 = Release|Any CPU
		{8BBF5C58-2562-4E9B-ACB8-3F3A3B031F62}.Release|x86.ActiveCfg = Release|Any CPU
		{8BBF5C58-2562-4E9B-ACB8-3F3A3B031F62}.Release|x86.Build.0 = Release|Any CPU
		{8BBF5C58-2562-4E9B-ACB8-3F3A3B031F62}.Release-Signed|Any CPU.ActiveCfg = Release|Any CPU
		{8BBF5C58-2562-4E9B-ACB8-3F3A3B031F62}.Release-Signed|Any CPU.Build.0 = Release|Any CPU
		{8BBF5C58-2562-4E9B-ACB8-3F3A3B031F62}.Release-Signed|ARM.ActiveCfg = Release|Any CPU
		{8BBF5C58-2562-4E9B-ACB8-3F3A3B031F62}.Release-Signed|ARM.Build.0 = Release|Any CPU
		{8BBF5C58-2562-4E9B-ACB8-3F3A3B031F62}.Release-Signed|Mixed Platforms.ActiveCfg = Release|Any CPU
		{8BBF5C58-2562-4E9B-ACB8-3F3A3B031F62}.Release-Signed|Mixed Platforms.Build.0 = Release|Any CPU
		{8BBF5C58-2562-4E9B-ACB8-3F3A3B031F62}.Release-Signed|x64.ActiveCfg = Release|Any CPU
		{8BBF5C58-2562-4E9B-ACB8-3F3A3B031F62}.Release-Signed|x64.Build.0 = Release|Any CPU
		{8BBF5C58-2562-4E9B-ACB8-3F3A3B031F62}.Release-Signed|x86.ActiveCfg = Release|Any CPU
		{4E4B240A-6994-4747-BB6C-0CC0D2578D04}.ajgor|Any CPU.ActiveCfg = Release|Any CPU
		{4E4B240A-6994-4747-BB6C-0CC0D2578D04}.ajgor|Any CPU.Build.0 = Release|Any CPU
		{4E4B240A-6994-4747-BB6C-0CC0D2578D04}.ajgor|ARM.ActiveCfg = Debug|Any CPU
		{4E4B240A-6994-4747-BB6C-0CC0D2578D04}.ajgor|ARM.Build.0 = Debug|Any CPU
		{4E4B240A-6994-4747-BB6C-0CC0D2578D04}.ajgor|Mixed Platforms.ActiveCfg = Release|Any CPU
		{4E4B240A-6994-4747-BB6C-0CC0D2578D04}.ajgor|Mixed Platforms.Build.0 = Release|Any CPU
		{4E4B240A-6994-4747-BB6C-0CC0D2578D04}.ajgor|x64.ActiveCfg = Debug|Any CPU
		{4E4B240A-6994-4747-BB6C-0CC0D2578D04}.ajgor|x64.Build.0 = Debug|Any CPU
		{4E4B240A-6994-4747-BB6C-0CC0D2578D04}.ajgor|x86.ActiveCfg = Release|Any CPU
		{4E4B240A-6994-4747-BB6C-0CC0D2578D04}.Debug|Any CPU.ActiveCfg = Debug|Any CPU
		{4E4B240A-6994-4747-BB6C-0CC0D2578D04}.Debug|Any CPU.Build.0 = Debug|Any CPU
		{4E4B240A-6994-4747-BB6C-0CC0D2578D04}.Debug|ARM.ActiveCfg = Debug|Any CPU
		{4E4B240A-6994-4747-BB6C-0CC0D2578D04}.Debug|ARM.Build.0 = Debug|Any CPU
		{4E4B240A-6994-4747-BB6C-0CC0D2578D04}.Debug|Mixed Platforms.ActiveCfg = Debug|Any CPU
		{4E4B240A-6994-4747-BB6C-0CC0D2578D04}.Debug|Mixed Platforms.Build.0 = Debug|Any CPU
		{4E4B240A-6994-4747-BB6C-0CC0D2578D04}.Debug|x64.ActiveCfg = Debug|Any CPU
		{4E4B240A-6994-4747-BB6C-0CC0D2578D04}.Debug|x64.Build.0 = Debug|Any CPU
		{4E4B240A-6994-4747-BB6C-0CC0D2578D04}.Debug|x86.ActiveCfg = Debug|x86
		{4E4B240A-6994-4747-BB6C-0CC0D2578D04}.Debug|x86.Build.0 = Debug|x86
		{4E4B240A-6994-4747-BB6C-0CC0D2578D04}.Release|Any CPU.ActiveCfg = Release|Any CPU
		{4E4B240A-6994-4747-BB6C-0CC0D2578D04}.Release|Any CPU.Build.0 = Release|Any CPU
		{4E4B240A-6994-4747-BB6C-0CC0D2578D04}.Release|ARM.ActiveCfg = Release|Any CPU
		{4E4B240A-6994-4747-BB6C-0CC0D2578D04}.Release|ARM.Build.0 = Release|Any CPU
		{4E4B240A-6994-4747-BB6C-0CC0D2578D04}.Release|Mixed Platforms.ActiveCfg = Release|Any CPU
		{4E4B240A-6994-4747-BB6C-0CC0D2578D04}.Release|Mixed Platforms.Build.0 = Release|Any CPU
		{4E4B240A-6994-4747-BB6C-0CC0D2578D04}.Release|x64.ActiveCfg = Release|Any CPU
		{4E4B240A-6994-4747-BB6C-0CC0D2578D04}.Release|x64.Build.0 = Release|Any CPU
		{4E4B240A-6994-4747-BB6C-0CC0D2578D04}.Release|x86.ActiveCfg = Release|Any CPU
		{4E4B240A-6994-4747-BB6C-0CC0D2578D04}.Release|x86.Build.0 = Release|Any CPU
		{4E4B240A-6994-4747-BB6C-0CC0D2578D04}.Release-Signed|Any CPU.ActiveCfg = Release|Any CPU
		{4E4B240A-6994-4747-BB6C-0CC0D2578D04}.Release-Signed|Any CPU.Build.0 = Release|Any CPU
		{4E4B240A-6994-4747-BB6C-0CC0D2578D04}.Release-Signed|ARM.ActiveCfg = Release|Any CPU
		{4E4B240A-6994-4747-BB6C-0CC0D2578D04}.Release-Signed|ARM.Build.0 = Release|Any CPU
		{4E4B240A-6994-4747-BB6C-0CC0D2578D04}.Release-Signed|Mixed Platforms.ActiveCfg = Release|Any CPU
		{4E4B240A-6994-4747-BB6C-0CC0D2578D04}.Release-Signed|Mixed Platforms.Build.0 = Release|Any CPU
		{4E4B240A-6994-4747-BB6C-0CC0D2578D04}.Release-Signed|x64.ActiveCfg = Release|Any CPU
		{4E4B240A-6994-4747-BB6C-0CC0D2578D04}.Release-Signed|x64.Build.0 = Release|Any CPU
		{4E4B240A-6994-4747-BB6C-0CC0D2578D04}.Release-Signed|x86.ActiveCfg = Release|Any CPU
		{0AB31A6E-E0DE-4F4E-8D0E-7AD60AE65E26}.ajgor|Any CPU.ActiveCfg = Release|Any CPU
		{0AB31A6E-E0DE-4F4E-8D0E-7AD60AE65E26}.ajgor|Any CPU.Build.0 = Release|Any CPU
		{0AB31A6E-E0DE-4F4E-8D0E-7AD60AE65E26}.ajgor|ARM.ActiveCfg = Debug|Any CPU
		{0AB31A6E-E0DE-4F4E-8D0E-7AD60AE65E26}.ajgor|ARM.Build.0 = Debug|Any CPU
		{0AB31A6E-E0DE-4F4E-8D0E-7AD60AE65E26}.ajgor|Mixed Platforms.ActiveCfg = Release|Any CPU
		{0AB31A6E-E0DE-4F4E-8D0E-7AD60AE65E26}.ajgor|Mixed Platforms.Build.0 = Release|Any CPU
		{0AB31A6E-E0DE-4F4E-8D0E-7AD60AE65E26}.ajgor|x64.ActiveCfg = Debug|Any CPU
		{0AB31A6E-E0DE-4F4E-8D0E-7AD60AE65E26}.ajgor|x64.Build.0 = Debug|Any CPU
		{0AB31A6E-E0DE-4F4E-8D0E-7AD60AE65E26}.ajgor|x86.ActiveCfg = Release|Any CPU
		{0AB31A6E-E0DE-4F4E-8D0E-7AD60AE65E26}.ajgor|x86.Build.0 = Release|Any CPU
		{0AB31A6E-E0DE-4F4E-8D0E-7AD60AE65E26}.Debug|Any CPU.ActiveCfg = Debug|Any CPU
		{0AB31A6E-E0DE-4F4E-8D0E-7AD60AE65E26}.Debug|Any CPU.Build.0 = Debug|Any CPU
		{0AB31A6E-E0DE-4F4E-8D0E-7AD60AE65E26}.Debug|ARM.ActiveCfg = Debug|Any CPU
		{0AB31A6E-E0DE-4F4E-8D0E-7AD60AE65E26}.Debug|ARM.Build.0 = Debug|Any CPU
		{0AB31A6E-E0DE-4F4E-8D0E-7AD60AE65E26}.Debug|Mixed Platforms.ActiveCfg = Debug|Any CPU
		{0AB31A6E-E0DE-4F4E-8D0E-7AD60AE65E26}.Debug|Mixed Platforms.Build.0 = Debug|Any CPU
		{0AB31A6E-E0DE-4F4E-8D0E-7AD60AE65E26}.Debug|x64.ActiveCfg = Debug|Any CPU
		{0AB31A6E-E0DE-4F4E-8D0E-7AD60AE65E26}.Debug|x64.Build.0 = Debug|Any CPU
		{0AB31A6E-E0DE-4F4E-8D0E-7AD60AE65E26}.Debug|x86.ActiveCfg = Debug|x86
		{0AB31A6E-E0DE-4F4E-8D0E-7AD60AE65E26}.Debug|x86.Build.0 = Debug|x86
		{0AB31A6E-E0DE-4F4E-8D0E-7AD60AE65E26}.Release|Any CPU.ActiveCfg = Release|Any CPU
		{0AB31A6E-E0DE-4F4E-8D0E-7AD60AE65E26}.Release|Any CPU.Build.0 = Release|Any CPU
		{0AB31A6E-E0DE-4F4E-8D0E-7AD60AE65E26}.Release|ARM.ActiveCfg = Release|Any CPU
		{0AB31A6E-E0DE-4F4E-8D0E-7AD60AE65E26}.Release|ARM.Build.0 = Release|Any CPU
		{0AB31A6E-E0DE-4F4E-8D0E-7AD60AE65E26}.Release|Mixed Platforms.ActiveCfg = Release|Any CPU
		{0AB31A6E-E0DE-4F4E-8D0E-7AD60AE65E26}.Release|Mixed Platforms.Build.0 = Release|Any CPU
		{0AB31A6E-E0DE-4F4E-8D0E-7AD60AE65E26}.Release|x64.ActiveCfg = Release|Any CPU
		{0AB31A6E-E0DE-4F4E-8D0E-7AD60AE65E26}.Release|x64.Build.0 = Release|Any CPU
		{0AB31A6E-E0DE-4F4E-8D0E-7AD60AE65E26}.Release|x86.ActiveCfg = Release|x86
		{0AB31A6E-E0DE-4F4E-8D0E-7AD60AE65E26}.Release|x86.Build.0 = Release|x86
		{0AB31A6E-E0DE-4F4E-8D0E-7AD60AE65E26}.Release-Signed|Any CPU.ActiveCfg = Release|Any CPU
		{0AB31A6E-E0DE-4F4E-8D0E-7AD60AE65E26}.Release-Signed|Any CPU.Build.0 = Release|Any CPU
		{0AB31A6E-E0DE-4F4E-8D0E-7AD60AE65E26}.Release-Signed|ARM.ActiveCfg = Release|Any CPU
		{0AB31A6E-E0DE-4F4E-8D0E-7AD60AE65E26}.Release-Signed|ARM.Build.0 = Release|Any CPU
		{0AB31A6E-E0DE-4F4E-8D0E-7AD60AE65E26}.Release-Signed|Mixed Platforms.ActiveCfg = Release|Any CPU
		{0AB31A6E-E0DE-4F4E-8D0E-7AD60AE65E26}.Release-Signed|Mixed Platforms.Build.0 = Release|Any CPU
		{0AB31A6E-E0DE-4F4E-8D0E-7AD60AE65E26}.Release-Signed|x64.ActiveCfg = Release|Any CPU
		{0AB31A6E-E0DE-4F4E-8D0E-7AD60AE65E26}.Release-Signed|x64.Build.0 = Release|Any CPU
		{0AB31A6E-E0DE-4F4E-8D0E-7AD60AE65E26}.Release-Signed|x86.ActiveCfg = Release|Any CPU
		{0AB31A6E-E0DE-4F4E-8D0E-7AD60AE65E26}.Release-Signed|x86.Build.0 = Release|Any CPU
		{678738DA-F723-4920-B9E5-CAD667104BDA}.ajgor|Any CPU.ActiveCfg = Release|Any CPU
		{678738DA-F723-4920-B9E5-CAD667104BDA}.ajgor|Any CPU.Build.0 = Release|Any CPU
		{678738DA-F723-4920-B9E5-CAD667104BDA}.ajgor|ARM.ActiveCfg = Debug|Any CPU
		{678738DA-F723-4920-B9E5-CAD667104BDA}.ajgor|ARM.Build.0 = Debug|Any CPU
		{678738DA-F723-4920-B9E5-CAD667104BDA}.ajgor|Mixed Platforms.ActiveCfg = Release|Any CPU
		{678738DA-F723-4920-B9E5-CAD667104BDA}.ajgor|Mixed Platforms.Build.0 = Release|Any CPU
		{678738DA-F723-4920-B9E5-CAD667104BDA}.ajgor|x64.ActiveCfg = Debug|Any CPU
		{678738DA-F723-4920-B9E5-CAD667104BDA}.ajgor|x64.Build.0 = Debug|Any CPU
		{678738DA-F723-4920-B9E5-CAD667104BDA}.ajgor|x86.ActiveCfg = Release|Any CPU
		{678738DA-F723-4920-B9E5-CAD667104BDA}.Debug|Any CPU.ActiveCfg = Debug|Any CPU
		{678738DA-F723-4920-B9E5-CAD667104BDA}.Debug|Any CPU.Build.0 = Debug|Any CPU
		{678738DA-F723-4920-B9E5-CAD667104BDA}.Debug|ARM.ActiveCfg = Debug|Any CPU
		{678738DA-F723-4920-B9E5-CAD667104BDA}.Debug|ARM.Build.0 = Debug|Any CPU
		{678738DA-F723-4920-B9E5-CAD667104BDA}.Debug|Mixed Platforms.ActiveCfg = Debug|Any CPU
		{678738DA-F723-4920-B9E5-CAD667104BDA}.Debug|Mixed Platforms.Build.0 = Debug|Any CPU
		{678738DA-F723-4920-B9E5-CAD667104BDA}.Debug|x64.ActiveCfg = Debug|Any CPU
		{678738DA-F723-4920-B9E5-CAD667104BDA}.Debug|x64.Build.0 = Debug|Any CPU
		{678738DA-F723-4920-B9E5-CAD667104BDA}.Debug|x86.ActiveCfg = Debug|x86
		{678738DA-F723-4920-B9E5-CAD667104BDA}.Debug|x86.Build.0 = Debug|x86
		{678738DA-F723-4920-B9E5-CAD667104BDA}.Release|Any CPU.ActiveCfg = Release|Any CPU
		{678738DA-F723-4920-B9E5-CAD667104BDA}.Release|Any CPU.Build.0 = Release|Any CPU
		{678738DA-F723-4920-B9E5-CAD667104BDA}.Release|ARM.ActiveCfg = Release|Any CPU
		{678738DA-F723-4920-B9E5-CAD667104BDA}.Release|ARM.Build.0 = Release|Any CPU
		{678738DA-F723-4920-B9E5-CAD667104BDA}.Release|Mixed Platforms.ActiveCfg = Release|Any CPU
		{678738DA-F723-4920-B9E5-CAD667104BDA}.Release|Mixed Platforms.Build.0 = Release|Any CPU
		{678738DA-F723-4920-B9E5-CAD667104BDA}.Release|x64.ActiveCfg = Release|Any CPU
		{678738DA-F723-4920-B9E5-CAD667104BDA}.Release|x64.Build.0 = Release|Any CPU
		{678738DA-F723-4920-B9E5-CAD667104BDA}.Release|x86.ActiveCfg = Release|Any CPU
		{678738DA-F723-4920-B9E5-CAD667104BDA}.Release|x86.Build.0 = Release|Any CPU
		{678738DA-F723-4920-B9E5-CAD667104BDA}.Release-Signed|Any CPU.ActiveCfg = Release|Any CPU
		{678738DA-F723-4920-B9E5-CAD667104BDA}.Release-Signed|Any CPU.Build.0 = Release|Any CPU
		{678738DA-F723-4920-B9E5-CAD667104BDA}.Release-Signed|ARM.ActiveCfg = Release|Any CPU
		{678738DA-F723-4920-B9E5-CAD667104BDA}.Release-Signed|ARM.Build.0 = Release|Any CPU
		{678738DA-F723-4920-B9E5-CAD667104BDA}.Release-Signed|Mixed Platforms.ActiveCfg = Release|Any CPU
		{678738DA-F723-4920-B9E5-CAD667104BDA}.Release-Signed|Mixed Platforms.Build.0 = Release|Any CPU
		{678738DA-F723-4920-B9E5-CAD667104BDA}.Release-Signed|x64.ActiveCfg = Release|Any CPU
		{678738DA-F723-4920-B9E5-CAD667104BDA}.Release-Signed|x64.Build.0 = Release|Any CPU
		{678738DA-F723-4920-B9E5-CAD667104BDA}.Release-Signed|x86.ActiveCfg = Release|Any CPU
		{F6BE00B5-8C75-4F8A-A4C6-C510A7AFD8B3}.ajgor|Any CPU.ActiveCfg = Release|Any CPU
		{F6BE00B5-8C75-4F8A-A4C6-C510A7AFD8B3}.ajgor|Any CPU.Build.0 = Release|Any CPU
		{F6BE00B5-8C75-4F8A-A4C6-C510A7AFD8B3}.ajgor|ARM.ActiveCfg = Debug|Any CPU
		{F6BE00B5-8C75-4F8A-A4C6-C510A7AFD8B3}.ajgor|ARM.Build.0 = Debug|Any CPU
		{F6BE00B5-8C75-4F8A-A4C6-C510A7AFD8B3}.ajgor|Mixed Platforms.ActiveCfg = Release|Any CPU
		{F6BE00B5-8C75-4F8A-A4C6-C510A7AFD8B3}.ajgor|Mixed Platforms.Build.0 = Release|Any CPU
		{F6BE00B5-8C75-4F8A-A4C6-C510A7AFD8B3}.ajgor|x64.ActiveCfg = Debug|Any CPU
		{F6BE00B5-8C75-4F8A-A4C6-C510A7AFD8B3}.ajgor|x64.Build.0 = Debug|Any CPU
		{F6BE00B5-8C75-4F8A-A4C6-C510A7AFD8B3}.ajgor|x86.ActiveCfg = Release|Any CPU
		{F6BE00B5-8C75-4F8A-A4C6-C510A7AFD8B3}.ajgor|x86.Build.0 = Release|Any CPU
		{F6BE00B5-8C75-4F8A-A4C6-C510A7AFD8B3}.Debug|Any CPU.ActiveCfg = Debug|Any CPU
		{F6BE00B5-8C75-4F8A-A4C6-C510A7AFD8B3}.Debug|Any CPU.Build.0 = Debug|Any CPU
		{F6BE00B5-8C75-4F8A-A4C6-C510A7AFD8B3}.Debug|ARM.ActiveCfg = Debug|Any CPU
		{F6BE00B5-8C75-4F8A-A4C6-C510A7AFD8B3}.Debug|ARM.Build.0 = Debug|Any CPU
		{F6BE00B5-8C75-4F8A-A4C6-C510A7AFD8B3}.Debug|Mixed Platforms.ActiveCfg = Debug|Any CPU
		{F6BE00B5-8C75-4F8A-A4C6-C510A7AFD8B3}.Debug|Mixed Platforms.Build.0 = Debug|Any CPU
		{F6BE00B5-8C75-4F8A-A4C6-C510A7AFD8B3}.Debug|x64.ActiveCfg = Debug|Any CPU
		{F6BE00B5-8C75-4F8A-A4C6-C510A7AFD8B3}.Debug|x64.Build.0 = Debug|Any CPU
		{F6BE00B5-8C75-4F8A-A4C6-C510A7AFD8B3}.Debug|x86.ActiveCfg = Debug|x86
		{F6BE00B5-8C75-4F8A-A4C6-C510A7AFD8B3}.Debug|x86.Build.0 = Debug|x86
		{F6BE00B5-8C75-4F8A-A4C6-C510A7AFD8B3}.Release|Any CPU.ActiveCfg = Release|Any CPU
		{F6BE00B5-8C75-4F8A-A4C6-C510A7AFD8B3}.Release|Any CPU.Build.0 = Release|Any CPU
		{F6BE00B5-8C75-4F8A-A4C6-C510A7AFD8B3}.Release|ARM.ActiveCfg = Release|Any CPU
		{F6BE00B5-8C75-4F8A-A4C6-C510A7AFD8B3}.Release|ARM.Build.0 = Release|Any CPU
		{F6BE00B5-8C75-4F8A-A4C6-C510A7AFD8B3}.Release|Mixed Platforms.ActiveCfg = Release|Any CPU
		{F6BE00B5-8C75-4F8A-A4C6-C510A7AFD8B3}.Release|Mixed Platforms.Build.0 = Release|Any CPU
		{F6BE00B5-8C75-4F8A-A4C6-C510A7AFD8B3}.Release|x64.ActiveCfg = Release|Any CPU
		{F6BE00B5-8C75-4F8A-A4C6-C510A7AFD8B3}.Release|x64.Build.0 = Release|Any CPU
		{F6BE00B5-8C75-4F8A-A4C6-C510A7AFD8B3}.Release|x86.ActiveCfg = Release|Any CPU
		{F6BE00B5-8C75-4F8A-A4C6-C510A7AFD8B3}.Release|x86.Build.0 = Release|Any CPU
		{F6BE00B5-8C75-4F8A-A4C6-C510A7AFD8B3}.Release-Signed|Any CPU.ActiveCfg = Release|Any CPU
		{F6BE00B5-8C75-4F8A-A4C6-C510A7AFD8B3}.Release-Signed|Any CPU.Build.0 = Release|Any CPU
		{F6BE00B5-8C75-4F8A-A4C6-C510A7AFD8B3}.Release-Signed|ARM.ActiveCfg = Release|Any CPU
		{F6BE00B5-8C75-4F8A-A4C6-C510A7AFD8B3}.Release-Signed|ARM.Build.0 = Release|Any CPU
		{F6BE00B5-8C75-4F8A-A4C6-C510A7AFD8B3}.Release-Signed|Mixed Platforms.ActiveCfg = Release|Any CPU
		{F6BE00B5-8C75-4F8A-A4C6-C510A7AFD8B3}.Release-Signed|Mixed Platforms.Build.0 = Release|Any CPU
		{F6BE00B5-8C75-4F8A-A4C6-C510A7AFD8B3}.Release-Signed|x64.ActiveCfg = Release|Any CPU
		{F6BE00B5-8C75-4F8A-A4C6-C510A7AFD8B3}.Release-Signed|x64.Build.0 = Release|Any CPU
		{F6BE00B5-8C75-4F8A-A4C6-C510A7AFD8B3}.Release-Signed|x86.ActiveCfg = Release|Any CPU
		{F6BE00B5-8C75-4F8A-A4C6-C510A7AFD8B3}.Release-Signed|x86.Build.0 = Release|Any CPU
		{EED81351-FA28-4463-8FB0-4D657C2289D5}.ajgor|Any CPU.ActiveCfg = Release|Any CPU
		{EED81351-FA28-4463-8FB0-4D657C2289D5}.ajgor|Any CPU.Build.0 = Release|Any CPU
		{EED81351-FA28-4463-8FB0-4D657C2289D5}.ajgor|ARM.ActiveCfg = Debug|Any CPU
		{EED81351-FA28-4463-8FB0-4D657C2289D5}.ajgor|ARM.Build.0 = Debug|Any CPU
		{EED81351-FA28-4463-8FB0-4D657C2289D5}.ajgor|Mixed Platforms.ActiveCfg = Release|x86
		{EED81351-FA28-4463-8FB0-4D657C2289D5}.ajgor|Mixed Platforms.Build.0 = Release|x86
		{EED81351-FA28-4463-8FB0-4D657C2289D5}.ajgor|x64.ActiveCfg = Debug|Any CPU
		{EED81351-FA28-4463-8FB0-4D657C2289D5}.ajgor|x64.Build.0 = Debug|Any CPU
		{EED81351-FA28-4463-8FB0-4D657C2289D5}.ajgor|x86.ActiveCfg = Release|x86
		{EED81351-FA28-4463-8FB0-4D657C2289D5}.ajgor|x86.Build.0 = Release|x86
		{EED81351-FA28-4463-8FB0-4D657C2289D5}.Debug|Any CPU.ActiveCfg = Debug|Any CPU
		{EED81351-FA28-4463-8FB0-4D657C2289D5}.Debug|Any CPU.Build.0 = Debug|Any CPU
		{EED81351-FA28-4463-8FB0-4D657C2289D5}.Debug|ARM.ActiveCfg = Debug|Any CPU
		{EED81351-FA28-4463-8FB0-4D657C2289D5}.Debug|ARM.Build.0 = Debug|Any CPU
		{EED81351-FA28-4463-8FB0-4D657C2289D5}.Debug|Mixed Platforms.ActiveCfg = Debug|x86
		{EED81351-FA28-4463-8FB0-4D657C2289D5}.Debug|Mixed Platforms.Build.0 = Debug|x86
		{EED81351-FA28-4463-8FB0-4D657C2289D5}.Debug|x64.ActiveCfg = Debug|Any CPU
		{EED81351-FA28-4463-8FB0-4D657C2289D5}.Debug|x64.Build.0 = Debug|Any CPU
		{EED81351-FA28-4463-8FB0-4D657C2289D5}.Debug|x86.ActiveCfg = Debug|x86
		{EED81351-FA28-4463-8FB0-4D657C2289D5}.Debug|x86.Build.0 = Debug|x86
		{EED81351-FA28-4463-8FB0-4D657C2289D5}.Release|Any CPU.ActiveCfg = Release|Any CPU
		{EED81351-FA28-4463-8FB0-4D657C2289D5}.Release|Any CPU.Build.0 = Release|Any CPU
		{EED81351-FA28-4463-8FB0-4D657C2289D5}.Release|ARM.ActiveCfg = Release|Any CPU
		{EED81351-FA28-4463-8FB0-4D657C2289D5}.Release|ARM.Build.0 = Release|Any CPU
		{EED81351-FA28-4463-8FB0-4D657C2289D5}.Release|Mixed Platforms.ActiveCfg = Release|x86
		{EED81351-FA28-4463-8FB0-4D657C2289D5}.Release|Mixed Platforms.Build.0 = Release|x86
		{EED81351-FA28-4463-8FB0-4D657C2289D5}.Release|x64.ActiveCfg = Release|Any CPU
		{EED81351-FA28-4463-8FB0-4D657C2289D5}.Release|x64.Build.0 = Release|Any CPU
		{EED81351-FA28-4463-8FB0-4D657C2289D5}.Release|x86.ActiveCfg = Release|x86
		{EED81351-FA28-4463-8FB0-4D657C2289D5}.Release|x86.Build.0 = Release|x86
		{EED81351-FA28-4463-8FB0-4D657C2289D5}.Release-Signed|Any CPU.ActiveCfg = Release|Any CPU
		{EED81351-FA28-4463-8FB0-4D657C2289D5}.Release-Signed|Any CPU.Build.0 = Release|Any CPU
		{EED81351-FA28-4463-8FB0-4D657C2289D5}.Release-Signed|ARM.ActiveCfg = Release|Any CPU
		{EED81351-FA28-4463-8FB0-4D657C2289D5}.Release-Signed|ARM.Build.0 = Release|Any CPU
		{EED81351-FA28-4463-8FB0-4D657C2289D5}.Release-Signed|Mixed Platforms.ActiveCfg = Release|x86
		{EED81351-FA28-4463-8FB0-4D657C2289D5}.Release-Signed|Mixed Platforms.Build.0 = Release|x86
		{EED81351-FA28-4463-8FB0-4D657C2289D5}.Release-Signed|x64.ActiveCfg = Release|Any CPU
		{EED81351-FA28-4463-8FB0-4D657C2289D5}.Release-Signed|x64.Build.0 = Release|Any CPU
		{EED81351-FA28-4463-8FB0-4D657C2289D5}.Release-Signed|x86.ActiveCfg = Release|x86
		{EED81351-FA28-4463-8FB0-4D657C2289D5}.Release-Signed|x86.Build.0 = Release|x86
		{9B8676F4-A6DB-4E27-A423-B4E417C8341B}.ajgor|Any CPU.ActiveCfg = Release|Any CPU
		{9B8676F4-A6DB-4E27-A423-B4E417C8341B}.ajgor|Any CPU.Build.0 = Release|Any CPU
		{9B8676F4-A6DB-4E27-A423-B4E417C8341B}.ajgor|ARM.ActiveCfg = Debug|Any CPU
		{9B8676F4-A6DB-4E27-A423-B4E417C8341B}.ajgor|ARM.Build.0 = Debug|Any CPU
		{9B8676F4-A6DB-4E27-A423-B4E417C8341B}.ajgor|Mixed Platforms.ActiveCfg = Release|x86
		{9B8676F4-A6DB-4E27-A423-B4E417C8341B}.ajgor|Mixed Platforms.Build.0 = Release|x86
		{9B8676F4-A6DB-4E27-A423-B4E417C8341B}.ajgor|x64.ActiveCfg = Debug|Any CPU
		{9B8676F4-A6DB-4E27-A423-B4E417C8341B}.ajgor|x64.Build.0 = Debug|Any CPU
		{9B8676F4-A6DB-4E27-A423-B4E417C8341B}.ajgor|x86.ActiveCfg = Release|x86
		{9B8676F4-A6DB-4E27-A423-B4E417C8341B}.ajgor|x86.Build.0 = Release|x86
		{9B8676F4-A6DB-4E27-A423-B4E417C8341B}.Debug|Any CPU.ActiveCfg = Debug|Any CPU
		{9B8676F4-A6DB-4E27-A423-B4E417C8341B}.Debug|ARM.ActiveCfg = Debug|Any CPU
		{9B8676F4-A6DB-4E27-A423-B4E417C8341B}.Debug|ARM.Build.0 = Debug|Any CPU
		{9B8676F4-A6DB-4E27-A423-B4E417C8341B}.Debug|Mixed Platforms.ActiveCfg = Debug|x86
		{9B8676F4-A6DB-4E27-A423-B4E417C8341B}.Debug|Mixed Platforms.Build.0 = Debug|x86
		{9B8676F4-A6DB-4E27-A423-B4E417C8341B}.Debug|x64.ActiveCfg = Debug|Any CPU
		{9B8676F4-A6DB-4E27-A423-B4E417C8341B}.Debug|x64.Build.0 = Debug|Any CPU
		{9B8676F4-A6DB-4E27-A423-B4E417C8341B}.Debug|x86.ActiveCfg = Debug|x86
		{9B8676F4-A6DB-4E27-A423-B4E417C8341B}.Release|Any CPU.ActiveCfg = Release|Any CPU
		{9B8676F4-A6DB-4E27-A423-B4E417C8341B}.Release|ARM.ActiveCfg = Release|Any CPU
		{9B8676F4-A6DB-4E27-A423-B4E417C8341B}.Release|ARM.Build.0 = Release|Any CPU
		{9B8676F4-A6DB-4E27-A423-B4E417C8341B}.Release|Mixed Platforms.ActiveCfg = Release|x86
		{9B8676F4-A6DB-4E27-A423-B4E417C8341B}.Release|Mixed Platforms.Build.0 = Release|x86
		{9B8676F4-A6DB-4E27-A423-B4E417C8341B}.Release|x64.ActiveCfg = Release|Any CPU
		{9B8676F4-A6DB-4E27-A423-B4E417C8341B}.Release|x64.Build.0 = Release|Any CPU
		{9B8676F4-A6DB-4E27-A423-B4E417C8341B}.Release|x86.ActiveCfg = Release|x86
		{9B8676F4-A6DB-4E27-A423-B4E417C8341B}.Release-Signed|Any CPU.ActiveCfg = Release|Any CPU
		{9B8676F4-A6DB-4E27-A423-B4E417C8341B}.Release-Signed|Any CPU.Build.0 = Release|Any CPU
		{9B8676F4-A6DB-4E27-A423-B4E417C8341B}.Release-Signed|ARM.ActiveCfg = Release|Any CPU
		{9B8676F4-A6DB-4E27-A423-B4E417C8341B}.Release-Signed|ARM.Build.0 = Release|Any CPU
		{9B8676F4-A6DB-4E27-A423-B4E417C8341B}.Release-Signed|Mixed Platforms.ActiveCfg = Release|x86
		{9B8676F4-A6DB-4E27-A423-B4E417C8341B}.Release-Signed|Mixed Platforms.Build.0 = Release|x86
		{9B8676F4-A6DB-4E27-A423-B4E417C8341B}.Release-Signed|x64.ActiveCfg = Release|Any CPU
		{9B8676F4-A6DB-4E27-A423-B4E417C8341B}.Release-Signed|x64.Build.0 = Release|Any CPU
		{9B8676F4-A6DB-4E27-A423-B4E417C8341B}.Release-Signed|x86.ActiveCfg = Release|x86
		{9B8676F4-A6DB-4E27-A423-B4E417C8341B}.Release-Signed|x86.Build.0 = Release|x86
		{1FC647C4-A465-4010-A55E-81E5862B1204}.ajgor|Any CPU.ActiveCfg = Release|Any CPU
		{1FC647C4-A465-4010-A55E-81E5862B1204}.ajgor|Any CPU.Build.0 = Release|Any CPU
		{1FC647C4-A465-4010-A55E-81E5862B1204}.ajgor|ARM.ActiveCfg = Debug|Any CPU
		{1FC647C4-A465-4010-A55E-81E5862B1204}.ajgor|ARM.Build.0 = Debug|Any CPU
		{1FC647C4-A465-4010-A55E-81E5862B1204}.ajgor|Mixed Platforms.ActiveCfg = Release|x86
		{1FC647C4-A465-4010-A55E-81E5862B1204}.ajgor|Mixed Platforms.Build.0 = Release|x86
		{1FC647C4-A465-4010-A55E-81E5862B1204}.ajgor|x64.ActiveCfg = Debug|Any CPU
		{1FC647C4-A465-4010-A55E-81E5862B1204}.ajgor|x64.Build.0 = Debug|Any CPU
		{1FC647C4-A465-4010-A55E-81E5862B1204}.ajgor|x86.ActiveCfg = Release|x86
		{1FC647C4-A465-4010-A55E-81E5862B1204}.ajgor|x86.Build.0 = Release|x86
		{1FC647C4-A465-4010-A55E-81E5862B1204}.Debug|Any CPU.ActiveCfg = Debug|Any CPU
		{1FC647C4-A465-4010-A55E-81E5862B1204}.Debug|Any CPU.Build.0 = Debug|Any CPU
		{1FC647C4-A465-4010-A55E-81E5862B1204}.Debug|ARM.ActiveCfg = Debug|Any CPU
		{1FC647C4-A465-4010-A55E-81E5862B1204}.Debug|ARM.Build.0 = Debug|Any CPU
		{1FC647C4-A465-4010-A55E-81E5862B1204}.Debug|Mixed Platforms.ActiveCfg = Debug|x86
		{1FC647C4-A465-4010-A55E-81E5862B1204}.Debug|Mixed Platforms.Build.0 = Debug|x86
		{1FC647C4-A465-4010-A55E-81E5862B1204}.Debug|x64.ActiveCfg = Debug|Any CPU
		{1FC647C4-A465-4010-A55E-81E5862B1204}.Debug|x64.Build.0 = Debug|Any CPU
		{1FC647C4-A465-4010-A55E-81E5862B1204}.Debug|x86.ActiveCfg = Debug|x86
		{1FC647C4-A465-4010-A55E-81E5862B1204}.Debug|x86.Build.0 = Debug|x86
		{1FC647C4-A465-4010-A55E-81E5862B1204}.Release|Any CPU.ActiveCfg = Release|Any CPU
		{1FC647C4-A465-4010-A55E-81E5862B1204}.Release|Any CPU.Build.0 = Release|Any CPU
		{1FC647C4-A465-4010-A55E-81E5862B1204}.Release|ARM.ActiveCfg = Release|Any CPU
		{1FC647C4-A465-4010-A55E-81E5862B1204}.Release|ARM.Build.0 = Release|Any CPU
		{1FC647C4-A465-4010-A55E-81E5862B1204}.Release|Mixed Platforms.ActiveCfg = Release|x86
		{1FC647C4-A465-4010-A55E-81E5862B1204}.Release|Mixed Platforms.Build.0 = Release|x86
		{1FC647C4-A465-4010-A55E-81E5862B1204}.Release|x64.ActiveCfg = Release|Any CPU
		{1FC647C4-A465-4010-A55E-81E5862B1204}.Release|x64.Build.0 = Release|Any CPU
		{1FC647C4-A465-4010-A55E-81E5862B1204}.Release|x86.ActiveCfg = Release|x86
		{1FC647C4-A465-4010-A55E-81E5862B1204}.Release|x86.Build.0 = Release|x86
		{1FC647C4-A465-4010-A55E-81E5862B1204}.Release-Signed|Any CPU.ActiveCfg = Release|Any CPU
		{1FC647C4-A465-4010-A55E-81E5862B1204}.Release-Signed|Any CPU.Build.0 = Release|Any CPU
		{1FC647C4-A465-4010-A55E-81E5862B1204}.Release-Signed|ARM.ActiveCfg = Release|Any CPU
		{1FC647C4-A465-4010-A55E-81E5862B1204}.Release-Signed|ARM.Build.0 = Release|Any CPU
		{1FC647C4-A465-4010-A55E-81E5862B1204}.Release-Signed|Mixed Platforms.ActiveCfg = Release|x86
		{1FC647C4-A465-4010-A55E-81E5862B1204}.Release-Signed|Mixed Platforms.Build.0 = Release|x86
		{1FC647C4-A465-4010-A55E-81E5862B1204}.Release-Signed|x64.ActiveCfg = Release|Any CPU
		{1FC647C4-A465-4010-A55E-81E5862B1204}.Release-Signed|x64.Build.0 = Release|Any CPU
		{1FC647C4-A465-4010-A55E-81E5862B1204}.Release-Signed|x86.ActiveCfg = Release|x86
		{1FC647C4-A465-4010-A55E-81E5862B1204}.Release-Signed|x86.Build.0 = Release|x86
		{39E26C5F-2F65-4754-A85D-6159D0940427}.ajgor|Any CPU.ActiveCfg = Release|Any CPU
		{39E26C5F-2F65-4754-A85D-6159D0940427}.ajgor|Any CPU.Build.0 = Release|Any CPU
		{39E26C5F-2F65-4754-A85D-6159D0940427}.ajgor|ARM.ActiveCfg = Debug|Any CPU
		{39E26C5F-2F65-4754-A85D-6159D0940427}.ajgor|ARM.Build.0 = Debug|Any CPU
		{39E26C5F-2F65-4754-A85D-6159D0940427}.ajgor|Mixed Platforms.ActiveCfg = Release|x86
		{39E26C5F-2F65-4754-A85D-6159D0940427}.ajgor|Mixed Platforms.Build.0 = Release|x86
		{39E26C5F-2F65-4754-A85D-6159D0940427}.ajgor|x64.ActiveCfg = Debug|Any CPU
		{39E26C5F-2F65-4754-A85D-6159D0940427}.ajgor|x64.Build.0 = Debug|Any CPU
		{39E26C5F-2F65-4754-A85D-6159D0940427}.ajgor|x86.ActiveCfg = Release|x86
		{39E26C5F-2F65-4754-A85D-6159D0940427}.ajgor|x86.Build.0 = Release|x86
		{39E26C5F-2F65-4754-A85D-6159D0940427}.Debug|Any CPU.ActiveCfg = Debug|Any CPU
		{39E26C5F-2F65-4754-A85D-6159D0940427}.Debug|Any CPU.Build.0 = Debug|Any CPU
		{39E26C5F-2F65-4754-A85D-6159D0940427}.Debug|ARM.ActiveCfg = Debug|Any CPU
		{39E26C5F-2F65-4754-A85D-6159D0940427}.Debug|ARM.Build.0 = Debug|Any CPU
		{39E26C5F-2F65-4754-A85D-6159D0940427}.Debug|Mixed Platforms.ActiveCfg = Debug|x86
		{39E26C5F-2F65-4754-A85D-6159D0940427}.Debug|Mixed Platforms.Build.0 = Debug|x86
		{39E26C5F-2F65-4754-A85D-6159D0940427}.Debug|x64.ActiveCfg = Debug|Any CPU
		{39E26C5F-2F65-4754-A85D-6159D0940427}.Debug|x64.Build.0 = Debug|Any CPU
		{39E26C5F-2F65-4754-A85D-6159D0940427}.Debug|x86.ActiveCfg = Debug|x86
		{39E26C5F-2F65-4754-A85D-6159D0940427}.Debug|x86.Build.0 = Debug|x86
		{39E26C5F-2F65-4754-A85D-6159D0940427}.Release|Any CPU.ActiveCfg = Release|Any CPU
		{39E26C5F-2F65-4754-A85D-6159D0940427}.Release|Any CPU.Build.0 = Release|Any CPU
		{39E26C5F-2F65-4754-A85D-6159D0940427}.Release|ARM.ActiveCfg = Release|Any CPU
		{39E26C5F-2F65-4754-A85D-6159D0940427}.Release|ARM.Build.0 = Release|Any CPU
		{39E26C5F-2F65-4754-A85D-6159D0940427}.Release|Mixed Platforms.ActiveCfg = Release|x86
		{39E26C5F-2F65-4754-A85D-6159D0940427}.Release|Mixed Platforms.Build.0 = Release|x86
		{39E26C5F-2F65-4754-A85D-6159D0940427}.Release|x64.ActiveCfg = Release|Any CPU
		{39E26C5F-2F65-4754-A85D-6159D0940427}.Release|x64.Build.0 = Release|Any CPU
		{39E26C5F-2F65-4754-A85D-6159D0940427}.Release|x86.ActiveCfg = Release|x86
		{39E26C5F-2F65-4754-A85D-6159D0940427}.Release|x86.Build.0 = Release|x86
		{39E26C5F-2F65-4754-A85D-6159D0940427}.Release-Signed|Any CPU.ActiveCfg = Release|Any CPU
		{39E26C5F-2F65-4754-A85D-6159D0940427}.Release-Signed|Any CPU.Build.0 = Release|Any CPU
		{39E26C5F-2F65-4754-A85D-6159D0940427}.Release-Signed|ARM.ActiveCfg = Release|Any CPU
		{39E26C5F-2F65-4754-A85D-6159D0940427}.Release-Signed|ARM.Build.0 = Release|Any CPU
		{39E26C5F-2F65-4754-A85D-6159D0940427}.Release-Signed|Mixed Platforms.ActiveCfg = Release|x86
		{39E26C5F-2F65-4754-A85D-6159D0940427}.Release-Signed|Mixed Platforms.Build.0 = Release|x86
		{39E26C5F-2F65-4754-A85D-6159D0940427}.Release-Signed|x64.ActiveCfg = Release|Any CPU
		{39E26C5F-2F65-4754-A85D-6159D0940427}.Release-Signed|x64.Build.0 = Release|Any CPU
		{39E26C5F-2F65-4754-A85D-6159D0940427}.Release-Signed|x86.ActiveCfg = Release|x86
		{39E26C5F-2F65-4754-A85D-6159D0940427}.Release-Signed|x86.Build.0 = Release|x86
		{AF53556C-4A9E-461B-8DA8-9F6BFD276BEC}.ajgor|Any CPU.ActiveCfg = Release|Any CPU
		{AF53556C-4A9E-461B-8DA8-9F6BFD276BEC}.ajgor|Any CPU.Build.0 = Release|Any CPU
		{AF53556C-4A9E-461B-8DA8-9F6BFD276BEC}.ajgor|ARM.ActiveCfg = Release|Any CPU
		{AF53556C-4A9E-461B-8DA8-9F6BFD276BEC}.ajgor|ARM.Build.0 = Release|Any CPU
		{AF53556C-4A9E-461B-8DA8-9F6BFD276BEC}.ajgor|Mixed Platforms.ActiveCfg = Release|x86
		{AF53556C-4A9E-461B-8DA8-9F6BFD276BEC}.ajgor|Mixed Platforms.Build.0 = Release|x86
		{AF53556C-4A9E-461B-8DA8-9F6BFD276BEC}.ajgor|x64.ActiveCfg = Release|Any CPU
		{AF53556C-4A9E-461B-8DA8-9F6BFD276BEC}.ajgor|x64.Build.0 = Release|Any CPU
		{AF53556C-4A9E-461B-8DA8-9F6BFD276BEC}.ajgor|x86.ActiveCfg = Release|x86
		{AF53556C-4A9E-461B-8DA8-9F6BFD276BEC}.ajgor|x86.Build.0 = Release|x86
		{AF53556C-4A9E-461B-8DA8-9F6BFD276BEC}.Debug|Any CPU.ActiveCfg = Debug|Any CPU
		{AF53556C-4A9E-461B-8DA8-9F6BFD276BEC}.Debug|Any CPU.Build.0 = Debug|Any CPU
		{AF53556C-4A9E-461B-8DA8-9F6BFD276BEC}.Debug|ARM.ActiveCfg = Debug|Any CPU
		{AF53556C-4A9E-461B-8DA8-9F6BFD276BEC}.Debug|ARM.Build.0 = Debug|Any CPU
		{AF53556C-4A9E-461B-8DA8-9F6BFD276BEC}.Debug|Mixed Platforms.ActiveCfg = Debug|x86
		{AF53556C-4A9E-461B-8DA8-9F6BFD276BEC}.Debug|Mixed Platforms.Build.0 = Debug|x86
		{AF53556C-4A9E-461B-8DA8-9F6BFD276BEC}.Debug|x64.ActiveCfg = Debug|Any CPU
		{AF53556C-4A9E-461B-8DA8-9F6BFD276BEC}.Debug|x64.Build.0 = Debug|Any CPU
		{AF53556C-4A9E-461B-8DA8-9F6BFD276BEC}.Debug|x86.ActiveCfg = Debug|x86
		{AF53556C-4A9E-461B-8DA8-9F6BFD276BEC}.Debug|x86.Build.0 = Debug|x86
		{AF53556C-4A9E-461B-8DA8-9F6BFD276BEC}.Release|Any CPU.ActiveCfg = Release|Any CPU
		{AF53556C-4A9E-461B-8DA8-9F6BFD276BEC}.Release|Any CPU.Build.0 = Release|Any CPU
		{AF53556C-4A9E-461B-8DA8-9F6BFD276BEC}.Release|ARM.ActiveCfg = Release|Any CPU
		{AF53556C-4A9E-461B-8DA8-9F6BFD276BEC}.Release|ARM.Build.0 = Release|Any CPU
		{AF53556C-4A9E-461B-8DA8-9F6BFD276BEC}.Release|Mixed Platforms.ActiveCfg = Release|x86
		{AF53556C-4A9E-461B-8DA8-9F6BFD276BEC}.Release|Mixed Platforms.Build.0 = Release|x86
		{AF53556C-4A9E-461B-8DA8-9F6BFD276BEC}.Release|x64.ActiveCfg = Release|Any CPU
		{AF53556C-4A9E-461B-8DA8-9F6BFD276BEC}.Release|x64.Build.0 = Release|Any CPU
		{AF53556C-4A9E-461B-8DA8-9F6BFD276BEC}.Release|x86.ActiveCfg = Release|x86
		{AF53556C-4A9E-461B-8DA8-9F6BFD276BEC}.Release|x86.Build.0 = Release|x86
		{AF53556C-4A9E-461B-8DA8-9F6BFD276BEC}.Release-Signed|Any CPU.ActiveCfg = Release|Any CPU
		{AF53556C-4A9E-461B-8DA8-9F6BFD276BEC}.Release-Signed|Any CPU.Build.0 = Release|Any CPU
		{AF53556C-4A9E-461B-8DA8-9F6BFD276BEC}.Release-Signed|ARM.ActiveCfg = Release|Any CPU
		{AF53556C-4A9E-461B-8DA8-9F6BFD276BEC}.Release-Signed|ARM.Build.0 = Release|Any CPU
		{AF53556C-4A9E-461B-8DA8-9F6BFD276BEC}.Release-Signed|Mixed Platforms.ActiveCfg = Release|x86
		{AF53556C-4A9E-461B-8DA8-9F6BFD276BEC}.Release-Signed|Mixed Platforms.Build.0 = Release|x86
		{AF53556C-4A9E-461B-8DA8-9F6BFD276BEC}.Release-Signed|x64.ActiveCfg = Release|Any CPU
		{AF53556C-4A9E-461B-8DA8-9F6BFD276BEC}.Release-Signed|x64.Build.0 = Release|Any CPU
		{AF53556C-4A9E-461B-8DA8-9F6BFD276BEC}.Release-Signed|x86.ActiveCfg = Release|x86
		{AF53556C-4A9E-461B-8DA8-9F6BFD276BEC}.Release-Signed|x86.Build.0 = Release|x86
		{841FA893-8609-46FA-89B9-4F70D7E09786}.ajgor|Any CPU.ActiveCfg = Debug|Any CPU
		{841FA893-8609-46FA-89B9-4F70D7E09786}.ajgor|Any CPU.Build.0 = Debug|Any CPU
		{841FA893-8609-46FA-89B9-4F70D7E09786}.ajgor|ARM.ActiveCfg = Debug|Any CPU
		{841FA893-8609-46FA-89B9-4F70D7E09786}.ajgor|ARM.Build.0 = Debug|Any CPU
		{841FA893-8609-46FA-89B9-4F70D7E09786}.ajgor|Mixed Platforms.ActiveCfg = Debug|x86
		{841FA893-8609-46FA-89B9-4F70D7E09786}.ajgor|Mixed Platforms.Build.0 = Debug|x86
		{841FA893-8609-46FA-89B9-4F70D7E09786}.ajgor|x64.ActiveCfg = Debug|Any CPU
		{841FA893-8609-46FA-89B9-4F70D7E09786}.ajgor|x64.Build.0 = Debug|Any CPU
		{841FA893-8609-46FA-89B9-4F70D7E09786}.ajgor|x86.ActiveCfg = Debug|x86
		{841FA893-8609-46FA-89B9-4F70D7E09786}.ajgor|x86.Build.0 = Debug|x86
		{841FA893-8609-46FA-89B9-4F70D7E09786}.Debug|Any CPU.ActiveCfg = Debug|Any CPU
		{841FA893-8609-46FA-89B9-4F70D7E09786}.Debug|Any CPU.Build.0 = Debug|Any CPU
		{841FA893-8609-46FA-89B9-4F70D7E09786}.Debug|ARM.ActiveCfg = Debug|Any CPU
		{841FA893-8609-46FA-89B9-4F70D7E09786}.Debug|ARM.Build.0 = Debug|Any CPU
		{841FA893-8609-46FA-89B9-4F70D7E09786}.Debug|Mixed Platforms.ActiveCfg = Debug|x86
		{841FA893-8609-46FA-89B9-4F70D7E09786}.Debug|Mixed Platforms.Build.0 = Debug|x86
		{841FA893-8609-46FA-89B9-4F70D7E09786}.Debug|x64.ActiveCfg = Debug|Any CPU
		{841FA893-8609-46FA-89B9-4F70D7E09786}.Debug|x64.Build.0 = Debug|Any CPU
		{841FA893-8609-46FA-89B9-4F70D7E09786}.Debug|x86.ActiveCfg = Debug|x86
		{841FA893-8609-46FA-89B9-4F70D7E09786}.Debug|x86.Build.0 = Debug|x86
		{841FA893-8609-46FA-89B9-4F70D7E09786}.Release|Any CPU.ActiveCfg = Release|Any CPU
		{841FA893-8609-46FA-89B9-4F70D7E09786}.Release|Any CPU.Build.0 = Release|Any CPU
		{841FA893-8609-46FA-89B9-4F70D7E09786}.Release|ARM.ActiveCfg = Release|Any CPU
		{841FA893-8609-46FA-89B9-4F70D7E09786}.Release|ARM.Build.0 = Release|Any CPU
		{841FA893-8609-46FA-89B9-4F70D7E09786}.Release|Mixed Platforms.ActiveCfg = Release|x86
		{841FA893-8609-46FA-89B9-4F70D7E09786}.Release|Mixed Platforms.Build.0 = Release|x86
		{841FA893-8609-46FA-89B9-4F70D7E09786}.Release|x64.ActiveCfg = Release|Any CPU
		{841FA893-8609-46FA-89B9-4F70D7E09786}.Release|x64.Build.0 = Release|Any CPU
		{841FA893-8609-46FA-89B9-4F70D7E09786}.Release|x86.ActiveCfg = Release|x86
		{841FA893-8609-46FA-89B9-4F70D7E09786}.Release|x86.Build.0 = Release|x86
		{841FA893-8609-46FA-89B9-4F70D7E09786}.Release-Signed|Any CPU.ActiveCfg = Release|Any CPU
		{841FA893-8609-46FA-89B9-4F70D7E09786}.Release-Signed|Any CPU.Build.0 = Release|Any CPU
		{841FA893-8609-46FA-89B9-4F70D7E09786}.Release-Signed|ARM.ActiveCfg = Release|Any CPU
		{841FA893-8609-46FA-89B9-4F70D7E09786}.Release-Signed|ARM.Build.0 = Release|Any CPU
		{841FA893-8609-46FA-89B9-4F70D7E09786}.Release-Signed|Mixed Platforms.ActiveCfg = Release|x86
		{841FA893-8609-46FA-89B9-4F70D7E09786}.Release-Signed|Mixed Platforms.Build.0 = Release|x86
		{841FA893-8609-46FA-89B9-4F70D7E09786}.Release-Signed|x64.ActiveCfg = Release|Any CPU
		{841FA893-8609-46FA-89B9-4F70D7E09786}.Release-Signed|x64.Build.0 = Release|Any CPU
		{841FA893-8609-46FA-89B9-4F70D7E09786}.Release-Signed|x86.ActiveCfg = Release|x86
		{841FA893-8609-46FA-89B9-4F70D7E09786}.Release-Signed|x86.Build.0 = Release|x86
		{247CB789-4DBB-485E-8DAC-6AA66DA341AA}.ajgor|Any CPU.ActiveCfg = Debug|Any CPU
		{247CB789-4DBB-485E-8DAC-6AA66DA341AA}.ajgor|Any CPU.Build.0 = Debug|Any CPU
		{247CB789-4DBB-485E-8DAC-6AA66DA341AA}.ajgor|ARM.ActiveCfg = Debug|Any CPU
		{247CB789-4DBB-485E-8DAC-6AA66DA341AA}.ajgor|ARM.Build.0 = Debug|Any CPU
		{247CB789-4DBB-485E-8DAC-6AA66DA341AA}.ajgor|Mixed Platforms.ActiveCfg = Debug|x86
		{247CB789-4DBB-485E-8DAC-6AA66DA341AA}.ajgor|Mixed Platforms.Build.0 = Debug|x86
		{247CB789-4DBB-485E-8DAC-6AA66DA341AA}.ajgor|x64.ActiveCfg = Debug|Any CPU
		{247CB789-4DBB-485E-8DAC-6AA66DA341AA}.ajgor|x64.Build.0 = Debug|Any CPU
		{247CB789-4DBB-485E-8DAC-6AA66DA341AA}.ajgor|x86.ActiveCfg = Debug|x86
		{247CB789-4DBB-485E-8DAC-6AA66DA341AA}.ajgor|x86.Build.0 = Debug|x86
		{247CB789-4DBB-485E-8DAC-6AA66DA341AA}.Debug|Any CPU.ActiveCfg = Debug|Any CPU
		{247CB789-4DBB-485E-8DAC-6AA66DA341AA}.Debug|Any CPU.Build.0 = Debug|Any CPU
		{247CB789-4DBB-485E-8DAC-6AA66DA341AA}.Debug|ARM.ActiveCfg = Debug|Any CPU
		{247CB789-4DBB-485E-8DAC-6AA66DA341AA}.Debug|ARM.Build.0 = Debug|Any CPU
		{247CB789-4DBB-485E-8DAC-6AA66DA341AA}.Debug|Mixed Platforms.ActiveCfg = Debug|x86
		{247CB789-4DBB-485E-8DAC-6AA66DA341AA}.Debug|Mixed Platforms.Build.0 = Debug|x86
		{247CB789-4DBB-485E-8DAC-6AA66DA341AA}.Debug|x64.ActiveCfg = Debug|Any CPU
		{247CB789-4DBB-485E-8DAC-6AA66DA341AA}.Debug|x64.Build.0 = Debug|Any CPU
		{247CB789-4DBB-485E-8DAC-6AA66DA341AA}.Debug|x86.ActiveCfg = Debug|x86
		{247CB789-4DBB-485E-8DAC-6AA66DA341AA}.Debug|x86.Build.0 = Debug|x86
		{247CB789-4DBB-485E-8DAC-6AA66DA341AA}.Release|Any CPU.ActiveCfg = Release|Any CPU
		{247CB789-4DBB-485E-8DAC-6AA66DA341AA}.Release|Any CPU.Build.0 = Release|Any CPU
		{247CB789-4DBB-485E-8DAC-6AA66DA341AA}.Release|ARM.ActiveCfg = Release|Any CPU
		{247CB789-4DBB-485E-8DAC-6AA66DA341AA}.Release|ARM.Build.0 = Release|Any CPU
		{247CB789-4DBB-485E-8DAC-6AA66DA341AA}.Release|Mixed Platforms.ActiveCfg = Release|x86
		{247CB789-4DBB-485E-8DAC-6AA66DA341AA}.Release|Mixed Platforms.Build.0 = Release|x86
		{247CB789-4DBB-485E-8DAC-6AA66DA341AA}.Release|x64.ActiveCfg = Release|Any CPU
		{247CB789-4DBB-485E-8DAC-6AA66DA341AA}.Release|x64.Build.0 = Release|Any CPU
		{247CB789-4DBB-485E-8DAC-6AA66DA341AA}.Release|x86.ActiveCfg = Release|x86
		{247CB789-4DBB-485E-8DAC-6AA66DA341AA}.Release|x86.Build.0 = Release|x86
		{247CB789-4DBB-485E-8DAC-6AA66DA341AA}.Release-Signed|Any CPU.ActiveCfg = Release|Any CPU
		{247CB789-4DBB-485E-8DAC-6AA66DA341AA}.Release-Signed|Any CPU.Build.0 = Release|Any CPU
		{247CB789-4DBB-485E-8DAC-6AA66DA341AA}.Release-Signed|ARM.ActiveCfg = Release|Any CPU
		{247CB789-4DBB-485E-8DAC-6AA66DA341AA}.Release-Signed|ARM.Build.0 = Release|Any CPU
		{247CB789-4DBB-485E-8DAC-6AA66DA341AA}.Release-Signed|Mixed Platforms.ActiveCfg = Release|x86
		{247CB789-4DBB-485E-8DAC-6AA66DA341AA}.Release-Signed|Mixed Platforms.Build.0 = Release|x86
		{247CB789-4DBB-485E-8DAC-6AA66DA341AA}.Release-Signed|x64.ActiveCfg = Release|Any CPU
		{247CB789-4DBB-485E-8DAC-6AA66DA341AA}.Release-Signed|x64.Build.0 = Release|Any CPU
		{247CB789-4DBB-485E-8DAC-6AA66DA341AA}.Release-Signed|x86.ActiveCfg = Release|x86
		{247CB789-4DBB-485E-8DAC-6AA66DA341AA}.Release-Signed|x86.Build.0 = Release|x86
		{C03FDBAC-02D0-4721-87B9-8145D144193D}.ajgor|Any CPU.ActiveCfg = Debug|Any CPU
		{C03FDBAC-02D0-4721-87B9-8145D144193D}.ajgor|Any CPU.Build.0 = Debug|Any CPU
		{C03FDBAC-02D0-4721-87B9-8145D144193D}.ajgor|ARM.ActiveCfg = Debug|Any CPU
		{C03FDBAC-02D0-4721-87B9-8145D144193D}.ajgor|ARM.Build.0 = Debug|Any CPU
		{C03FDBAC-02D0-4721-87B9-8145D144193D}.ajgor|Mixed Platforms.ActiveCfg = Debug|x86
		{C03FDBAC-02D0-4721-87B9-8145D144193D}.ajgor|Mixed Platforms.Build.0 = Debug|x86
		{C03FDBAC-02D0-4721-87B9-8145D144193D}.ajgor|x64.ActiveCfg = Debug|Any CPU
		{C03FDBAC-02D0-4721-87B9-8145D144193D}.ajgor|x64.Build.0 = Debug|Any CPU
		{C03FDBAC-02D0-4721-87B9-8145D144193D}.ajgor|x86.ActiveCfg = Debug|x86
		{C03FDBAC-02D0-4721-87B9-8145D144193D}.ajgor|x86.Build.0 = Debug|x86
		{C03FDBAC-02D0-4721-87B9-8145D144193D}.Debug|Any CPU.ActiveCfg = Debug|Any CPU
		{C03FDBAC-02D0-4721-87B9-8145D144193D}.Debug|Any CPU.Build.0 = Debug|Any CPU
		{C03FDBAC-02D0-4721-87B9-8145D144193D}.Debug|ARM.ActiveCfg = Debug|Any CPU
		{C03FDBAC-02D0-4721-87B9-8145D144193D}.Debug|ARM.Build.0 = Debug|Any CPU
		{C03FDBAC-02D0-4721-87B9-8145D144193D}.Debug|Mixed Platforms.ActiveCfg = Debug|x86
		{C03FDBAC-02D0-4721-87B9-8145D144193D}.Debug|Mixed Platforms.Build.0 = Debug|x86
		{C03FDBAC-02D0-4721-87B9-8145D144193D}.Debug|x64.ActiveCfg = Debug|Any CPU
		{C03FDBAC-02D0-4721-87B9-8145D144193D}.Debug|x64.Build.0 = Debug|Any CPU
		{C03FDBAC-02D0-4721-87B9-8145D144193D}.Debug|x86.ActiveCfg = Debug|x86
		{C03FDBAC-02D0-4721-87B9-8145D144193D}.Debug|x86.Build.0 = Debug|x86
		{C03FDBAC-02D0-4721-87B9-8145D144193D}.Release|Any CPU.ActiveCfg = Release|Any CPU
		{C03FDBAC-02D0-4721-87B9-8145D144193D}.Release|Any CPU.Build.0 = Release|Any CPU
		{C03FDBAC-02D0-4721-87B9-8145D144193D}.Release|ARM.ActiveCfg = Release|Any CPU
		{C03FDBAC-02D0-4721-87B9-8145D144193D}.Release|ARM.Build.0 = Release|Any CPU
		{C03FDBAC-02D0-4721-87B9-8145D144193D}.Release|Mixed Platforms.ActiveCfg = Release|x86
		{C03FDBAC-02D0-4721-87B9-8145D144193D}.Release|Mixed Platforms.Build.0 = Release|x86
		{C03FDBAC-02D0-4721-87B9-8145D144193D}.Release|x64.ActiveCfg = Release|Any CPU
		{C03FDBAC-02D0-4721-87B9-8145D144193D}.Release|x64.Build.0 = Release|Any CPU
		{C03FDBAC-02D0-4721-87B9-8145D144193D}.Release|x86.ActiveCfg = Release|x86
		{C03FDBAC-02D0-4721-87B9-8145D144193D}.Release|x86.Build.0 = Release|x86
		{C03FDBAC-02D0-4721-87B9-8145D144193D}.Release-Signed|Any CPU.ActiveCfg = Release|Any CPU
		{C03FDBAC-02D0-4721-87B9-8145D144193D}.Release-Signed|Any CPU.Build.0 = Release|Any CPU
		{C03FDBAC-02D0-4721-87B9-8145D144193D}.Release-Signed|ARM.ActiveCfg = Release|Any CPU
		{C03FDBAC-02D0-4721-87B9-8145D144193D}.Release-Signed|ARM.Build.0 = Release|Any CPU
		{C03FDBAC-02D0-4721-87B9-8145D144193D}.Release-Signed|Mixed Platforms.ActiveCfg = Release|x86
		{C03FDBAC-02D0-4721-87B9-8145D144193D}.Release-Signed|Mixed Platforms.Build.0 = Release|x86
		{C03FDBAC-02D0-4721-87B9-8145D144193D}.Release-Signed|x64.ActiveCfg = Release|Any CPU
		{C03FDBAC-02D0-4721-87B9-8145D144193D}.Release-Signed|x64.Build.0 = Release|Any CPU
		{C03FDBAC-02D0-4721-87B9-8145D144193D}.Release-Signed|x86.ActiveCfg = Release|x86
		{C03FDBAC-02D0-4721-87B9-8145D144193D}.Release-Signed|x86.Build.0 = Release|x86
		{A9FA7553-5835-4511-90C8-E39FB2B5A068}.ajgor|Any CPU.ActiveCfg = Debug|Any CPU
		{A9FA7553-5835-4511-90C8-E39FB2B5A068}.ajgor|Any CPU.Build.0 = Debug|Any CPU
		{A9FA7553-5835-4511-90C8-E39FB2B5A068}.ajgor|ARM.ActiveCfg = Debug|Any CPU
		{A9FA7553-5835-4511-90C8-E39FB2B5A068}.ajgor|ARM.Build.0 = Debug|Any CPU
		{A9FA7553-5835-4511-90C8-E39FB2B5A068}.ajgor|Mixed Platforms.ActiveCfg = Debug|x86
		{A9FA7553-5835-4511-90C8-E39FB2B5A068}.ajgor|Mixed Platforms.Build.0 = Debug|x86
		{A9FA7553-5835-4511-90C8-E39FB2B5A068}.ajgor|x64.ActiveCfg = Debug|Any CPU
		{A9FA7553-5835-4511-90C8-E39FB2B5A068}.ajgor|x64.Build.0 = Debug|Any CPU
		{A9FA7553-5835-4511-90C8-E39FB2B5A068}.ajgor|x86.ActiveCfg = Debug|x86
		{A9FA7553-5835-4511-90C8-E39FB2B5A068}.ajgor|x86.Build.0 = Debug|x86
		{A9FA7553-5835-4511-90C8-E39FB2B5A068}.Debug|Any CPU.ActiveCfg = Debug|Any CPU
		{A9FA7553-5835-4511-90C8-E39FB2B5A068}.Debug|Any CPU.Build.0 = Debug|Any CPU
		{A9FA7553-5835-4511-90C8-E39FB2B5A068}.Debug|ARM.ActiveCfg = Debug|Any CPU
		{A9FA7553-5835-4511-90C8-E39FB2B5A068}.Debug|ARM.Build.0 = Debug|Any CPU
		{A9FA7553-5835-4511-90C8-E39FB2B5A068}.Debug|Mixed Platforms.ActiveCfg = Debug|x86
		{A9FA7553-5835-4511-90C8-E39FB2B5A068}.Debug|Mixed Platforms.Build.0 = Debug|x86
		{A9FA7553-5835-4511-90C8-E39FB2B5A068}.Debug|x64.ActiveCfg = Debug|Any CPU
		{A9FA7553-5835-4511-90C8-E39FB2B5A068}.Debug|x64.Build.0 = Debug|Any CPU
		{A9FA7553-5835-4511-90C8-E39FB2B5A068}.Debug|x86.ActiveCfg = Debug|x86
		{A9FA7553-5835-4511-90C8-E39FB2B5A068}.Debug|x86.Build.0 = Debug|x86
		{A9FA7553-5835-4511-90C8-E39FB2B5A068}.Release|Any CPU.ActiveCfg = Release|Any CPU
		{A9FA7553-5835-4511-90C8-E39FB2B5A068}.Release|Any CPU.Build.0 = Release|Any CPU
		{A9FA7553-5835-4511-90C8-E39FB2B5A068}.Release|ARM.ActiveCfg = Release|Any CPU
		{A9FA7553-5835-4511-90C8-E39FB2B5A068}.Release|ARM.Build.0 = Release|Any CPU
		{A9FA7553-5835-4511-90C8-E39FB2B5A068}.Release|Mixed Platforms.ActiveCfg = Release|x86
		{A9FA7553-5835-4511-90C8-E39FB2B5A068}.Release|Mixed Platforms.Build.0 = Release|x86
		{A9FA7553-5835-4511-90C8-E39FB2B5A068}.Release|x64.ActiveCfg = Release|Any CPU
		{A9FA7553-5835-4511-90C8-E39FB2B5A068}.Release|x64.Build.0 = Release|Any CPU
		{A9FA7553-5835-4511-90C8-E39FB2B5A068}.Release|x86.ActiveCfg = Release|x86
		{A9FA7553-5835-4511-90C8-E39FB2B5A068}.Release|x86.Build.0 = Release|x86
		{A9FA7553-5835-4511-90C8-E39FB2B5A068}.Release-Signed|Any CPU.ActiveCfg = Release|Any CPU
		{A9FA7553-5835-4511-90C8-E39FB2B5A068}.Release-Signed|Any CPU.Build.0 = Release|Any CPU
		{A9FA7553-5835-4511-90C8-E39FB2B5A068}.Release-Signed|ARM.ActiveCfg = Release|Any CPU
		{A9FA7553-5835-4511-90C8-E39FB2B5A068}.Release-Signed|ARM.Build.0 = Release|Any CPU
		{A9FA7553-5835-4511-90C8-E39FB2B5A068}.Release-Signed|Mixed Platforms.ActiveCfg = Release|x86
		{A9FA7553-5835-4511-90C8-E39FB2B5A068}.Release-Signed|Mixed Platforms.Build.0 = Release|x86
		{A9FA7553-5835-4511-90C8-E39FB2B5A068}.Release-Signed|x64.ActiveCfg = Release|Any CPU
		{A9FA7553-5835-4511-90C8-E39FB2B5A068}.Release-Signed|x64.Build.0 = Release|Any CPU
		{A9FA7553-5835-4511-90C8-E39FB2B5A068}.Release-Signed|x86.ActiveCfg = Release|x86
		{A9FA7553-5835-4511-90C8-E39FB2B5A068}.Release-Signed|x86.Build.0 = Release|x86
		{24DE81F4-F636-4D80-BC15-424EA17E12D1}.ajgor|Any CPU.ActiveCfg = Debug|Any CPU
		{24DE81F4-F636-4D80-BC15-424EA17E12D1}.ajgor|Any CPU.Build.0 = Debug|Any CPU
		{24DE81F4-F636-4D80-BC15-424EA17E12D1}.ajgor|ARM.ActiveCfg = Debug|Any CPU
		{24DE81F4-F636-4D80-BC15-424EA17E12D1}.ajgor|ARM.Build.0 = Debug|Any CPU
		{24DE81F4-F636-4D80-BC15-424EA17E12D1}.ajgor|Mixed Platforms.ActiveCfg = Debug|x86
		{24DE81F4-F636-4D80-BC15-424EA17E12D1}.ajgor|Mixed Platforms.Build.0 = Debug|x86
		{24DE81F4-F636-4D80-BC15-424EA17E12D1}.ajgor|x64.ActiveCfg = Debug|Any CPU
		{24DE81F4-F636-4D80-BC15-424EA17E12D1}.ajgor|x64.Build.0 = Debug|Any CPU
		{24DE81F4-F636-4D80-BC15-424EA17E12D1}.ajgor|x86.ActiveCfg = Debug|x86
		{24DE81F4-F636-4D80-BC15-424EA17E12D1}.ajgor|x86.Build.0 = Debug|x86
		{24DE81F4-F636-4D80-BC15-424EA17E12D1}.Debug|Any CPU.ActiveCfg = Debug|Any CPU
		{24DE81F4-F636-4D80-BC15-424EA17E12D1}.Debug|Any CPU.Build.0 = Debug|Any CPU
		{24DE81F4-F636-4D80-BC15-424EA17E12D1}.Debug|ARM.ActiveCfg = Debug|Any CPU
		{24DE81F4-F636-4D80-BC15-424EA17E12D1}.Debug|ARM.Build.0 = Debug|Any CPU
		{24DE81F4-F636-4D80-BC15-424EA17E12D1}.Debug|Mixed Platforms.ActiveCfg = Debug|x86
		{24DE81F4-F636-4D80-BC15-424EA17E12D1}.Debug|Mixed Platforms.Build.0 = Debug|x86
		{24DE81F4-F636-4D80-BC15-424EA17E12D1}.Debug|x64.ActiveCfg = Debug|Any CPU
		{24DE81F4-F636-4D80-BC15-424EA17E12D1}.Debug|x64.Build.0 = Debug|Any CPU
		{24DE81F4-F636-4D80-BC15-424EA17E12D1}.Debug|x86.ActiveCfg = Debug|x86
		{24DE81F4-F636-4D80-BC15-424EA17E12D1}.Debug|x86.Build.0 = Debug|x86
		{24DE81F4-F636-4D80-BC15-424EA17E12D1}.Release|Any CPU.ActiveCfg = Release|Any CPU
		{24DE81F4-F636-4D80-BC15-424EA17E12D1}.Release|Any CPU.Build.0 = Release|Any CPU
		{24DE81F4-F636-4D80-BC15-424EA17E12D1}.Release|ARM.ActiveCfg = Release|Any CPU
		{24DE81F4-F636-4D80-BC15-424EA17E12D1}.Release|ARM.Build.0 = Release|Any CPU
		{24DE81F4-F636-4D80-BC15-424EA17E12D1}.Release|Mixed Platforms.ActiveCfg = Release|x86
		{24DE81F4-F636-4D80-BC15-424EA17E12D1}.Release|Mixed Platforms.Build.0 = Release|x86
		{24DE81F4-F636-4D80-BC15-424EA17E12D1}.Release|x64.ActiveCfg = Release|Any CPU
		{24DE81F4-F636-4D80-BC15-424EA17E12D1}.Release|x64.Build.0 = Release|Any CPU
		{24DE81F4-F636-4D80-BC15-424EA17E12D1}.Release|x86.ActiveCfg = Release|x86
		{24DE81F4-F636-4D80-BC15-424EA17E12D1}.Release|x86.Build.0 = Release|x86
		{24DE81F4-F636-4D80-BC15-424EA17E12D1}.Release-Signed|Any CPU.ActiveCfg = Release|Any CPU
		{24DE81F4-F636-4D80-BC15-424EA17E12D1}.Release-Signed|Any CPU.Build.0 = Release|Any CPU
		{24DE81F4-F636-4D80-BC15-424EA17E12D1}.Release-Signed|ARM.ActiveCfg = Release|Any CPU
		{24DE81F4-F636-4D80-BC15-424EA17E12D1}.Release-Signed|ARM.Build.0 = Release|Any CPU
		{24DE81F4-F636-4D80-BC15-424EA17E12D1}.Release-Signed|Mixed Platforms.ActiveCfg = Release|x86
		{24DE81F4-F636-4D80-BC15-424EA17E12D1}.Release-Signed|Mixed Platforms.Build.0 = Release|x86
		{24DE81F4-F636-4D80-BC15-424EA17E12D1}.Release-Signed|x64.ActiveCfg = Release|Any CPU
		{24DE81F4-F636-4D80-BC15-424EA17E12D1}.Release-Signed|x64.Build.0 = Release|Any CPU
		{24DE81F4-F636-4D80-BC15-424EA17E12D1}.Release-Signed|x86.ActiveCfg = Release|x86
		{24DE81F4-F636-4D80-BC15-424EA17E12D1}.Release-Signed|x86.Build.0 = Release|x86
		{62F61D8F-A38F-449C-8D15-52169CAF162E}.ajgor|Any CPU.ActiveCfg = Debug|Any CPU
		{62F61D8F-A38F-449C-8D15-52169CAF162E}.ajgor|Any CPU.Build.0 = Debug|Any CPU
		{62F61D8F-A38F-449C-8D15-52169CAF162E}.ajgor|ARM.ActiveCfg = Debug|Any CPU
		{62F61D8F-A38F-449C-8D15-52169CAF162E}.ajgor|ARM.Build.0 = Debug|Any CPU
		{62F61D8F-A38F-449C-8D15-52169CAF162E}.ajgor|Mixed Platforms.ActiveCfg = Debug|x86
		{62F61D8F-A38F-449C-8D15-52169CAF162E}.ajgor|Mixed Platforms.Build.0 = Debug|x86
		{62F61D8F-A38F-449C-8D15-52169CAF162E}.ajgor|x64.ActiveCfg = Debug|Any CPU
		{62F61D8F-A38F-449C-8D15-52169CAF162E}.ajgor|x64.Build.0 = Debug|Any CPU
		{62F61D8F-A38F-449C-8D15-52169CAF162E}.ajgor|x86.ActiveCfg = Debug|x86
		{62F61D8F-A38F-449C-8D15-52169CAF162E}.ajgor|x86.Build.0 = Debug|x86
		{62F61D8F-A38F-449C-8D15-52169CAF162E}.Debug|Any CPU.ActiveCfg = Debug|Any CPU
		{62F61D8F-A38F-449C-8D15-52169CAF162E}.Debug|Any CPU.Build.0 = Debug|Any CPU
		{62F61D8F-A38F-449C-8D15-52169CAF162E}.Debug|ARM.ActiveCfg = Debug|Any CPU
		{62F61D8F-A38F-449C-8D15-52169CAF162E}.Debug|ARM.Build.0 = Debug|Any CPU
		{62F61D8F-A38F-449C-8D15-52169CAF162E}.Debug|Mixed Platforms.ActiveCfg = Debug|x86
		{62F61D8F-A38F-449C-8D15-52169CAF162E}.Debug|Mixed Platforms.Build.0 = Debug|x86
		{62F61D8F-A38F-449C-8D15-52169CAF162E}.Debug|x64.ActiveCfg = Debug|Any CPU
		{62F61D8F-A38F-449C-8D15-52169CAF162E}.Debug|x64.Build.0 = Debug|Any CPU
		{62F61D8F-A38F-449C-8D15-52169CAF162E}.Debug|x86.ActiveCfg = Debug|x86
		{62F61D8F-A38F-449C-8D15-52169CAF162E}.Debug|x86.Build.0 = Debug|x86
		{62F61D8F-A38F-449C-8D15-52169CAF162E}.Release|Any CPU.ActiveCfg = Release|Any CPU
		{62F61D8F-A38F-449C-8D15-52169CAF162E}.Release|Any CPU.Build.0 = Release|Any CPU
		{62F61D8F-A38F-449C-8D15-52169CAF162E}.Release|ARM.ActiveCfg = Release|Any CPU
		{62F61D8F-A38F-449C-8D15-52169CAF162E}.Release|ARM.Build.0 = Release|Any CPU
		{62F61D8F-A38F-449C-8D15-52169CAF162E}.Release|Mixed Platforms.ActiveCfg = Release|x86
		{62F61D8F-A38F-449C-8D15-52169CAF162E}.Release|Mixed Platforms.Build.0 = Release|x86
		{62F61D8F-A38F-449C-8D15-52169CAF162E}.Release|x64.ActiveCfg = Release|Any CPU
		{62F61D8F-A38F-449C-8D15-52169CAF162E}.Release|x64.Build.0 = Release|Any CPU
		{62F61D8F-A38F-449C-8D15-52169CAF162E}.Release|x86.ActiveCfg = Release|x86
		{62F61D8F-A38F-449C-8D15-52169CAF162E}.Release|x86.Build.0 = Release|x86
		{62F61D8F-A38F-449C-8D15-52169CAF162E}.Release-Signed|Any CPU.ActiveCfg = Release|Any CPU
		{62F61D8F-A38F-449C-8D15-52169CAF162E}.Release-Signed|Any CPU.Build.0 = Release|Any CPU
		{62F61D8F-A38F-449C-8D15-52169CAF162E}.Release-Signed|ARM.ActiveCfg = Release|Any CPU
		{62F61D8F-A38F-449C-8D15-52169CAF162E}.Release-Signed|ARM.Build.0 = Release|Any CPU
		{62F61D8F-A38F-449C-8D15-52169CAF162E}.Release-Signed|Mixed Platforms.ActiveCfg = Release|x86
		{62F61D8F-A38F-449C-8D15-52169CAF162E}.Release-Signed|Mixed Platforms.Build.0 = Release|x86
		{62F61D8F-A38F-449C-8D15-52169CAF162E}.Release-Signed|x64.ActiveCfg = Release|Any CPU
		{62F61D8F-A38F-449C-8D15-52169CAF162E}.Release-Signed|x64.Build.0 = Release|Any CPU
		{62F61D8F-A38F-449C-8D15-52169CAF162E}.Release-Signed|x86.ActiveCfg = Release|x86
		{62F61D8F-A38F-449C-8D15-52169CAF162E}.Release-Signed|x86.Build.0 = Release|x86
		{3CCA3C60-20E7-461C-94B3-9B020FE278DB}.ajgor|Any CPU.ActiveCfg = Debug|Any CPU
		{3CCA3C60-20E7-461C-94B3-9B020FE278DB}.ajgor|Any CPU.Build.0 = Debug|Any CPU
		{3CCA3C60-20E7-461C-94B3-9B020FE278DB}.ajgor|ARM.ActiveCfg = Debug|Any CPU
		{3CCA3C60-20E7-461C-94B3-9B020FE278DB}.ajgor|ARM.Build.0 = Debug|Any CPU
		{3CCA3C60-20E7-461C-94B3-9B020FE278DB}.ajgor|Mixed Platforms.ActiveCfg = Debug|Any CPU
		{3CCA3C60-20E7-461C-94B3-9B020FE278DB}.ajgor|Mixed Platforms.Build.0 = Debug|Any CPU
		{3CCA3C60-20E7-461C-94B3-9B020FE278DB}.ajgor|x64.ActiveCfg = Debug|Any CPU
		{3CCA3C60-20E7-461C-94B3-9B020FE278DB}.ajgor|x64.Build.0 = Debug|Any CPU
		{3CCA3C60-20E7-461C-94B3-9B020FE278DB}.ajgor|x86.ActiveCfg = Debug|Any CPU
		{3CCA3C60-20E7-461C-94B3-9B020FE278DB}.ajgor|x86.Build.0 = Debug|Any CPU
		{3CCA3C60-20E7-461C-94B3-9B020FE278DB}.Debug|Any CPU.ActiveCfg = Debug|Any CPU
		{3CCA3C60-20E7-461C-94B3-9B020FE278DB}.Debug|Any CPU.Build.0 = Debug|Any CPU
		{3CCA3C60-20E7-461C-94B3-9B020FE278DB}.Debug|ARM.ActiveCfg = Debug|Any CPU
		{3CCA3C60-20E7-461C-94B3-9B020FE278DB}.Debug|ARM.Build.0 = Debug|Any CPU
		{3CCA3C60-20E7-461C-94B3-9B020FE278DB}.Debug|Mixed Platforms.ActiveCfg = Debug|Any CPU
		{3CCA3C60-20E7-461C-94B3-9B020FE278DB}.Debug|Mixed Platforms.Build.0 = Debug|Any CPU
		{3CCA3C60-20E7-461C-94B3-9B020FE278DB}.Debug|x64.ActiveCfg = Debug|Any CPU
		{3CCA3C60-20E7-461C-94B3-9B020FE278DB}.Debug|x64.Build.0 = Debug|Any CPU
		{3CCA3C60-20E7-461C-94B3-9B020FE278DB}.Debug|x86.ActiveCfg = Debug|Any CPU
		{3CCA3C60-20E7-461C-94B3-9B020FE278DB}.Debug|x86.Build.0 = Debug|Any CPU
		{3CCA3C60-20E7-461C-94B3-9B020FE278DB}.Release|Any CPU.ActiveCfg = Release|Any CPU
		{3CCA3C60-20E7-461C-94B3-9B020FE278DB}.Release|Any CPU.Build.0 = Release|Any CPU
		{3CCA3C60-20E7-461C-94B3-9B020FE278DB}.Release|ARM.ActiveCfg = Release|Any CPU
		{3CCA3C60-20E7-461C-94B3-9B020FE278DB}.Release|ARM.Build.0 = Release|Any CPU
		{3CCA3C60-20E7-461C-94B3-9B020FE278DB}.Release|Mixed Platforms.ActiveCfg = Release|Any CPU
		{3CCA3C60-20E7-461C-94B3-9B020FE278DB}.Release|Mixed Platforms.Build.0 = Release|Any CPU
		{3CCA3C60-20E7-461C-94B3-9B020FE278DB}.Release|x64.ActiveCfg = Release|Any CPU
		{3CCA3C60-20E7-461C-94B3-9B020FE278DB}.Release|x64.Build.0 = Release|Any CPU
		{3CCA3C60-20E7-461C-94B3-9B020FE278DB}.Release|x86.ActiveCfg = Release|Any CPU
		{3CCA3C60-20E7-461C-94B3-9B020FE278DB}.Release|x86.Build.0 = Release|Any CPU
		{3CCA3C60-20E7-461C-94B3-9B020FE278DB}.Release-Signed|Any CPU.ActiveCfg = Release|Any CPU
		{3CCA3C60-20E7-461C-94B3-9B020FE278DB}.Release-Signed|Any CPU.Build.0 = Release|Any CPU
		{3CCA3C60-20E7-461C-94B3-9B020FE278DB}.Release-Signed|ARM.ActiveCfg = Release|Any CPU
		{3CCA3C60-20E7-461C-94B3-9B020FE278DB}.Release-Signed|ARM.Build.0 = Release|Any CPU
		{3CCA3C60-20E7-461C-94B3-9B020FE278DB}.Release-Signed|Mixed Platforms.ActiveCfg = Release|Any CPU
		{3CCA3C60-20E7-461C-94B3-9B020FE278DB}.Release-Signed|Mixed Platforms.Build.0 = Release|Any CPU
		{3CCA3C60-20E7-461C-94B3-9B020FE278DB}.Release-Signed|x64.ActiveCfg = Release|Any CPU
		{3CCA3C60-20E7-461C-94B3-9B020FE278DB}.Release-Signed|x64.Build.0 = Release|Any CPU
		{3CCA3C60-20E7-461C-94B3-9B020FE278DB}.Release-Signed|x86.ActiveCfg = Release|Any CPU
		{3CCA3C60-20E7-461C-94B3-9B020FE278DB}.Release-Signed|x86.Build.0 = Release|Any CPU
		{76448460-4DE4-45FB-B35D-076D8759614A}.ajgor|Any CPU.ActiveCfg = Debug|Any CPU
		{76448460-4DE4-45FB-B35D-076D8759614A}.ajgor|Any CPU.Build.0 = Debug|Any CPU
		{76448460-4DE4-45FB-B35D-076D8759614A}.ajgor|ARM.ActiveCfg = Debug|Any CPU
		{76448460-4DE4-45FB-B35D-076D8759614A}.ajgor|ARM.Build.0 = Debug|Any CPU
		{76448460-4DE4-45FB-B35D-076D8759614A}.ajgor|Mixed Platforms.ActiveCfg = Debug|Any CPU
		{76448460-4DE4-45FB-B35D-076D8759614A}.ajgor|Mixed Platforms.Build.0 = Debug|Any CPU
		{76448460-4DE4-45FB-B35D-076D8759614A}.ajgor|x64.ActiveCfg = Debug|Any CPU
		{76448460-4DE4-45FB-B35D-076D8759614A}.ajgor|x64.Build.0 = Debug|Any CPU
		{76448460-4DE4-45FB-B35D-076D8759614A}.ajgor|x86.ActiveCfg = Debug|Any CPU
		{76448460-4DE4-45FB-B35D-076D8759614A}.ajgor|x86.Build.0 = Debug|Any CPU
		{76448460-4DE4-45FB-B35D-076D8759614A}.Debug|Any CPU.ActiveCfg = Debug|Any CPU
		{76448460-4DE4-45FB-B35D-076D8759614A}.Debug|Any CPU.Build.0 = Debug|Any CPU
		{76448460-4DE4-45FB-B35D-076D8759614A}.Debug|ARM.ActiveCfg = Debug|Any CPU
		{76448460-4DE4-45FB-B35D-076D8759614A}.Debug|ARM.Build.0 = Debug|Any CPU
		{76448460-4DE4-45FB-B35D-076D8759614A}.Debug|Mixed Platforms.ActiveCfg = Debug|Any CPU
		{76448460-4DE4-45FB-B35D-076D8759614A}.Debug|Mixed Platforms.Build.0 = Debug|Any CPU
		{76448460-4DE4-45FB-B35D-076D8759614A}.Debug|x64.ActiveCfg = Debug|Any CPU
		{76448460-4DE4-45FB-B35D-076D8759614A}.Debug|x64.Build.0 = Debug|Any CPU
		{76448460-4DE4-45FB-B35D-076D8759614A}.Debug|x86.ActiveCfg = Debug|Any CPU
		{76448460-4DE4-45FB-B35D-076D8759614A}.Debug|x86.Build.0 = Debug|Any CPU
		{76448460-4DE4-45FB-B35D-076D8759614A}.Release|Any CPU.ActiveCfg = Release|Any CPU
		{76448460-4DE4-45FB-B35D-076D8759614A}.Release|Any CPU.Build.0 = Release|Any CPU
		{76448460-4DE4-45FB-B35D-076D8759614A}.Release|ARM.ActiveCfg = Release|Any CPU
		{76448460-4DE4-45FB-B35D-076D8759614A}.Release|ARM.Build.0 = Release|Any CPU
		{76448460-4DE4-45FB-B35D-076D8759614A}.Release|Mixed Platforms.ActiveCfg = Release|Any CPU
		{76448460-4DE4-45FB-B35D-076D8759614A}.Release|Mixed Platforms.Build.0 = Release|Any CPU
		{76448460-4DE4-45FB-B35D-076D8759614A}.Release|x64.ActiveCfg = Release|Any CPU
		{76448460-4DE4-45FB-B35D-076D8759614A}.Release|x64.Build.0 = Release|Any CPU
		{76448460-4DE4-45FB-B35D-076D8759614A}.Release|x86.ActiveCfg = Release|Any CPU
		{76448460-4DE4-45FB-B35D-076D8759614A}.Release|x86.Build.0 = Release|Any CPU
		{76448460-4DE4-45FB-B35D-076D8759614A}.Release-Signed|Any CPU.ActiveCfg = Release|Any CPU
		{76448460-4DE4-45FB-B35D-076D8759614A}.Release-Signed|Any CPU.Build.0 = Release|Any CPU
		{76448460-4DE4-45FB-B35D-076D8759614A}.Release-Signed|ARM.ActiveCfg = Release|Any CPU
		{76448460-4DE4-45FB-B35D-076D8759614A}.Release-Signed|ARM.Build.0 = Release|Any CPU
		{76448460-4DE4-45FB-B35D-076D8759614A}.Release-Signed|Mixed Platforms.ActiveCfg = Release|Any CPU
		{76448460-4DE4-45FB-B35D-076D8759614A}.Release-Signed|Mixed Platforms.Build.0 = Release|Any CPU
		{76448460-4DE4-45FB-B35D-076D8759614A}.Release-Signed|x64.ActiveCfg = Release|Any CPU
		{76448460-4DE4-45FB-B35D-076D8759614A}.Release-Signed|x64.Build.0 = Release|Any CPU
		{76448460-4DE4-45FB-B35D-076D8759614A}.Release-Signed|x86.ActiveCfg = Release|Any CPU
		{76448460-4DE4-45FB-B35D-076D8759614A}.Release-Signed|x86.Build.0 = Release|Any CPU
		{D58DBF4E-7E5E-4FFC-B501-BBA27FC78B8D}.ajgor|Any CPU.ActiveCfg = Debug|Any CPU
		{D58DBF4E-7E5E-4FFC-B501-BBA27FC78B8D}.ajgor|Any CPU.Build.0 = Debug|Any CPU
		{D58DBF4E-7E5E-4FFC-B501-BBA27FC78B8D}.ajgor|ARM.ActiveCfg = Debug|Any CPU
		{D58DBF4E-7E5E-4FFC-B501-BBA27FC78B8D}.ajgor|ARM.Build.0 = Debug|Any CPU
		{D58DBF4E-7E5E-4FFC-B501-BBA27FC78B8D}.ajgor|Mixed Platforms.ActiveCfg = Debug|Any CPU
		{D58DBF4E-7E5E-4FFC-B501-BBA27FC78B8D}.ajgor|Mixed Platforms.Build.0 = Debug|Any CPU
		{D58DBF4E-7E5E-4FFC-B501-BBA27FC78B8D}.ajgor|x64.ActiveCfg = Debug|Any CPU
		{D58DBF4E-7E5E-4FFC-B501-BBA27FC78B8D}.ajgor|x64.Build.0 = Debug|Any CPU
		{D58DBF4E-7E5E-4FFC-B501-BBA27FC78B8D}.ajgor|x86.ActiveCfg = Debug|Any CPU
		{D58DBF4E-7E5E-4FFC-B501-BBA27FC78B8D}.ajgor|x86.Build.0 = Debug|Any CPU
		{D58DBF4E-7E5E-4FFC-B501-BBA27FC78B8D}.Debug|Any CPU.ActiveCfg = Debug|Any CPU
		{D58DBF4E-7E5E-4FFC-B501-BBA27FC78B8D}.Debug|Any CPU.Build.0 = Debug|Any CPU
		{D58DBF4E-7E5E-4FFC-B501-BBA27FC78B8D}.Debug|ARM.ActiveCfg = Debug|Any CPU
		{D58DBF4E-7E5E-4FFC-B501-BBA27FC78B8D}.Debug|ARM.Build.0 = Debug|Any CPU
		{D58DBF4E-7E5E-4FFC-B501-BBA27FC78B8D}.Debug|Mixed Platforms.ActiveCfg = Debug|Any CPU
		{D58DBF4E-7E5E-4FFC-B501-BBA27FC78B8D}.Debug|Mixed Platforms.Build.0 = Debug|Any CPU
		{D58DBF4E-7E5E-4FFC-B501-BBA27FC78B8D}.Debug|x64.ActiveCfg = Debug|Any CPU
		{D58DBF4E-7E5E-4FFC-B501-BBA27FC78B8D}.Debug|x64.Build.0 = Debug|Any CPU
		{D58DBF4E-7E5E-4FFC-B501-BBA27FC78B8D}.Debug|x86.ActiveCfg = Debug|Any CPU
		{D58DBF4E-7E5E-4FFC-B501-BBA27FC78B8D}.Debug|x86.Build.0 = Debug|Any CPU
		{D58DBF4E-7E5E-4FFC-B501-BBA27FC78B8D}.Release|Any CPU.ActiveCfg = Release|Any CPU
		{D58DBF4E-7E5E-4FFC-B501-BBA27FC78B8D}.Release|Any CPU.Build.0 = Release|Any CPU
		{D58DBF4E-7E5E-4FFC-B501-BBA27FC78B8D}.Release|ARM.ActiveCfg = Release|Any CPU
		{D58DBF4E-7E5E-4FFC-B501-BBA27FC78B8D}.Release|ARM.Build.0 = Release|Any CPU
		{D58DBF4E-7E5E-4FFC-B501-BBA27FC78B8D}.Release|Mixed Platforms.ActiveCfg = Release|Any CPU
		{D58DBF4E-7E5E-4FFC-B501-BBA27FC78B8D}.Release|Mixed Platforms.Build.0 = Release|Any CPU
		{D58DBF4E-7E5E-4FFC-B501-BBA27FC78B8D}.Release|x64.ActiveCfg = Release|Any CPU
		{D58DBF4E-7E5E-4FFC-B501-BBA27FC78B8D}.Release|x64.Build.0 = Release|Any CPU
		{D58DBF4E-7E5E-4FFC-B501-BBA27FC78B8D}.Release|x86.ActiveCfg = Release|Any CPU
		{D58DBF4E-7E5E-4FFC-B501-BBA27FC78B8D}.Release|x86.Build.0 = Release|Any CPU
		{D58DBF4E-7E5E-4FFC-B501-BBA27FC78B8D}.Release-Signed|Any CPU.ActiveCfg = Release|Any CPU
		{D58DBF4E-7E5E-4FFC-B501-BBA27FC78B8D}.Release-Signed|Any CPU.Build.0 = Release|Any CPU
		{D58DBF4E-7E5E-4FFC-B501-BBA27FC78B8D}.Release-Signed|ARM.ActiveCfg = Release|Any CPU
		{D58DBF4E-7E5E-4FFC-B501-BBA27FC78B8D}.Release-Signed|ARM.Build.0 = Release|Any CPU
		{D58DBF4E-7E5E-4FFC-B501-BBA27FC78B8D}.Release-Signed|Mixed Platforms.ActiveCfg = Release|Any CPU
		{D58DBF4E-7E5E-4FFC-B501-BBA27FC78B8D}.Release-Signed|Mixed Platforms.Build.0 = Release|Any CPU
		{D58DBF4E-7E5E-4FFC-B501-BBA27FC78B8D}.Release-Signed|x64.ActiveCfg = Release|Any CPU
		{D58DBF4E-7E5E-4FFC-B501-BBA27FC78B8D}.Release-Signed|x64.Build.0 = Release|Any CPU
		{D58DBF4E-7E5E-4FFC-B501-BBA27FC78B8D}.Release-Signed|x86.ActiveCfg = Release|Any CPU
		{D58DBF4E-7E5E-4FFC-B501-BBA27FC78B8D}.Release-Signed|x86.Build.0 = Release|Any CPU
	EndGlobalSection
	GlobalSection(SolutionProperties) = preSolution
		HideSolutionNode = FALSE
	EndGlobalSection
	GlobalSection(NestedProjects) = preSolution
		{678738DA-F723-4920-B9E5-CAD667104BDA} = {979592F7-9C7C-4C7C-8997-99FBE1C6BFF8}
		{EED81351-FA28-4463-8FB0-4D657C2289D5} = {40EBA999-12B7-4F10-A68D-5B1A6F038F92}
		{1FC647C4-A465-4010-A55E-81E5862B1204} = {20CB96FE-146B-4578-BA06-A89EC97DDC29}
		{39E26C5F-2F65-4754-A85D-6159D0940427} = {1D30A80D-9E20-4C25-BFF7-91AA4A969406}
		{AF53556C-4A9E-461B-8DA8-9F6BFD276BEC} = {40EBA999-12B7-4F10-A68D-5B1A6F038F92}
		{32686B8D-F9B2-4DDD-ACAF-CC7037542FA9} = {1D30A80D-9E20-4C25-BFF7-91AA4A969406}
		{174BF732-EBF8-446B-8BC2-416D0BE0F582} = {1D30A80D-9E20-4C25-BFF7-91AA4A969406}
		{841FA893-8609-46FA-89B9-4F70D7E09786} = {32686B8D-F9B2-4DDD-ACAF-CC7037542FA9}
		{247CB789-4DBB-485E-8DAC-6AA66DA341AA} = {32686B8D-F9B2-4DDD-ACAF-CC7037542FA9}
		{C03FDBAC-02D0-4721-87B9-8145D144193D} = {32686B8D-F9B2-4DDD-ACAF-CC7037542FA9}
		{A9FA7553-5835-4511-90C8-E39FB2B5A068} = {174BF732-EBF8-446B-8BC2-416D0BE0F582}
		{24DE81F4-F636-4D80-BC15-424EA17E12D1} = {174BF732-EBF8-446B-8BC2-416D0BE0F582}
		{62F61D8F-A38F-449C-8D15-52169CAF162E} = {174BF732-EBF8-446B-8BC2-416D0BE0F582}
		{3CCA3C60-20E7-461C-94B3-9B020FE278DB} = {979592F7-9C7C-4C7C-8997-99FBE1C6BFF8}
		{76448460-4DE4-45FB-B35D-076D8759614A} = {979592F7-9C7C-4C7C-8997-99FBE1C6BFF8}
		{D58DBF4E-7E5E-4FFC-B501-BBA27FC78B8D} = {979592F7-9C7C-4C7C-8997-99FBE1C6BFF8}
	EndGlobalSection
	GlobalSection(ExtensibilityGlobals) = postSolution
		SolutionGuid = {6FE19073-1D7D-4A48-B219-48B954D54A8C}
	EndGlobalSection
	GlobalSection(MonoDevelopProperties) = preSolution
		StartupItem = ..\shelldev\0guests\ferdo\IGLibShell\IGLibShell.csproj
	EndGlobalSection
EndGlobal
