Microsoft Visual Studio Solution File, Format Version 12.00
# Visual Studio 14
VisualStudioVersion = 14.0.23107.0
MinimumVisualStudioVersion = 10.0.40219.1
Project("{2150E333-8FDC-42A3-9474-1A3956D46DE8}") = "igform", "igform", "{AB171025-B889-4642-80FE-4CD71C78437A}"
EndProject
Project("{2150E333-8FDC-42A3-9474-1A3956D46DE8}") = "igform01", "igform01", "{7C64EC04-1138-4DD6-9ED8-8B94842E43C1}"
EndProject
Project("{FAE04EC0-301F-11D3-BF4B-00C04F79EFBC}") = "igform", "Backup\igforms\igform.csproj", "{50235FC8-A69D-47AE-A557-6518B35CC7C9}"
EndProject
Project("{FAE04EC0-301F-11D3-BF4B-00C04F79EFBC}") = "igform", "Backup\igforms01\igform.csproj", "{FE577B07-A118-44F1-A155-60289BD0979C}"
EndProject
Project("{2150E333-8FDC-42A3-9474-1A3956D46DE8}") = "igformOthers", "igformOthers", "{B3FBCBD2-8D8E-4CFB-92DA-2161595F0918}"
EndProject
Project("{FAE04EC0-301F-11D3-BF4B-00C04F79EFBC}") = "igformNotRewritten", "Backup\igformNotRewritten\igformNotRewritten.csproj", "{61ECA703-CA15-4217-9009-FBB6BE65A8EB}"
EndProject
Project("{2150E333-8FDC-42A3-9474-1A3956D46DE8}") = "ORIGINAL_igform", "ORIGINAL_igform", "{13F45EA2-D372-46FD-9862-AB470BFB6920}"
EndProject
Project("{FAE04EC0-301F-11D3-BF4B-00C04F79EFBC}") = "igform", "..\iglib\igforms\igform.csproj", "{E1BF8865-EB82-42E7-9CC5-6A9A1205184F}"
EndProject
Project("{2150E333-8FDC-42A3-9474-1A3956D46DE8}") = "On_d_backups_igform", "On_d_backups_igform", "{FD0A1B35-669E-4118-8E3C-AB6F2F43FEFD}"
EndProject
Project("{FAE04EC0-301F-11D3-BF4B-00C04F79EFBC}") = "igform", "D:\backups_z\ws\workspace\base\iglib\igforms\igform.csproj", "{C0C1AE29-546A-4BF0-9F50-DED7B3D0E42B}"
EndProject
Global
	GlobalSection(SolutionConfigurationPlatforms) = preSolution
		Debug|Any CPU = Debug|Any CPU
		Debug|x86 = Debug|x86
		Release|Any CPU = Release|Any CPU
		Release|x86 = Release|x86
	EndGlobalSection
	GlobalSection(ProjectConfigurationPlatforms) = postSolution
		{50235FC8-A69D-47AE-A557-6518B35CC7C9}.Debug|Any CPU.ActiveCfg = Debug|Any CPU
		{50235FC8-A69D-47AE-A557-6518B35CC7C9}.Debug|Any CPU.Build.0 = Debug|Any CPU
		{50235FC8-A69D-47AE-A557-6518B35CC7C9}.Debug|x86.ActiveCfg = Debug|x86
		{50235FC8-A69D-47AE-A557-6518B35CC7C9}.Debug|x86.Build.0 = Debug|x86
		{50235FC8-A69D-47AE-A557-6518B35CC7C9}.Release|Any CPU.ActiveCfg = Release|Any CPU
		{50235FC8-A69D-47AE-A557-6518B35CC7C9}.Release|Any CPU.Build.0 = Release|Any CPU
		{50235FC8-A69D-47AE-A557-6518B35CC7C9}.Release|x86.ActiveCfg = Release|x86
		{50235FC8-A69D-47AE-A557-6518B35CC7C9}.Release|x86.Build.0 = Release|x86
		{FE577B07-A118-44F1-A155-60289BD0979C}.Debug|Any CPU.ActiveCfg = Debug|Any CPU
		{FE577B07-A118-44F1-A155-60289BD0979C}.Debug|Any CPU.Build.0 = Debug|Any CPU
		{FE577B07-A118-44F1-A155-60289BD0979C}.Debug|x86.ActiveCfg = Debug|x86
		{FE577B07-A118-44F1-A155-60289BD0979C}.Debug|x86.Build.0 = Debug|x86
		{FE577B07-A118-44F1-A155-60289BD0979C}.Release|Any CPU.ActiveCfg = Release|Any CPU
		{FE577B07-A118-44F1-A155-60289BD0979C}.Release|Any CPU.Build.0 = Release|Any CPU
		{FE577B07-A118-44F1-A155-60289BD0979C}.Release|x86.ActiveCfg = Release|x86
		{FE577B07-A118-44F1-A155-60289BD0979C}.Release|x86.Build.0 = Release|x86
		{61ECA703-CA15-4217-9009-FBB6BE65A8EB}.Debug|Any CPU.ActiveCfg = Debug|Any CPU
		{61ECA703-CA15-4217-9009-FBB6BE65A8EB}.Debug|Any CPU.Build.0 = Debug|Any CPU
		{61ECA703-CA15-4217-9009-FBB6BE65A8EB}.Debug|x86.ActiveCfg = Debug|x86
		{61ECA703-CA15-4217-9009-FBB6BE65A8EB}.Debug|x86.Build.0 = Debug|x86
		{61ECA703-CA15-4217-9009-FBB6BE65A8EB}.Release|Any CPU.ActiveCfg = Release|Any CPU
		{61ECA703-CA15-4217-9009-FBB6BE65A8EB}.Release|Any CPU.Build.0 = Release|Any CPU
		{61ECA703-CA15-4217-9009-FBB6BE65A8EB}.Release|x86.ActiveCfg = Release|x86
		{61ECA703-CA15-4217-9009-FBB6BE65A8EB}.Release|x86.Build.0 = Release|x86
		{E1BF8865-EB82-42E7-9CC5-6A9A1205184F}.Debug|Any CPU.ActiveCfg = Debug|Any CPU
		{E1BF8865-EB82-42E7-9CC5-6A9A1205184F}.Debug|Any CPU.Build.0 = Debug|Any CPU
		{E1BF8865-EB82-42E7-9CC5-6A9A1205184F}.Debug|x86.ActiveCfg = Debug|x86
		{E1BF8865-EB82-42E7-9CC5-6A9A1205184F}.Debug|x86.Build.0 = Debug|x86
		{E1BF8865-EB82-42E7-9CC5-6A9A1205184F}.Release|Any CPU.ActiveCfg = Release|Any CPU
		{E1BF8865-EB82-42E7-9CC5-6A9A1205184F}.Release|Any CPU.Build.0 = Release|Any CPU
		{E1BF8865-EB82-42E7-9CC5-6A9A1205184F}.Release|x86.ActiveCfg = Release|x86
		{E1BF8865-EB82-42E7-9CC5-6A9A1205184F}.Release|x86.Build.0 = Release|x86
		{C0C1AE29-546A-4BF0-9F50-DED7B3D0E42B}.Debug|Any CPU.ActiveCfg = Debug|Any CPU
		{C0C1AE29-546A-4BF0-9F50-DED7B3D0E42B}.Debug|Any CPU.Build.0 = Debug|Any CPU
		{C0C1AE29-546A-4BF0-9F50-DED7B3D0E42B}.Debug|x86.ActiveCfg = Debug|x86
		{C0C1AE29-546A-4BF0-9F50-DED7B3D0E42B}.Debug|x86.Build.0 = Debug|x86
		{C0C1AE29-546A-4BF0-9F50-DED7B3D0E42B}.Release|Any CPU.ActiveCfg = Release|Any CPU
		{C0C1AE29-546A-4BF0-9F50-DED7B3D0E42B}.Release|Any CPU.Build.0 = Release|Any CPU
		{C0C1AE29-546A-4BF0-9F50-DED7B3D0E42B}.Release|x86.ActiveCfg = Release|x86
		{C0C1AE29-546A-4BF0-9F50-DED7B3D0E42B}.Release|x86.Build.0 = Release|x86
	EndGlobalSection
	GlobalSection(SolutionProperties) = preSolution
		HideSolutionNode = FALSE
	EndGlobalSection
	GlobalSection(NestedProjects) = preSolution
		{50235FC8-A69D-47AE-A557-6518B35CC7C9} = {AB171025-B889-4642-80FE-4CD71C78437A}
		{FE577B07-A118-44F1-A155-60289BD0979C} = {7C64EC04-1138-4DD6-9ED8-8B94842E43C1}
		{61ECA703-CA15-4217-9009-FBB6BE65A8EB} = {B3FBCBD2-8D8E-4CFB-92DA-2161595F0918}
		{13F45EA2-D372-46FD-9862-AB470BFB6920} = {B3FBCBD2-8D8E-4CFB-92DA-2161595F0918}
		{E1BF8865-EB82-42E7-9CC5-6A9A1205184F} = {13F45EA2-D372-46FD-9862-AB470BFB6920}
		{FD0A1B35-669E-4118-8E3C-AB6F2F43FEFD} = {B3FBCBD2-8D8E-4CFB-92DA-2161595F0918}
		{C0C1AE29-546A-4BF0-9F50-DED7B3D0E42B} = {FD0A1B35-669E-4118-8E3C-AB6F2F43FEFD}
	EndGlobalSection
EndGlobal
